
Microsoft Visual Studio Solution File, Format Version 12.00
# Visual Studio 15
VisualStudioVersion = 15.0.26430.14
MinimumVisualStudioVersion = 10.0.40219.1
Project("{FAE04EC0-301F-11D3-BF4B-00C04F79EFBC}") = "Connectivity.Plugin.iOS", "..\src\Connectivity.Plugin.iOS\Connectivity.Plugin.iOS.csproj", "{2882AEEB-D4CD-4EB9-8A6C-6653B33681F0}"
EndProject
Project("{FAE04EC0-301F-11D3-BF4B-00C04F79EFBC}") = "Connectivity.Plugin.Android", "..\src\Connectivity.Plugin.Android\Connectivity.Plugin.Android.csproj", "{56A56F17-7DE1-4CA1-9617-BF32E971AC84}"
EndProject
Project("{2150E333-8FDC-42A3-9474-1A3956D46DE8}") = "Solution Items", "Solution Items", "{3AD9C0E9-EEFA-4F86-89FB-BCFEF4D08E5E}"
	ProjectSection(SolutionItems) = preProject
		..\appveyor.yml = ..\appveyor.yml
		..\build.cake = ..\build.cake
		..\nuget\Plugin.nuspec = ..\nuget\Plugin.nuspec
		..\README.md = ..\README.md
		..\nuget\readme.txt = ..\nuget\readme.txt
		..\CHANGELOG.md = ..\CHANGELOG.md
	EndProjectSection
EndProject
Project("{FAE04EC0-301F-11D3-BF4B-00C04F79EFBC}") = "Connectivity.Plugin.UWP", "..\src\Connectivity.Plugin.UWP\Connectivity.Plugin.UWP.csproj", "{25A7B55B-93ED-4631-8587-276054F4A321}"
EndProject
Project("{FAE04EC0-301F-11D3-BF4B-00C04F79EFBC}") = "Connectivity.Plugin.Net45", "..\src\Connectivity.Plugin.Net45\Connectivity.Plugin.Net45.csproj", "{D45DEDF0-357D-455C-8189-E3DE0039CB4E}"
EndProject
Project("{2150E333-8FDC-42A3-9474-1A3956D46DE8}") = "Tests", "Tests", "{E853F1E7-AFE5-4CB6-8C00-B899B84B25F2}"
EndProject
Project("{FAE04EC0-301F-11D3-BF4B-00C04F79EFBC}") = "Connectivity.Tests.iOS", "Connectivity.Tests.iOS\Connectivity.Tests.iOS.csproj", "{5A9DAEA7-AE79-4623-AE8C-D9744EAC2ACB}"
EndProject
Project("{FAE04EC0-301F-11D3-BF4B-00C04F79EFBC}") = "Connectivity.Tests.Android", "Connectivity.Tests.Android\Connectivity.Tests.Android.csproj", "{5BF8DD60-9341-42B1-B55B-B04C48267688}"
EndProject
Project("{FAE04EC0-301F-11D3-BF4B-00C04F79EFBC}") = "ConnectivityTest", "app\ConnectivityTest\ConnectivityTest.csproj", "{94C0596E-0531-428E-8850-B955879086CC}"
EndProject
Project("{FAE04EC0-301F-11D3-BF4B-00C04F79EFBC}") = "ConnectivityTest.iOS", "app\iOS\ConnectivityTest.iOS.csproj", "{4297ABDC-8D3E-4405-889C-E5C4BCAD13E0}"
EndProject
Project("{FAE04EC0-301F-11D3-BF4B-00C04F79EFBC}") = "ConnectivityTest.Droid", "app\Droid\ConnectivityTest.Droid.csproj", "{20669D8A-D8C2-4B05-9A99-98A1F07D41F1}"
EndProject
Project("{2150E333-8FDC-42A3-9474-1A3956D46DE8}") = "TestApp", "TestApp", "{689A8AA0-A45A-4478-8987-5A17BE9DBB36}"
EndProject
Project("{FAE04EC0-301F-11D3-BF4B-00C04F79EFBC}") = "ConnectivyTest.Net45", "ConnectivyTest.Net45\ConnectivyTest.Net45.csproj", "{83D5765B-FCE4-4C52-B449-28F3A3BFF1F6}"
EndProject
Project("{D954291E-2A0B-460D-934E-DC6B0785DB48}") = "Connectivity.Plugin.Shared.Apple", "..\src\Connectivity.Plugin.Shared.Apple\Connectivity.Plugin.Shared.Apple.shproj", "{B302BD77-2E10-4889-876A-2589AA1BDB67}"
EndProject
Project("{FAE04EC0-301F-11D3-BF4B-00C04F79EFBC}") = "Connectivity.Plugin", "..\src\Connectivity.Plugin\Connectivity.Plugin.csproj", "{4C6B4247-169D-4144-AFC8-34B27C07450E}"
EndProject
Project("{FAE04EC0-301F-11D3-BF4B-00C04F79EFBC}") = "Connectivity.Plugin.Abstractions", "..\src\Connectivity.Plugin.Abstractions\Connectivity.Plugin.Abstractions.csproj", "{503C3C83-390A-48EF-845C-DF4C928CB4A9}"
EndProject
Project("{FAE04EC0-301F-11D3-BF4B-00C04F79EFBC}") = "ConnectivityTest.UWP", "ConnectivityTest.UWP\ConnectivityTest.UWP.csproj", "{0D8B14E6-6ABB-4831-A5F2-2FAE6011CFC0}"
EndProject
Global
	GlobalSection(SharedMSBuildProjectFiles) = preSolution
		..\src\Connectivity.Plugin.Shared.Apple\Connectivity.Plugin.Shared.Apple.projitems*{2882aeeb-d4cd-4eb9-8a6c-6653b33681f0}*SharedItemsImports = 4
		..\src\Connectivity.Plugin.Shared.Apple\Connectivity.Plugin.Shared.Apple.projitems*{4297abdc-8d3e-4405-889c-e5c4bcad13e0}*SharedItemsImports = 4
		..\src\Connectivity.Plugin.Shared.Apple\Connectivity.Plugin.Shared.Apple.projitems*{5a9daea7-ae79-4623-ae8c-d9744eac2acb}*SharedItemsImports = 4
		..\src\Connectivity.Plugin.Shared.Apple\Connectivity.Plugin.Shared.Apple.projitems*{b302bd77-2e10-4889-876a-2589aa1bdb67}*SharedItemsImports = 13
	EndGlobalSection
	GlobalSection(SolutionConfigurationPlatforms) = preSolution
		Ad-Hoc|Any CPU = Ad-Hoc|Any CPU
		Ad-Hoc|ARM = Ad-Hoc|ARM
		Ad-Hoc|iPhone = Ad-Hoc|iPhone
		Ad-Hoc|iPhoneSimulator = Ad-Hoc|iPhoneSimulator
		Ad-Hoc|Mixed Platforms = Ad-Hoc|Mixed Platforms
		Ad-Hoc|x64 = Ad-Hoc|x64
		Ad-Hoc|x86 = Ad-Hoc|x86
		AppStore|Any CPU = AppStore|Any CPU
		AppStore|ARM = AppStore|ARM
		AppStore|iPhone = AppStore|iPhone
		AppStore|iPhoneSimulator = AppStore|iPhoneSimulator
		AppStore|Mixed Platforms = AppStore|Mixed Platforms
		AppStore|x64 = AppStore|x64
		AppStore|x86 = AppStore|x86
		Debug|Any CPU = Debug|Any CPU
		Debug|ARM = Debug|ARM
		Debug|iPhone = Debug|iPhone
		Debug|iPhoneSimulator = Debug|iPhoneSimulator
		Debug|Mixed Platforms = Debug|Mixed Platforms
		Debug|x64 = Debug|x64
		Debug|x86 = Debug|x86
		Release|Any CPU = Release|Any CPU
		Release|ARM = Release|ARM
		Release|iPhone = Release|iPhone
		Release|iPhoneSimulator = Release|iPhoneSimulator
		Release|Mixed Platforms = Release|Mixed Platforms
		Release|x64 = Release|x64
		Release|x86 = Release|x86
	EndGlobalSection
	GlobalSection(ProjectConfigurationPlatforms) = postSolution
		{2882AEEB-D4CD-4EB9-8A6C-6653B33681F0}.Ad-Hoc|Any CPU.ActiveCfg = Release|Any CPU
		{2882AEEB-D4CD-4EB9-8A6C-6653B33681F0}.Ad-Hoc|Any CPU.Build.0 = Release|Any CPU
		{2882AEEB-D4CD-4EB9-8A6C-6653B33681F0}.Ad-Hoc|ARM.ActiveCfg = Release|Any CPU
		{2882AEEB-D4CD-4EB9-8A6C-6653B33681F0}.Ad-Hoc|iPhone.ActiveCfg = Release|Any CPU
		{2882AEEB-D4CD-4EB9-8A6C-6653B33681F0}.Ad-Hoc|iPhoneSimulator.ActiveCfg = Release|Any CPU
		{2882AEEB-D4CD-4EB9-8A6C-6653B33681F0}.Ad-Hoc|Mixed Platforms.ActiveCfg = Release|Any CPU
		{2882AEEB-D4CD-4EB9-8A6C-6653B33681F0}.Ad-Hoc|Mixed Platforms.Build.0 = Release|Any CPU
		{2882AEEB-D4CD-4EB9-8A6C-6653B33681F0}.Ad-Hoc|x64.ActiveCfg = Release|Any CPU
		{2882AEEB-D4CD-4EB9-8A6C-6653B33681F0}.Ad-Hoc|x86.ActiveCfg = Release|Any CPU
		{2882AEEB-D4CD-4EB9-8A6C-6653B33681F0}.AppStore|Any CPU.ActiveCfg = Release|Any CPU
		{2882AEEB-D4CD-4EB9-8A6C-6653B33681F0}.AppStore|Any CPU.Build.0 = Release|Any CPU
		{2882AEEB-D4CD-4EB9-8A6C-6653B33681F0}.AppStore|ARM.ActiveCfg = Release|Any CPU
		{2882AEEB-D4CD-4EB9-8A6C-6653B33681F0}.AppStore|iPhone.ActiveCfg = Release|Any CPU
		{2882AEEB-D4CD-4EB9-8A6C-6653B33681F0}.AppStore|iPhoneSimulator.ActiveCfg = Release|Any CPU
		{2882AEEB-D4CD-4EB9-8A6C-6653B33681F0}.AppStore|Mixed Platforms.ActiveCfg = Release|Any CPU
		{2882AEEB-D4CD-4EB9-8A6C-6653B33681F0}.AppStore|Mixed Platforms.Build.0 = Release|Any CPU
		{2882AEEB-D4CD-4EB9-8A6C-6653B33681F0}.AppStore|x64.ActiveCfg = Release|Any CPU
		{2882AEEB-D4CD-4EB9-8A6C-6653B33681F0}.AppStore|x86.ActiveCfg = Release|Any CPU
		{2882AEEB-D4CD-4EB9-8A6C-6653B33681F0}.Debug|Any CPU.ActiveCfg = Debug|Any CPU
		{2882AEEB-D4CD-4EB9-8A6C-6653B33681F0}.Debug|Any CPU.Build.0 = Debug|Any CPU
		{2882AEEB-D4CD-4EB9-8A6C-6653B33681F0}.Debug|ARM.ActiveCfg = Debug|Any CPU
		{2882AEEB-D4CD-4EB9-8A6C-6653B33681F0}.Debug|iPhone.ActiveCfg = Debug|Any CPU
		{2882AEEB-D4CD-4EB9-8A6C-6653B33681F0}.Debug|iPhone.Build.0 = Debug|Any CPU
		{2882AEEB-D4CD-4EB9-8A6C-6653B33681F0}.Debug|iPhoneSimulator.ActiveCfg = Debug|Any CPU
		{2882AEEB-D4CD-4EB9-8A6C-6653B33681F0}.Debug|iPhoneSimulator.Build.0 = Debug|Any CPU
		{2882AEEB-D4CD-4EB9-8A6C-6653B33681F0}.Debug|Mixed Platforms.ActiveCfg = Debug|Any CPU
		{2882AEEB-D4CD-4EB9-8A6C-6653B33681F0}.Debug|Mixed Platforms.Build.0 = Debug|Any CPU
		{2882AEEB-D4CD-4EB9-8A6C-6653B33681F0}.Debug|x64.ActiveCfg = Debug|Any CPU
		{2882AEEB-D4CD-4EB9-8A6C-6653B33681F0}.Debug|x86.ActiveCfg = Debug|Any CPU
		{2882AEEB-D4CD-4EB9-8A6C-6653B33681F0}.Debug|x86.Build.0 = Debug|Any CPU
		{2882AEEB-D4CD-4EB9-8A6C-6653B33681F0}.Release|Any CPU.ActiveCfg = Release|Any CPU
		{2882AEEB-D4CD-4EB9-8A6C-6653B33681F0}.Release|Any CPU.Build.0 = Release|Any CPU
		{2882AEEB-D4CD-4EB9-8A6C-6653B33681F0}.Release|ARM.ActiveCfg = Release|Any CPU
		{2882AEEB-D4CD-4EB9-8A6C-6653B33681F0}.Release|ARM.Build.0 = Release|Any CPU
		{2882AEEB-D4CD-4EB9-8A6C-6653B33681F0}.Release|iPhone.ActiveCfg = Release|Any CPU
		{2882AEEB-D4CD-4EB9-8A6C-6653B33681F0}.Release|iPhoneSimulator.ActiveCfg = Release|Any CPU
		{2882AEEB-D4CD-4EB9-8A6C-6653B33681F0}.Release|iPhoneSimulator.Build.0 = Release|Any CPU
		{2882AEEB-D4CD-4EB9-8A6C-6653B33681F0}.Release|Mixed Platforms.ActiveCfg = Release|Any CPU
		{2882AEEB-D4CD-4EB9-8A6C-6653B33681F0}.Release|Mixed Platforms.Build.0 = Release|Any CPU
		{2882AEEB-D4CD-4EB9-8A6C-6653B33681F0}.Release|x64.ActiveCfg = Release|Any CPU
		{2882AEEB-D4CD-4EB9-8A6C-6653B33681F0}.Release|x64.Build.0 = Release|Any CPU
		{2882AEEB-D4CD-4EB9-8A6C-6653B33681F0}.Release|x86.ActiveCfg = Release|Any CPU
		{2882AEEB-D4CD-4EB9-8A6C-6653B33681F0}.Release|x86.Build.0 = Release|Any CPU
		{56A56F17-7DE1-4CA1-9617-BF32E971AC84}.Ad-Hoc|Any CPU.ActiveCfg = Release|Any CPU
		{56A56F17-7DE1-4CA1-9617-BF32E971AC84}.Ad-Hoc|Any CPU.Build.0 = Release|Any CPU
		{56A56F17-7DE1-4CA1-9617-BF32E971AC84}.Ad-Hoc|ARM.ActiveCfg = Release|Any CPU
		{56A56F17-7DE1-4CA1-9617-BF32E971AC84}.Ad-Hoc|iPhone.ActiveCfg = Release|Any CPU
		{56A56F17-7DE1-4CA1-9617-BF32E971AC84}.Ad-Hoc|iPhoneSimulator.ActiveCfg = Release|Any CPU
		{56A56F17-7DE1-4CA1-9617-BF32E971AC84}.Ad-Hoc|Mixed Platforms.ActiveCfg = Release|Any CPU
		{56A56F17-7DE1-4CA1-9617-BF32E971AC84}.Ad-Hoc|Mixed Platforms.Build.0 = Release|Any CPU
		{56A56F17-7DE1-4CA1-9617-BF32E971AC84}.Ad-Hoc|x64.ActiveCfg = Release|Any CPU
		{56A56F17-7DE1-4CA1-9617-BF32E971AC84}.Ad-Hoc|x86.ActiveCfg = Release|Any CPU
		{56A56F17-7DE1-4CA1-9617-BF32E971AC84}.AppStore|Any CPU.ActiveCfg = Release|Any CPU
		{56A56F17-7DE1-4CA1-9617-BF32E971AC84}.AppStore|Any CPU.Build.0 = Release|Any CPU
		{56A56F17-7DE1-4CA1-9617-BF32E971AC84}.AppStore|ARM.ActiveCfg = Release|Any CPU
		{56A56F17-7DE1-4CA1-9617-BF32E971AC84}.AppStore|iPhone.ActiveCfg = Release|Any CPU
		{56A56F17-7DE1-4CA1-9617-BF32E971AC84}.AppStore|iPhoneSimulator.ActiveCfg = Release|Any CPU
		{56A56F17-7DE1-4CA1-9617-BF32E971AC84}.AppStore|Mixed Platforms.ActiveCfg = Release|Any CPU
		{56A56F17-7DE1-4CA1-9617-BF32E971AC84}.AppStore|Mixed Platforms.Build.0 = Release|Any CPU
		{56A56F17-7DE1-4CA1-9617-BF32E971AC84}.AppStore|x64.ActiveCfg = Release|Any CPU
		{56A56F17-7DE1-4CA1-9617-BF32E971AC84}.AppStore|x86.ActiveCfg = Release|Any CPU
		{56A56F17-7DE1-4CA1-9617-BF32E971AC84}.Debug|Any CPU.ActiveCfg = Debug|Any CPU
		{56A56F17-7DE1-4CA1-9617-BF32E971AC84}.Debug|Any CPU.Build.0 = Debug|Any CPU
		{56A56F17-7DE1-4CA1-9617-BF32E971AC84}.Debug|ARM.ActiveCfg = Debug|Any CPU
		{56A56F17-7DE1-4CA1-9617-BF32E971AC84}.Debug|iPhone.ActiveCfg = Debug|Any CPU
		{56A56F17-7DE1-4CA1-9617-BF32E971AC84}.Debug|iPhone.Build.0 = Debug|Any CPU
		{56A56F17-7DE1-4CA1-9617-BF32E971AC84}.Debug|iPhoneSimulator.ActiveCfg = Debug|Any CPU
		{56A56F17-7DE1-4CA1-9617-BF32E971AC84}.Debug|iPhoneSimulator.Build.0 = Debug|Any CPU
		{56A56F17-7DE1-4CA1-9617-BF32E971AC84}.Debug|Mixed Platforms.ActiveCfg = Debug|Any CPU
		{56A56F17-7DE1-4CA1-9617-BF32E971AC84}.Debug|Mixed Platforms.Build.0 = Debug|Any CPU
		{56A56F17-7DE1-4CA1-9617-BF32E971AC84}.Debug|x64.ActiveCfg = Debug|Any CPU
		{56A56F17-7DE1-4CA1-9617-BF32E971AC84}.Debug|x86.ActiveCfg = Debug|Any CPU
		{56A56F17-7DE1-4CA1-9617-BF32E971AC84}.Debug|x86.Build.0 = Debug|Any CPU
		{56A56F17-7DE1-4CA1-9617-BF32E971AC84}.Release|Any CPU.ActiveCfg = Release|Any CPU
		{56A56F17-7DE1-4CA1-9617-BF32E971AC84}.Release|Any CPU.Build.0 = Release|Any CPU
		{56A56F17-7DE1-4CA1-9617-BF32E971AC84}.Release|ARM.ActiveCfg = Release|Any CPU
		{56A56F17-7DE1-4CA1-9617-BF32E971AC84}.Release|ARM.Build.0 = Release|Any CPU
		{56A56F17-7DE1-4CA1-9617-BF32E971AC84}.Release|iPhone.ActiveCfg = Release|Any CPU
		{56A56F17-7DE1-4CA1-9617-BF32E971AC84}.Release|iPhoneSimulator.ActiveCfg = Release|Any CPU
		{56A56F17-7DE1-4CA1-9617-BF32E971AC84}.Release|iPhoneSimulator.Build.0 = Release|Any CPU
		{56A56F17-7DE1-4CA1-9617-BF32E971AC84}.Release|Mixed Platforms.ActiveCfg = Release|Any CPU
		{56A56F17-7DE1-4CA1-9617-BF32E971AC84}.Release|Mixed Platforms.Build.0 = Release|Any CPU
		{56A56F17-7DE1-4CA1-9617-BF32E971AC84}.Release|x64.ActiveCfg = Release|Any CPU
		{56A56F17-7DE1-4CA1-9617-BF32E971AC84}.Release|x64.Build.0 = Release|Any CPU
		{56A56F17-7DE1-4CA1-9617-BF32E971AC84}.Release|x86.ActiveCfg = Release|Any CPU
		{56A56F17-7DE1-4CA1-9617-BF32E971AC84}.Release|x86.Build.0 = Release|Any CPU
		{25A7B55B-93ED-4631-8587-276054F4A321}.Ad-Hoc|Any CPU.ActiveCfg = Release|Any CPU
		{25A7B55B-93ED-4631-8587-276054F4A321}.Ad-Hoc|Any CPU.Build.0 = Release|Any CPU
		{25A7B55B-93ED-4631-8587-276054F4A321}.Ad-Hoc|ARM.ActiveCfg = Release|ARM
		{25A7B55B-93ED-4631-8587-276054F4A321}.Ad-Hoc|ARM.Build.0 = Release|ARM
		{25A7B55B-93ED-4631-8587-276054F4A321}.Ad-Hoc|iPhone.ActiveCfg = Release|Any CPU
		{25A7B55B-93ED-4631-8587-276054F4A321}.Ad-Hoc|iPhone.Build.0 = Release|Any CPU
		{25A7B55B-93ED-4631-8587-276054F4A321}.Ad-Hoc|iPhoneSimulator.ActiveCfg = Release|Any CPU
		{25A7B55B-93ED-4631-8587-276054F4A321}.Ad-Hoc|iPhoneSimulator.Build.0 = Release|Any CPU
		{25A7B55B-93ED-4631-8587-276054F4A321}.Ad-Hoc|Mixed Platforms.ActiveCfg = Release|x86
		{25A7B55B-93ED-4631-8587-276054F4A321}.Ad-Hoc|Mixed Platforms.Build.0 = Release|x86
		{25A7B55B-93ED-4631-8587-276054F4A321}.Ad-Hoc|x64.ActiveCfg = Release|x64
		{25A7B55B-93ED-4631-8587-276054F4A321}.Ad-Hoc|x64.Build.0 = Release|x64
		{25A7B55B-93ED-4631-8587-276054F4A321}.Ad-Hoc|x86.ActiveCfg = Release|x86
		{25A7B55B-93ED-4631-8587-276054F4A321}.Ad-Hoc|x86.Build.0 = Release|x86
		{25A7B55B-93ED-4631-8587-276054F4A321}.AppStore|Any CPU.ActiveCfg = Release|Any CPU
		{25A7B55B-93ED-4631-8587-276054F4A321}.AppStore|Any CPU.Build.0 = Release|Any CPU
		{25A7B55B-93ED-4631-8587-276054F4A321}.AppStore|ARM.ActiveCfg = Release|ARM
		{25A7B55B-93ED-4631-8587-276054F4A321}.AppStore|ARM.Build.0 = Release|ARM
		{25A7B55B-93ED-4631-8587-276054F4A321}.AppStore|iPhone.ActiveCfg = Release|Any CPU
		{25A7B55B-93ED-4631-8587-276054F4A321}.AppStore|iPhone.Build.0 = Release|Any CPU
		{25A7B55B-93ED-4631-8587-276054F4A321}.AppStore|iPhoneSimulator.ActiveCfg = Release|Any CPU
		{25A7B55B-93ED-4631-8587-276054F4A321}.AppStore|iPhoneSimulator.Build.0 = Release|Any CPU
		{25A7B55B-93ED-4631-8587-276054F4A321}.AppStore|Mixed Platforms.ActiveCfg = Release|x86
		{25A7B55B-93ED-4631-8587-276054F4A321}.AppStore|Mixed Platforms.Build.0 = Release|x86
		{25A7B55B-93ED-4631-8587-276054F4A321}.AppStore|x64.ActiveCfg = Release|x64
		{25A7B55B-93ED-4631-8587-276054F4A321}.AppStore|x64.Build.0 = Release|x64
		{25A7B55B-93ED-4631-8587-276054F4A321}.AppStore|x86.ActiveCfg = Release|x86
		{25A7B55B-93ED-4631-8587-276054F4A321}.AppStore|x86.Build.0 = Release|x86
		{25A7B55B-93ED-4631-8587-276054F4A321}.Debug|Any CPU.ActiveCfg = Debug|Any CPU
		{25A7B55B-93ED-4631-8587-276054F4A321}.Debug|Any CPU.Build.0 = Debug|Any CPU
		{25A7B55B-93ED-4631-8587-276054F4A321}.Debug|ARM.ActiveCfg = Debug|ARM
		{25A7B55B-93ED-4631-8587-276054F4A321}.Debug|ARM.Build.0 = Debug|ARM
		{25A7B55B-93ED-4631-8587-276054F4A321}.Debug|iPhone.ActiveCfg = Debug|Any CPU
		{25A7B55B-93ED-4631-8587-276054F4A321}.Debug|iPhone.Build.0 = Debug|Any CPU
		{25A7B55B-93ED-4631-8587-276054F4A321}.Debug|iPhoneSimulator.ActiveCfg = Debug|Any CPU
		{25A7B55B-93ED-4631-8587-276054F4A321}.Debug|iPhoneSimulator.Build.0 = Debug|Any CPU
		{25A7B55B-93ED-4631-8587-276054F4A321}.Debug|Mixed Platforms.ActiveCfg = Debug|x86
		{25A7B55B-93ED-4631-8587-276054F4A321}.Debug|Mixed Platforms.Build.0 = Debug|x86
		{25A7B55B-93ED-4631-8587-276054F4A321}.Debug|x64.ActiveCfg = Debug|x64
		{25A7B55B-93ED-4631-8587-276054F4A321}.Debug|x64.Build.0 = Debug|x64
		{25A7B55B-93ED-4631-8587-276054F4A321}.Debug|x86.ActiveCfg = Debug|x86
		{25A7B55B-93ED-4631-8587-276054F4A321}.Debug|x86.Build.0 = Debug|x86
		{25A7B55B-93ED-4631-8587-276054F4A321}.Release|Any CPU.ActiveCfg = Release|Any CPU
		{25A7B55B-93ED-4631-8587-276054F4A321}.Release|Any CPU.Build.0 = Release|Any CPU
		{25A7B55B-93ED-4631-8587-276054F4A321}.Release|ARM.ActiveCfg = Release|ARM
		{25A7B55B-93ED-4631-8587-276054F4A321}.Release|ARM.Build.0 = Release|ARM
		{25A7B55B-93ED-4631-8587-276054F4A321}.Release|iPhone.ActiveCfg = Release|Any CPU
		{25A7B55B-93ED-4631-8587-276054F4A321}.Release|iPhone.Build.0 = Release|Any CPU
		{25A7B55B-93ED-4631-8587-276054F4A321}.Release|iPhoneSimulator.ActiveCfg = Release|Any CPU
		{25A7B55B-93ED-4631-8587-276054F4A321}.Release|iPhoneSimulator.Build.0 = Release|Any CPU
		{25A7B55B-93ED-4631-8587-276054F4A321}.Release|Mixed Platforms.ActiveCfg = Release|x86
		{25A7B55B-93ED-4631-8587-276054F4A321}.Release|Mixed Platforms.Build.0 = Release|x86
		{25A7B55B-93ED-4631-8587-276054F4A321}.Release|x64.ActiveCfg = Release|x64
		{25A7B55B-93ED-4631-8587-276054F4A321}.Release|x64.Build.0 = Release|x64
		{25A7B55B-93ED-4631-8587-276054F4A321}.Release|x86.ActiveCfg = Release|x86
		{25A7B55B-93ED-4631-8587-276054F4A321}.Release|x86.Build.0 = Release|x86
		{D45DEDF0-357D-455C-8189-E3DE0039CB4E}.Ad-Hoc|Any CPU.ActiveCfg = Release|Any CPU
		{D45DEDF0-357D-455C-8189-E3DE0039CB4E}.Ad-Hoc|Any CPU.Build.0 = Release|Any CPU
		{D45DEDF0-357D-455C-8189-E3DE0039CB4E}.Ad-Hoc|ARM.ActiveCfg = Release|Any CPU
		{D45DEDF0-357D-455C-8189-E3DE0039CB4E}.Ad-Hoc|ARM.Build.0 = Release|Any CPU
		{D45DEDF0-357D-455C-8189-E3DE0039CB4E}.Ad-Hoc|iPhone.ActiveCfg = Release|Any CPU
		{D45DEDF0-357D-455C-8189-E3DE0039CB4E}.Ad-Hoc|iPhone.Build.0 = Release|Any CPU
		{D45DEDF0-357D-455C-8189-E3DE0039CB4E}.Ad-Hoc|iPhoneSimulator.ActiveCfg = Release|Any CPU
		{D45DEDF0-357D-455C-8189-E3DE0039CB4E}.Ad-Hoc|iPhoneSimulator.Build.0 = Release|Any CPU
		{D45DEDF0-357D-455C-8189-E3DE0039CB4E}.Ad-Hoc|Mixed Platforms.ActiveCfg = Release|Any CPU
		{D45DEDF0-357D-455C-8189-E3DE0039CB4E}.Ad-Hoc|Mixed Platforms.Build.0 = Release|Any CPU
		{D45DEDF0-357D-455C-8189-E3DE0039CB4E}.Ad-Hoc|x64.ActiveCfg = Release|Any CPU
		{D45DEDF0-357D-455C-8189-E3DE0039CB4E}.Ad-Hoc|x64.Build.0 = Release|Any CPU
		{D45DEDF0-357D-455C-8189-E3DE0039CB4E}.Ad-Hoc|x86.ActiveCfg = Release|Any CPU
		{D45DEDF0-357D-455C-8189-E3DE0039CB4E}.Ad-Hoc|x86.Build.0 = Release|Any CPU
		{D45DEDF0-357D-455C-8189-E3DE0039CB4E}.AppStore|Any CPU.ActiveCfg = Release|Any CPU
		{D45DEDF0-357D-455C-8189-E3DE0039CB4E}.AppStore|Any CPU.Build.0 = Release|Any CPU
		{D45DEDF0-357D-455C-8189-E3DE0039CB4E}.AppStore|ARM.ActiveCfg = Release|Any CPU
		{D45DEDF0-357D-455C-8189-E3DE0039CB4E}.AppStore|ARM.Build.0 = Release|Any CPU
		{D45DEDF0-357D-455C-8189-E3DE0039CB4E}.AppStore|iPhone.ActiveCfg = Release|Any CPU
		{D45DEDF0-357D-455C-8189-E3DE0039CB4E}.AppStore|iPhone.Build.0 = Release|Any CPU
		{D45DEDF0-357D-455C-8189-E3DE0039CB4E}.AppStore|iPhoneSimulator.ActiveCfg = Release|Any CPU
		{D45DEDF0-357D-455C-8189-E3DE0039CB4E}.AppStore|iPhoneSimulator.Build.0 = Release|Any CPU
		{D45DEDF0-357D-455C-8189-E3DE0039CB4E}.AppStore|Mixed Platforms.ActiveCfg = Release|Any CPU
		{D45DEDF0-357D-455C-8189-E3DE0039CB4E}.AppStore|Mixed Platforms.Build.0 = Release|Any CPU
		{D45DEDF0-357D-455C-8189-E3DE0039CB4E}.AppStore|x64.ActiveCfg = Release|Any CPU
		{D45DEDF0-357D-455C-8189-E3DE0039CB4E}.AppStore|x64.Build.0 = Release|Any CPU
		{D45DEDF0-357D-455C-8189-E3DE0039CB4E}.AppStore|x86.ActiveCfg = Release|Any CPU
		{D45DEDF0-357D-455C-8189-E3DE0039CB4E}.AppStore|x86.Build.0 = Release|Any CPU
		{D45DEDF0-357D-455C-8189-E3DE0039CB4E}.Debug|Any CPU.ActiveCfg = Debug|Any CPU
		{D45DEDF0-357D-455C-8189-E3DE0039CB4E}.Debug|Any CPU.Build.0 = Debug|Any CPU
		{D45DEDF0-357D-455C-8189-E3DE0039CB4E}.Debug|ARM.ActiveCfg = Debug|Any CPU
		{D45DEDF0-357D-455C-8189-E3DE0039CB4E}.Debug|ARM.Build.0 = Debug|Any CPU
		{D45DEDF0-357D-455C-8189-E3DE0039CB4E}.Debug|iPhone.ActiveCfg = Debug|Any CPU
		{D45DEDF0-357D-455C-8189-E3DE0039CB4E}.Debug|iPhone.Build.0 = Debug|Any CPU
		{D45DEDF0-357D-455C-8189-E3DE0039CB4E}.Debug|iPhoneSimulator.ActiveCfg = Debug|Any CPU
		{D45DEDF0-357D-455C-8189-E3DE0039CB4E}.Debug|iPhoneSimulator.Build.0 = Debug|Any CPU
		{D45DEDF0-357D-455C-8189-E3DE0039CB4E}.Debug|Mixed Platforms.ActiveCfg = Debug|Any CPU
		{D45DEDF0-357D-455C-8189-E3DE0039CB4E}.Debug|Mixed Platforms.Build.0 = Debug|Any CPU
		{D45DEDF0-357D-455C-8189-E3DE0039CB4E}.Debug|x64.ActiveCfg = Debug|Any CPU
		{D45DEDF0-357D-455C-8189-E3DE0039CB4E}.Debug|x64.Build.0 = Debug|Any CPU
		{D45DEDF0-357D-455C-8189-E3DE0039CB4E}.Debug|x86.ActiveCfg = Debug|Any CPU
		{D45DEDF0-357D-455C-8189-E3DE0039CB4E}.Debug|x86.Build.0 = Debug|Any CPU
		{D45DEDF0-357D-455C-8189-E3DE0039CB4E}.Release|Any CPU.ActiveCfg = Release|Any CPU
		{D45DEDF0-357D-455C-8189-E3DE0039CB4E}.Release|Any CPU.Build.0 = Release|Any CPU
		{D45DEDF0-357D-455C-8189-E3DE0039CB4E}.Release|ARM.ActiveCfg = Release|Any CPU
		{D45DEDF0-357D-455C-8189-E3DE0039CB4E}.Release|ARM.Build.0 = Release|Any CPU
		{D45DEDF0-357D-455C-8189-E3DE0039CB4E}.Release|iPhone.ActiveCfg = Release|Any CPU
		{D45DEDF0-357D-455C-8189-E3DE0039CB4E}.Release|iPhone.Build.0 = Release|Any CPU
		{D45DEDF0-357D-455C-8189-E3DE0039CB4E}.Release|iPhoneSimulator.ActiveCfg = Release|Any CPU
		{D45DEDF0-357D-455C-8189-E3DE0039CB4E}.Release|iPhoneSimulator.Build.0 = Release|Any CPU
		{D45DEDF0-357D-455C-8189-E3DE0039CB4E}.Release|Mixed Platforms.ActiveCfg = Release|Any CPU
		{D45DEDF0-357D-455C-8189-E3DE0039CB4E}.Release|Mixed Platforms.Build.0 = Release|Any CPU
		{D45DEDF0-357D-455C-8189-E3DE0039CB4E}.Release|x64.ActiveCfg = Release|Any CPU
		{D45DEDF0-357D-455C-8189-E3DE0039CB4E}.Release|x64.Build.0 = Release|Any CPU
		{D45DEDF0-357D-455C-8189-E3DE0039CB4E}.Release|x86.ActiveCfg = Release|Any CPU
		{D45DEDF0-357D-455C-8189-E3DE0039CB4E}.Release|x86.Build.0 = Release|Any CPU
		{5A9DAEA7-AE79-4623-AE8C-D9744EAC2ACB}.Ad-Hoc|Any CPU.ActiveCfg = Ad-Hoc|iPhone
		{5A9DAEA7-AE79-4623-AE8C-D9744EAC2ACB}.Ad-Hoc|ARM.ActiveCfg = Ad-Hoc|iPhone
		{5A9DAEA7-AE79-4623-AE8C-D9744EAC2ACB}.Ad-Hoc|iPhone.ActiveCfg = Ad-Hoc|iPhone
		{5A9DAEA7-AE79-4623-AE8C-D9744EAC2ACB}.Ad-Hoc|iPhone.Build.0 = Ad-Hoc|iPhone
		{5A9DAEA7-AE79-4623-AE8C-D9744EAC2ACB}.Ad-Hoc|iPhoneSimulator.ActiveCfg = Ad-Hoc|iPhoneSimulator
		{5A9DAEA7-AE79-4623-AE8C-D9744EAC2ACB}.Ad-Hoc|iPhoneSimulator.Build.0 = Ad-Hoc|iPhoneSimulator
		{5A9DAEA7-AE79-4623-AE8C-D9744EAC2ACB}.Ad-Hoc|Mixed Platforms.ActiveCfg = Ad-Hoc|iPhone
		{5A9DAEA7-AE79-4623-AE8C-D9744EAC2ACB}.Ad-Hoc|Mixed Platforms.Build.0 = Ad-Hoc|iPhone
		{5A9DAEA7-AE79-4623-AE8C-D9744EAC2ACB}.Ad-Hoc|x64.ActiveCfg = Ad-Hoc|iPhone
		{5A9DAEA7-AE79-4623-AE8C-D9744EAC2ACB}.Ad-Hoc|x86.ActiveCfg = Ad-Hoc|iPhone
		{5A9DAEA7-AE79-4623-AE8C-D9744EAC2ACB}.AppStore|Any CPU.ActiveCfg = AppStore|iPhone
		{5A9DAEA7-AE79-4623-AE8C-D9744EAC2ACB}.AppStore|ARM.ActiveCfg = AppStore|iPhone
		{5A9DAEA7-AE79-4623-AE8C-D9744EAC2ACB}.AppStore|iPhone.ActiveCfg = AppStore|iPhone
		{5A9DAEA7-AE79-4623-AE8C-D9744EAC2ACB}.AppStore|iPhone.Build.0 = AppStore|iPhone
		{5A9DAEA7-AE79-4623-AE8C-D9744EAC2ACB}.AppStore|iPhoneSimulator.ActiveCfg = AppStore|iPhoneSimulator
		{5A9DAEA7-AE79-4623-AE8C-D9744EAC2ACB}.AppStore|iPhoneSimulator.Build.0 = AppStore|iPhoneSimulator
		{5A9DAEA7-AE79-4623-AE8C-D9744EAC2ACB}.AppStore|Mixed Platforms.ActiveCfg = AppStore|iPhone
		{5A9DAEA7-AE79-4623-AE8C-D9744EAC2ACB}.AppStore|Mixed Platforms.Build.0 = AppStore|iPhone
		{5A9DAEA7-AE79-4623-AE8C-D9744EAC2ACB}.AppStore|x64.ActiveCfg = AppStore|iPhone
		{5A9DAEA7-AE79-4623-AE8C-D9744EAC2ACB}.AppStore|x86.ActiveCfg = AppStore|iPhone
		{5A9DAEA7-AE79-4623-AE8C-D9744EAC2ACB}.Debug|Any CPU.ActiveCfg = Debug|iPhoneSimulator
		{5A9DAEA7-AE79-4623-AE8C-D9744EAC2ACB}.Debug|Any CPU.Build.0 = Debug|iPhoneSimulator
		{5A9DAEA7-AE79-4623-AE8C-D9744EAC2ACB}.Debug|ARM.ActiveCfg = Debug|iPhone
		{5A9DAEA7-AE79-4623-AE8C-D9744EAC2ACB}.Debug|iPhone.ActiveCfg = Debug|iPhone
		{5A9DAEA7-AE79-4623-AE8C-D9744EAC2ACB}.Debug|iPhone.Build.0 = Debug|iPhone
		{5A9DAEA7-AE79-4623-AE8C-D9744EAC2ACB}.Debug|iPhoneSimulator.ActiveCfg = Debug|iPhoneSimulator
		{5A9DAEA7-AE79-4623-AE8C-D9744EAC2ACB}.Debug|iPhoneSimulator.Build.0 = Debug|iPhoneSimulator
		{5A9DAEA7-AE79-4623-AE8C-D9744EAC2ACB}.Debug|Mixed Platforms.ActiveCfg = Debug|iPhoneSimulator
		{5A9DAEA7-AE79-4623-AE8C-D9744EAC2ACB}.Debug|Mixed Platforms.Build.0 = Debug|iPhoneSimulator
		{5A9DAEA7-AE79-4623-AE8C-D9744EAC2ACB}.Debug|x64.ActiveCfg = Debug|iPhone
		{5A9DAEA7-AE79-4623-AE8C-D9744EAC2ACB}.Debug|x86.ActiveCfg = Debug|iPhone
		{5A9DAEA7-AE79-4623-AE8C-D9744EAC2ACB}.Release|Any CPU.ActiveCfg = Release|iPhone
		{5A9DAEA7-AE79-4623-AE8C-D9744EAC2ACB}.Release|ARM.ActiveCfg = Release|iPhone
		{5A9DAEA7-AE79-4623-AE8C-D9744EAC2ACB}.Release|iPhone.ActiveCfg = Release|iPhone
		{5A9DAEA7-AE79-4623-AE8C-D9744EAC2ACB}.Release|iPhone.Build.0 = Release|iPhone
		{5A9DAEA7-AE79-4623-AE8C-D9744EAC2ACB}.Release|iPhoneSimulator.ActiveCfg = Release|iPhoneSimulator
		{5A9DAEA7-AE79-4623-AE8C-D9744EAC2ACB}.Release|iPhoneSimulator.Build.0 = Release|iPhoneSimulator
		{5A9DAEA7-AE79-4623-AE8C-D9744EAC2ACB}.Release|Mixed Platforms.ActiveCfg = Release|iPhone
		{5A9DAEA7-AE79-4623-AE8C-D9744EAC2ACB}.Release|Mixed Platforms.Build.0 = Release|iPhone
		{5A9DAEA7-AE79-4623-AE8C-D9744EAC2ACB}.Release|x64.ActiveCfg = Release|iPhone
		{5A9DAEA7-AE79-4623-AE8C-D9744EAC2ACB}.Release|x86.ActiveCfg = Release|iPhone
		{5BF8DD60-9341-42B1-B55B-B04C48267688}.Ad-Hoc|Any CPU.ActiveCfg = Release|Any CPU
		{5BF8DD60-9341-42B1-B55B-B04C48267688}.Ad-Hoc|Any CPU.Build.0 = Release|Any CPU
		{5BF8DD60-9341-42B1-B55B-B04C48267688}.Ad-Hoc|Any CPU.Deploy.0 = Release|Any CPU
		{5BF8DD60-9341-42B1-B55B-B04C48267688}.Ad-Hoc|ARM.ActiveCfg = Release|Any CPU
		{5BF8DD60-9341-42B1-B55B-B04C48267688}.Ad-Hoc|ARM.Build.0 = Release|Any CPU
		{5BF8DD60-9341-42B1-B55B-B04C48267688}.Ad-Hoc|ARM.Deploy.0 = Release|Any CPU
		{5BF8DD60-9341-42B1-B55B-B04C48267688}.Ad-Hoc|iPhone.ActiveCfg = Release|Any CPU
		{5BF8DD60-9341-42B1-B55B-B04C48267688}.Ad-Hoc|iPhone.Build.0 = Release|Any CPU
		{5BF8DD60-9341-42B1-B55B-B04C48267688}.Ad-Hoc|iPhone.Deploy.0 = Release|Any CPU
		{5BF8DD60-9341-42B1-B55B-B04C48267688}.Ad-Hoc|iPhoneSimulator.ActiveCfg = Release|Any CPU
		{5BF8DD60-9341-42B1-B55B-B04C48267688}.Ad-Hoc|iPhoneSimulator.Build.0 = Release|Any CPU
		{5BF8DD60-9341-42B1-B55B-B04C48267688}.Ad-Hoc|iPhoneSimulator.Deploy.0 = Release|Any CPU
		{5BF8DD60-9341-42B1-B55B-B04C48267688}.Ad-Hoc|Mixed Platforms.ActiveCfg = Release|Any CPU
		{5BF8DD60-9341-42B1-B55B-B04C48267688}.Ad-Hoc|Mixed Platforms.Build.0 = Release|Any CPU
		{5BF8DD60-9341-42B1-B55B-B04C48267688}.Ad-Hoc|Mixed Platforms.Deploy.0 = Release|Any CPU
		{5BF8DD60-9341-42B1-B55B-B04C48267688}.Ad-Hoc|x64.ActiveCfg = Release|Any CPU
		{5BF8DD60-9341-42B1-B55B-B04C48267688}.Ad-Hoc|x64.Build.0 = Release|Any CPU
		{5BF8DD60-9341-42B1-B55B-B04C48267688}.Ad-Hoc|x64.Deploy.0 = Release|Any CPU
		{5BF8DD60-9341-42B1-B55B-B04C48267688}.Ad-Hoc|x86.ActiveCfg = Release|Any CPU
		{5BF8DD60-9341-42B1-B55B-B04C48267688}.Ad-Hoc|x86.Build.0 = Release|Any CPU
		{5BF8DD60-9341-42B1-B55B-B04C48267688}.Ad-Hoc|x86.Deploy.0 = Release|Any CPU
		{5BF8DD60-9341-42B1-B55B-B04C48267688}.AppStore|Any CPU.ActiveCfg = Release|Any CPU
		{5BF8DD60-9341-42B1-B55B-B04C48267688}.AppStore|Any CPU.Build.0 = Release|Any CPU
		{5BF8DD60-9341-42B1-B55B-B04C48267688}.AppStore|Any CPU.Deploy.0 = Release|Any CPU
		{5BF8DD60-9341-42B1-B55B-B04C48267688}.AppStore|ARM.ActiveCfg = Release|Any CPU
		{5BF8DD60-9341-42B1-B55B-B04C48267688}.AppStore|ARM.Build.0 = Release|Any CPU
		{5BF8DD60-9341-42B1-B55B-B04C48267688}.AppStore|ARM.Deploy.0 = Release|Any CPU
		{5BF8DD60-9341-42B1-B55B-B04C48267688}.AppStore|iPhone.ActiveCfg = Release|Any CPU
		{5BF8DD60-9341-42B1-B55B-B04C48267688}.AppStore|iPhone.Build.0 = Release|Any CPU
		{5BF8DD60-9341-42B1-B55B-B04C48267688}.AppStore|iPhone.Deploy.0 = Release|Any CPU
		{5BF8DD60-9341-42B1-B55B-B04C48267688}.AppStore|iPhoneSimulator.ActiveCfg = Release|Any CPU
		{5BF8DD60-9341-42B1-B55B-B04C48267688}.AppStore|iPhoneSimulator.Build.0 = Release|Any CPU
		{5BF8DD60-9341-42B1-B55B-B04C48267688}.AppStore|iPhoneSimulator.Deploy.0 = Release|Any CPU
		{5BF8DD60-9341-42B1-B55B-B04C48267688}.AppStore|Mixed Platforms.ActiveCfg = Release|Any CPU
		{5BF8DD60-9341-42B1-B55B-B04C48267688}.AppStore|Mixed Platforms.Build.0 = Release|Any CPU
		{5BF8DD60-9341-42B1-B55B-B04C48267688}.AppStore|Mixed Platforms.Deploy.0 = Release|Any CPU
		{5BF8DD60-9341-42B1-B55B-B04C48267688}.AppStore|x64.ActiveCfg = Release|Any CPU
		{5BF8DD60-9341-42B1-B55B-B04C48267688}.AppStore|x64.Build.0 = Release|Any CPU
		{5BF8DD60-9341-42B1-B55B-B04C48267688}.AppStore|x64.Deploy.0 = Release|Any CPU
		{5BF8DD60-9341-42B1-B55B-B04C48267688}.AppStore|x86.ActiveCfg = Release|Any CPU
		{5BF8DD60-9341-42B1-B55B-B04C48267688}.AppStore|x86.Build.0 = Release|Any CPU
		{5BF8DD60-9341-42B1-B55B-B04C48267688}.AppStore|x86.Deploy.0 = Release|Any CPU
		{5BF8DD60-9341-42B1-B55B-B04C48267688}.Debug|Any CPU.ActiveCfg = Debug|Any CPU
		{5BF8DD60-9341-42B1-B55B-B04C48267688}.Debug|Any CPU.Build.0 = Debug|Any CPU
		{5BF8DD60-9341-42B1-B55B-B04C48267688}.Debug|Any CPU.Deploy.0 = Debug|Any CPU
		{5BF8DD60-9341-42B1-B55B-B04C48267688}.Debug|ARM.ActiveCfg = Debug|Any CPU
		{5BF8DD60-9341-42B1-B55B-B04C48267688}.Debug|ARM.Build.0 = Debug|Any CPU
		{5BF8DD60-9341-42B1-B55B-B04C48267688}.Debug|ARM.Deploy.0 = Debug|Any CPU
		{5BF8DD60-9341-42B1-B55B-B04C48267688}.Debug|iPhone.ActiveCfg = Debug|Any CPU
		{5BF8DD60-9341-42B1-B55B-B04C48267688}.Debug|iPhone.Build.0 = Debug|Any CPU
		{5BF8DD60-9341-42B1-B55B-B04C48267688}.Debug|iPhone.Deploy.0 = Debug|Any CPU
		{5BF8DD60-9341-42B1-B55B-B04C48267688}.Debug|iPhoneSimulator.ActiveCfg = Debug|Any CPU
		{5BF8DD60-9341-42B1-B55B-B04C48267688}.Debug|iPhoneSimulator.Build.0 = Debug|Any CPU
		{5BF8DD60-9341-42B1-B55B-B04C48267688}.Debug|iPhoneSimulator.Deploy.0 = Debug|Any CPU
		{5BF8DD60-9341-42B1-B55B-B04C48267688}.Debug|Mixed Platforms.ActiveCfg = Debug|Any CPU
		{5BF8DD60-9341-42B1-B55B-B04C48267688}.Debug|Mixed Platforms.Build.0 = Debug|Any CPU
		{5BF8DD60-9341-42B1-B55B-B04C48267688}.Debug|Mixed Platforms.Deploy.0 = Debug|Any CPU
		{5BF8DD60-9341-42B1-B55B-B04C48267688}.Debug|x64.ActiveCfg = Debug|Any CPU
		{5BF8DD60-9341-42B1-B55B-B04C48267688}.Debug|x64.Build.0 = Debug|Any CPU
		{5BF8DD60-9341-42B1-B55B-B04C48267688}.Debug|x64.Deploy.0 = Debug|Any CPU
		{5BF8DD60-9341-42B1-B55B-B04C48267688}.Debug|x86.ActiveCfg = Debug|Any CPU
		{5BF8DD60-9341-42B1-B55B-B04C48267688}.Debug|x86.Build.0 = Debug|Any CPU
		{5BF8DD60-9341-42B1-B55B-B04C48267688}.Debug|x86.Deploy.0 = Debug|Any CPU
		{5BF8DD60-9341-42B1-B55B-B04C48267688}.Release|Any CPU.ActiveCfg = Release|Any CPU
		{5BF8DD60-9341-42B1-B55B-B04C48267688}.Release|Any CPU.Build.0 = Release|Any CPU
		{5BF8DD60-9341-42B1-B55B-B04C48267688}.Release|Any CPU.Deploy.0 = Release|Any CPU
		{5BF8DD60-9341-42B1-B55B-B04C48267688}.Release|ARM.ActiveCfg = Release|Any CPU
		{5BF8DD60-9341-42B1-B55B-B04C48267688}.Release|ARM.Build.0 = Release|Any CPU
		{5BF8DD60-9341-42B1-B55B-B04C48267688}.Release|ARM.Deploy.0 = Release|Any CPU
		{5BF8DD60-9341-42B1-B55B-B04C48267688}.Release|iPhone.ActiveCfg = Release|Any CPU
		{5BF8DD60-9341-42B1-B55B-B04C48267688}.Release|iPhone.Build.0 = Release|Any CPU
		{5BF8DD60-9341-42B1-B55B-B04C48267688}.Release|iPhone.Deploy.0 = Release|Any CPU
		{5BF8DD60-9341-42B1-B55B-B04C48267688}.Release|iPhoneSimulator.ActiveCfg = Release|Any CPU
		{5BF8DD60-9341-42B1-B55B-B04C48267688}.Release|iPhoneSimulator.Build.0 = Release|Any CPU
		{5BF8DD60-9341-42B1-B55B-B04C48267688}.Release|iPhoneSimulator.Deploy.0 = Release|Any CPU
		{5BF8DD60-9341-42B1-B55B-B04C48267688}.Release|Mixed Platforms.ActiveCfg = Release|Any CPU
		{5BF8DD60-9341-42B1-B55B-B04C48267688}.Release|Mixed Platforms.Build.0 = Release|Any CPU
		{5BF8DD60-9341-42B1-B55B-B04C48267688}.Release|Mixed Platforms.Deploy.0 = Release|Any CPU
		{5BF8DD60-9341-42B1-B55B-B04C48267688}.Release|x64.ActiveCfg = Release|Any CPU
		{5BF8DD60-9341-42B1-B55B-B04C48267688}.Release|x64.Build.0 = Release|Any CPU
		{5BF8DD60-9341-42B1-B55B-B04C48267688}.Release|x64.Deploy.0 = Release|Any CPU
		{5BF8DD60-9341-42B1-B55B-B04C48267688}.Release|x86.ActiveCfg = Release|Any CPU
		{5BF8DD60-9341-42B1-B55B-B04C48267688}.Release|x86.Build.0 = Release|Any CPU
		{5BF8DD60-9341-42B1-B55B-B04C48267688}.Release|x86.Deploy.0 = Release|Any CPU
		{94C0596E-0531-428E-8850-B955879086CC}.Ad-Hoc|Any CPU.ActiveCfg = Release|Any CPU
		{94C0596E-0531-428E-8850-B955879086CC}.Ad-Hoc|Any CPU.Build.0 = Release|Any CPU
		{94C0596E-0531-428E-8850-B955879086CC}.Ad-Hoc|ARM.ActiveCfg = Release|Any CPU
		{94C0596E-0531-428E-8850-B955879086CC}.Ad-Hoc|ARM.Build.0 = Release|Any CPU
		{94C0596E-0531-428E-8850-B955879086CC}.Ad-Hoc|iPhone.ActiveCfg = Release|Any CPU
		{94C0596E-0531-428E-8850-B955879086CC}.Ad-Hoc|iPhone.Build.0 = Release|Any CPU
		{94C0596E-0531-428E-8850-B955879086CC}.Ad-Hoc|iPhoneSimulator.ActiveCfg = Release|Any CPU
		{94C0596E-0531-428E-8850-B955879086CC}.Ad-Hoc|iPhoneSimulator.Build.0 = Release|Any CPU
		{94C0596E-0531-428E-8850-B955879086CC}.Ad-Hoc|Mixed Platforms.ActiveCfg = Release|Any CPU
		{94C0596E-0531-428E-8850-B955879086CC}.Ad-Hoc|Mixed Platforms.Build.0 = Release|Any CPU
		{94C0596E-0531-428E-8850-B955879086CC}.Ad-Hoc|x64.ActiveCfg = Release|Any CPU
		{94C0596E-0531-428E-8850-B955879086CC}.Ad-Hoc|x64.Build.0 = Release|Any CPU
		{94C0596E-0531-428E-8850-B955879086CC}.Ad-Hoc|x86.ActiveCfg = Release|Any CPU
		{94C0596E-0531-428E-8850-B955879086CC}.Ad-Hoc|x86.Build.0 = Release|Any CPU
		{94C0596E-0531-428E-8850-B955879086CC}.AppStore|Any CPU.ActiveCfg = Release|Any CPU
		{94C0596E-0531-428E-8850-B955879086CC}.AppStore|Any CPU.Build.0 = Release|Any CPU
		{94C0596E-0531-428E-8850-B955879086CC}.AppStore|ARM.ActiveCfg = Release|Any CPU
		{94C0596E-0531-428E-8850-B955879086CC}.AppStore|ARM.Build.0 = Release|Any CPU
		{94C0596E-0531-428E-8850-B955879086CC}.AppStore|iPhone.ActiveCfg = Release|Any CPU
		{94C0596E-0531-428E-8850-B955879086CC}.AppStore|iPhone.Build.0 = Release|Any CPU
		{94C0596E-0531-428E-8850-B955879086CC}.AppStore|iPhoneSimulator.ActiveCfg = Release|Any CPU
		{94C0596E-0531-428E-8850-B955879086CC}.AppStore|iPhoneSimulator.Build.0 = Release|Any CPU
		{94C0596E-0531-428E-8850-B955879086CC}.AppStore|Mixed Platforms.ActiveCfg = Release|Any CPU
		{94C0596E-0531-428E-8850-B955879086CC}.AppStore|Mixed Platforms.Build.0 = Release|Any CPU
		{94C0596E-0531-428E-8850-B955879086CC}.AppStore|x64.ActiveCfg = Release|Any CPU
		{94C0596E-0531-428E-8850-B955879086CC}.AppStore|x64.Build.0 = Release|Any CPU
		{94C0596E-0531-428E-8850-B955879086CC}.AppStore|x86.ActiveCfg = Release|Any CPU
		{94C0596E-0531-428E-8850-B955879086CC}.AppStore|x86.Build.0 = Release|Any CPU
		{94C0596E-0531-428E-8850-B955879086CC}.Debug|Any CPU.ActiveCfg = Debug|Any CPU
		{94C0596E-0531-428E-8850-B955879086CC}.Debug|Any CPU.Build.0 = Debug|Any CPU
		{94C0596E-0531-428E-8850-B955879086CC}.Debug|ARM.ActiveCfg = Debug|Any CPU
		{94C0596E-0531-428E-8850-B955879086CC}.Debug|ARM.Build.0 = Debug|Any CPU
		{94C0596E-0531-428E-8850-B955879086CC}.Debug|iPhone.ActiveCfg = Debug|Any CPU
		{94C0596E-0531-428E-8850-B955879086CC}.Debug|iPhone.Build.0 = Debug|Any CPU
		{94C0596E-0531-428E-8850-B955879086CC}.Debug|iPhoneSimulator.ActiveCfg = Debug|Any CPU
		{94C0596E-0531-428E-8850-B955879086CC}.Debug|iPhoneSimulator.Build.0 = Debug|Any CPU
		{94C0596E-0531-428E-8850-B955879086CC}.Debug|Mixed Platforms.ActiveCfg = Debug|Any CPU
		{94C0596E-0531-428E-8850-B955879086CC}.Debug|Mixed Platforms.Build.0 = Debug|Any CPU
		{94C0596E-0531-428E-8850-B955879086CC}.Debug|x64.ActiveCfg = Debug|Any CPU
		{94C0596E-0531-428E-8850-B955879086CC}.Debug|x64.Build.0 = Debug|Any CPU
		{94C0596E-0531-428E-8850-B955879086CC}.Debug|x86.ActiveCfg = Debug|Any CPU
		{94C0596E-0531-428E-8850-B955879086CC}.Debug|x86.Build.0 = Debug|Any CPU
		{94C0596E-0531-428E-8850-B955879086CC}.Release|Any CPU.ActiveCfg = Release|Any CPU
		{94C0596E-0531-428E-8850-B955879086CC}.Release|Any CPU.Build.0 = Release|Any CPU
		{94C0596E-0531-428E-8850-B955879086CC}.Release|ARM.ActiveCfg = Release|Any CPU
		{94C0596E-0531-428E-8850-B955879086CC}.Release|ARM.Build.0 = Release|Any CPU
		{94C0596E-0531-428E-8850-B955879086CC}.Release|iPhone.ActiveCfg = Release|Any CPU
		{94C0596E-0531-428E-8850-B955879086CC}.Release|iPhone.Build.0 = Release|Any CPU
		{94C0596E-0531-428E-8850-B955879086CC}.Release|iPhoneSimulator.ActiveCfg = Release|Any CPU
		{94C0596E-0531-428E-8850-B955879086CC}.Release|iPhoneSimulator.Build.0 = Release|Any CPU
		{94C0596E-0531-428E-8850-B955879086CC}.Release|Mixed Platforms.ActiveCfg = Release|Any CPU
		{94C0596E-0531-428E-8850-B955879086CC}.Release|Mixed Platforms.Build.0 = Release|Any CPU
		{94C0596E-0531-428E-8850-B955879086CC}.Release|x64.ActiveCfg = Release|Any CPU
		{94C0596E-0531-428E-8850-B955879086CC}.Release|x64.Build.0 = Release|Any CPU
		{94C0596E-0531-428E-8850-B955879086CC}.Release|x86.ActiveCfg = Release|Any CPU
		{94C0596E-0531-428E-8850-B955879086CC}.Release|x86.Build.0 = Release|Any CPU
		{4297ABDC-8D3E-4405-889C-E5C4BCAD13E0}.Ad-Hoc|Any CPU.ActiveCfg = Release|iPhone
		{4297ABDC-8D3E-4405-889C-E5C4BCAD13E0}.Ad-Hoc|Any CPU.Build.0 = Release|iPhone
		{4297ABDC-8D3E-4405-889C-E5C4BCAD13E0}.Ad-Hoc|ARM.ActiveCfg = Release|iPhone
		{4297ABDC-8D3E-4405-889C-E5C4BCAD13E0}.Ad-Hoc|ARM.Build.0 = Release|iPhone
		{4297ABDC-8D3E-4405-889C-E5C4BCAD13E0}.Ad-Hoc|iPhone.ActiveCfg = Release|iPhone
		{4297ABDC-8D3E-4405-889C-E5C4BCAD13E0}.Ad-Hoc|iPhone.Build.0 = Release|iPhone
		{4297ABDC-8D3E-4405-889C-E5C4BCAD13E0}.Ad-Hoc|iPhoneSimulator.ActiveCfg = Release|iPhone
		{4297ABDC-8D3E-4405-889C-E5C4BCAD13E0}.Ad-Hoc|iPhoneSimulator.Build.0 = Release|iPhone
		{4297ABDC-8D3E-4405-889C-E5C4BCAD13E0}.Ad-Hoc|Mixed Platforms.ActiveCfg = Release|iPhone
		{4297ABDC-8D3E-4405-889C-E5C4BCAD13E0}.Ad-Hoc|Mixed Platforms.Build.0 = Release|iPhone
		{4297ABDC-8D3E-4405-889C-E5C4BCAD13E0}.Ad-Hoc|x64.ActiveCfg = Release|iPhone
		{4297ABDC-8D3E-4405-889C-E5C4BCAD13E0}.Ad-Hoc|x64.Build.0 = Release|iPhone
		{4297ABDC-8D3E-4405-889C-E5C4BCAD13E0}.Ad-Hoc|x86.ActiveCfg = Release|iPhone
		{4297ABDC-8D3E-4405-889C-E5C4BCAD13E0}.Ad-Hoc|x86.Build.0 = Release|iPhone
		{4297ABDC-8D3E-4405-889C-E5C4BCAD13E0}.AppStore|Any CPU.ActiveCfg = Release|iPhone
		{4297ABDC-8D3E-4405-889C-E5C4BCAD13E0}.AppStore|Any CPU.Build.0 = Release|iPhone
		{4297ABDC-8D3E-4405-889C-E5C4BCAD13E0}.AppStore|ARM.ActiveCfg = Release|iPhone
		{4297ABDC-8D3E-4405-889C-E5C4BCAD13E0}.AppStore|ARM.Build.0 = Release|iPhone
		{4297ABDC-8D3E-4405-889C-E5C4BCAD13E0}.AppStore|iPhone.ActiveCfg = Release|iPhone
		{4297ABDC-8D3E-4405-889C-E5C4BCAD13E0}.AppStore|iPhone.Build.0 = Release|iPhone
		{4297ABDC-8D3E-4405-889C-E5C4BCAD13E0}.AppStore|iPhoneSimulator.ActiveCfg = Release|iPhone
		{4297ABDC-8D3E-4405-889C-E5C4BCAD13E0}.AppStore|iPhoneSimulator.Build.0 = Release|iPhone
		{4297ABDC-8D3E-4405-889C-E5C4BCAD13E0}.AppStore|Mixed Platforms.ActiveCfg = Release|iPhone
		{4297ABDC-8D3E-4405-889C-E5C4BCAD13E0}.AppStore|Mixed Platforms.Build.0 = Release|iPhone
		{4297ABDC-8D3E-4405-889C-E5C4BCAD13E0}.AppStore|x64.ActiveCfg = Release|iPhone
		{4297ABDC-8D3E-4405-889C-E5C4BCAD13E0}.AppStore|x64.Build.0 = Release|iPhone
		{4297ABDC-8D3E-4405-889C-E5C4BCAD13E0}.AppStore|x86.ActiveCfg = Release|iPhone
		{4297ABDC-8D3E-4405-889C-E5C4BCAD13E0}.AppStore|x86.Build.0 = Release|iPhone
		{4297ABDC-8D3E-4405-889C-E5C4BCAD13E0}.Debug|Any CPU.ActiveCfg = Debug|iPhone
		{4297ABDC-8D3E-4405-889C-E5C4BCAD13E0}.Debug|Any CPU.Build.0 = Debug|iPhone
		{4297ABDC-8D3E-4405-889C-E5C4BCAD13E0}.Debug|ARM.ActiveCfg = Debug|iPhone
		{4297ABDC-8D3E-4405-889C-E5C4BCAD13E0}.Debug|ARM.Build.0 = Debug|iPhone
		{4297ABDC-8D3E-4405-889C-E5C4BCAD13E0}.Debug|iPhone.ActiveCfg = Debug|iPhone
		{4297ABDC-8D3E-4405-889C-E5C4BCAD13E0}.Debug|iPhone.Build.0 = Debug|iPhone
		{4297ABDC-8D3E-4405-889C-E5C4BCAD13E0}.Debug|iPhoneSimulator.ActiveCfg = Debug|iPhoneSimulator
		{4297ABDC-8D3E-4405-889C-E5C4BCAD13E0}.Debug|iPhoneSimulator.Build.0 = Debug|iPhoneSimulator
		{4297ABDC-8D3E-4405-889C-E5C4BCAD13E0}.Debug|Mixed Platforms.ActiveCfg = Debug|iPhone
		{4297ABDC-8D3E-4405-889C-E5C4BCAD13E0}.Debug|Mixed Platforms.Build.0 = Debug|iPhone
		{4297ABDC-8D3E-4405-889C-E5C4BCAD13E0}.Debug|x64.ActiveCfg = Debug|iPhone
		{4297ABDC-8D3E-4405-889C-E5C4BCAD13E0}.Debug|x64.Build.0 = Debug|iPhone
		{4297ABDC-8D3E-4405-889C-E5C4BCAD13E0}.Debug|x86.ActiveCfg = Debug|iPhone
		{4297ABDC-8D3E-4405-889C-E5C4BCAD13E0}.Debug|x86.Build.0 = Debug|iPhone
		{4297ABDC-8D3E-4405-889C-E5C4BCAD13E0}.Release|Any CPU.ActiveCfg = Release|iPhone
		{4297ABDC-8D3E-4405-889C-E5C4BCAD13E0}.Release|Any CPU.Build.0 = Release|iPhone
		{4297ABDC-8D3E-4405-889C-E5C4BCAD13E0}.Release|ARM.ActiveCfg = Release|iPhone
		{4297ABDC-8D3E-4405-889C-E5C4BCAD13E0}.Release|ARM.Build.0 = Release|iPhone
		{4297ABDC-8D3E-4405-889C-E5C4BCAD13E0}.Release|iPhone.ActiveCfg = Release|iPhone
		{4297ABDC-8D3E-4405-889C-E5C4BCAD13E0}.Release|iPhone.Build.0 = Release|iPhone
		{4297ABDC-8D3E-4405-889C-E5C4BCAD13E0}.Release|iPhoneSimulator.ActiveCfg = Release|iPhoneSimulator
		{4297ABDC-8D3E-4405-889C-E5C4BCAD13E0}.Release|iPhoneSimulator.Build.0 = Release|iPhoneSimulator
		{4297ABDC-8D3E-4405-889C-E5C4BCAD13E0}.Release|Mixed Platforms.ActiveCfg = Release|iPhone
		{4297ABDC-8D3E-4405-889C-E5C4BCAD13E0}.Release|Mixed Platforms.Build.0 = Release|iPhone
		{4297ABDC-8D3E-4405-889C-E5C4BCAD13E0}.Release|x64.ActiveCfg = Release|iPhone
		{4297ABDC-8D3E-4405-889C-E5C4BCAD13E0}.Release|x64.Build.0 = Release|iPhone
		{4297ABDC-8D3E-4405-889C-E5C4BCAD13E0}.Release|x86.ActiveCfg = Release|iPhone
		{4297ABDC-8D3E-4405-889C-E5C4BCAD13E0}.Release|x86.Build.0 = Release|iPhone
		{20669D8A-D8C2-4B05-9A99-98A1F07D41F1}.Ad-Hoc|Any CPU.ActiveCfg = Release|Any CPU
		{20669D8A-D8C2-4B05-9A99-98A1F07D41F1}.Ad-Hoc|Any CPU.Build.0 = Release|Any CPU
		{20669D8A-D8C2-4B05-9A99-98A1F07D41F1}.Ad-Hoc|ARM.ActiveCfg = Release|Any CPU
		{20669D8A-D8C2-4B05-9A99-98A1F07D41F1}.Ad-Hoc|ARM.Build.0 = Release|Any CPU
		{20669D8A-D8C2-4B05-9A99-98A1F07D41F1}.Ad-Hoc|iPhone.ActiveCfg = Release|Any CPU
		{20669D8A-D8C2-4B05-9A99-98A1F07D41F1}.Ad-Hoc|iPhone.Build.0 = Release|Any CPU
		{20669D8A-D8C2-4B05-9A99-98A1F07D41F1}.Ad-Hoc|iPhoneSimulator.ActiveCfg = Release|Any CPU
		{20669D8A-D8C2-4B05-9A99-98A1F07D41F1}.Ad-Hoc|iPhoneSimulator.Build.0 = Release|Any CPU
		{20669D8A-D8C2-4B05-9A99-98A1F07D41F1}.Ad-Hoc|Mixed Platforms.ActiveCfg = Release|Any CPU
		{20669D8A-D8C2-4B05-9A99-98A1F07D41F1}.Ad-Hoc|Mixed Platforms.Build.0 = Release|Any CPU
		{20669D8A-D8C2-4B05-9A99-98A1F07D41F1}.Ad-Hoc|x64.ActiveCfg = Release|Any CPU
		{20669D8A-D8C2-4B05-9A99-98A1F07D41F1}.Ad-Hoc|x64.Build.0 = Release|Any CPU
		{20669D8A-D8C2-4B05-9A99-98A1F07D41F1}.Ad-Hoc|x86.ActiveCfg = Release|Any CPU
		{20669D8A-D8C2-4B05-9A99-98A1F07D41F1}.Ad-Hoc|x86.Build.0 = Release|Any CPU
		{20669D8A-D8C2-4B05-9A99-98A1F07D41F1}.AppStore|Any CPU.ActiveCfg = Release|Any CPU
		{20669D8A-D8C2-4B05-9A99-98A1F07D41F1}.AppStore|Any CPU.Build.0 = Release|Any CPU
		{20669D8A-D8C2-4B05-9A99-98A1F07D41F1}.AppStore|ARM.ActiveCfg = Release|Any CPU
		{20669D8A-D8C2-4B05-9A99-98A1F07D41F1}.AppStore|ARM.Build.0 = Release|Any CPU
		{20669D8A-D8C2-4B05-9A99-98A1F07D41F1}.AppStore|iPhone.ActiveCfg = Release|Any CPU
		{20669D8A-D8C2-4B05-9A99-98A1F07D41F1}.AppStore|iPhone.Build.0 = Release|Any CPU
		{20669D8A-D8C2-4B05-9A99-98A1F07D41F1}.AppStore|iPhoneSimulator.ActiveCfg = Release|Any CPU
		{20669D8A-D8C2-4B05-9A99-98A1F07D41F1}.AppStore|iPhoneSimulator.Build.0 = Release|Any CPU
		{20669D8A-D8C2-4B05-9A99-98A1F07D41F1}.AppStore|Mixed Platforms.ActiveCfg = Release|Any CPU
		{20669D8A-D8C2-4B05-9A99-98A1F07D41F1}.AppStore|Mixed Platforms.Build.0 = Release|Any CPU
		{20669D8A-D8C2-4B05-9A99-98A1F07D41F1}.AppStore|x64.ActiveCfg = Release|Any CPU
		{20669D8A-D8C2-4B05-9A99-98A1F07D41F1}.AppStore|x64.Build.0 = Release|Any CPU
		{20669D8A-D8C2-4B05-9A99-98A1F07D41F1}.AppStore|x86.ActiveCfg = Release|Any CPU
		{20669D8A-D8C2-4B05-9A99-98A1F07D41F1}.AppStore|x86.Build.0 = Release|Any CPU
		{20669D8A-D8C2-4B05-9A99-98A1F07D41F1}.Debug|Any CPU.ActiveCfg = Debug|Any CPU
		{20669D8A-D8C2-4B05-9A99-98A1F07D41F1}.Debug|Any CPU.Build.0 = Debug|Any CPU
		{20669D8A-D8C2-4B05-9A99-98A1F07D41F1}.Debug|Any CPU.Deploy.0 = Debug|Any CPU
		{20669D8A-D8C2-4B05-9A99-98A1F07D41F1}.Debug|ARM.ActiveCfg = Debug|Any CPU
		{20669D8A-D8C2-4B05-9A99-98A1F07D41F1}.Debug|ARM.Build.0 = Debug|Any CPU
		{20669D8A-D8C2-4B05-9A99-98A1F07D41F1}.Debug|iPhone.ActiveCfg = Debug|Any CPU
		{20669D8A-D8C2-4B05-9A99-98A1F07D41F1}.Debug|iPhone.Build.0 = Debug|Any CPU
		{20669D8A-D8C2-4B05-9A99-98A1F07D41F1}.Debug|iPhoneSimulator.ActiveCfg = Debug|Any CPU
		{20669D8A-D8C2-4B05-9A99-98A1F07D41F1}.Debug|iPhoneSimulator.Build.0 = Debug|Any CPU
		{20669D8A-D8C2-4B05-9A99-98A1F07D41F1}.Debug|Mixed Platforms.ActiveCfg = Debug|Any CPU
		{20669D8A-D8C2-4B05-9A99-98A1F07D41F1}.Debug|Mixed Platforms.Build.0 = Debug|Any CPU
		{20669D8A-D8C2-4B05-9A99-98A1F07D41F1}.Debug|x64.ActiveCfg = Debug|Any CPU
		{20669D8A-D8C2-4B05-9A99-98A1F07D41F1}.Debug|x64.Build.0 = Debug|Any CPU
		{20669D8A-D8C2-4B05-9A99-98A1F07D41F1}.Debug|x86.ActiveCfg = Debug|Any CPU
		{20669D8A-D8C2-4B05-9A99-98A1F07D41F1}.Debug|x86.Build.0 = Debug|Any CPU
		{20669D8A-D8C2-4B05-9A99-98A1F07D41F1}.Release|Any CPU.ActiveCfg = Release|Any CPU
		{20669D8A-D8C2-4B05-9A99-98A1F07D41F1}.Release|Any CPU.Build.0 = Release|Any CPU
		{20669D8A-D8C2-4B05-9A99-98A1F07D41F1}.Release|ARM.ActiveCfg = Release|Any CPU
		{20669D8A-D8C2-4B05-9A99-98A1F07D41F1}.Release|ARM.Build.0 = Release|Any CPU
		{20669D8A-D8C2-4B05-9A99-98A1F07D41F1}.Release|iPhone.ActiveCfg = Release|Any CPU
		{20669D8A-D8C2-4B05-9A99-98A1F07D41F1}.Release|iPhone.Build.0 = Release|Any CPU
		{20669D8A-D8C2-4B05-9A99-98A1F07D41F1}.Release|iPhoneSimulator.ActiveCfg = Release|Any CPU
		{20669D8A-D8C2-4B05-9A99-98A1F07D41F1}.Release|iPhoneSimulator.Build.0 = Release|Any CPU
		{20669D8A-D8C2-4B05-9A99-98A1F07D41F1}.Release|Mixed Platforms.ActiveCfg = Release|Any CPU
		{20669D8A-D8C2-4B05-9A99-98A1F07D41F1}.Release|Mixed Platforms.Build.0 = Release|Any CPU
		{20669D8A-D8C2-4B05-9A99-98A1F07D41F1}.Release|x64.ActiveCfg = Release|Any CPU
		{20669D8A-D8C2-4B05-9A99-98A1F07D41F1}.Release|x64.Build.0 = Release|Any CPU
		{20669D8A-D8C2-4B05-9A99-98A1F07D41F1}.Release|x86.ActiveCfg = Release|Any CPU
		{20669D8A-D8C2-4B05-9A99-98A1F07D41F1}.Release|x86.Build.0 = Release|Any CPU
		{83D5765B-FCE4-4C52-B449-28F3A3BFF1F6}.Ad-Hoc|Any CPU.ActiveCfg = Release|Any CPU
		{83D5765B-FCE4-4C52-B449-28F3A3BFF1F6}.Ad-Hoc|Any CPU.Build.0 = Release|Any CPU
		{83D5765B-FCE4-4C52-B449-28F3A3BFF1F6}.Ad-Hoc|ARM.ActiveCfg = Release|Any CPU
		{83D5765B-FCE4-4C52-B449-28F3A3BFF1F6}.Ad-Hoc|ARM.Build.0 = Release|Any CPU
		{83D5765B-FCE4-4C52-B449-28F3A3BFF1F6}.Ad-Hoc|iPhone.ActiveCfg = Release|Any CPU
		{83D5765B-FCE4-4C52-B449-28F3A3BFF1F6}.Ad-Hoc|iPhone.Build.0 = Release|Any CPU
		{83D5765B-FCE4-4C52-B449-28F3A3BFF1F6}.Ad-Hoc|iPhoneSimulator.ActiveCfg = Release|Any CPU
		{83D5765B-FCE4-4C52-B449-28F3A3BFF1F6}.Ad-Hoc|iPhoneSimulator.Build.0 = Release|Any CPU
		{83D5765B-FCE4-4C52-B449-28F3A3BFF1F6}.Ad-Hoc|Mixed Platforms.ActiveCfg = Release|Any CPU
		{83D5765B-FCE4-4C52-B449-28F3A3BFF1F6}.Ad-Hoc|Mixed Platforms.Build.0 = Release|Any CPU
		{83D5765B-FCE4-4C52-B449-28F3A3BFF1F6}.Ad-Hoc|x64.ActiveCfg = Release|Any CPU
		{83D5765B-FCE4-4C52-B449-28F3A3BFF1F6}.Ad-Hoc|x64.Build.0 = Release|Any CPU
		{83D5765B-FCE4-4C52-B449-28F3A3BFF1F6}.Ad-Hoc|x86.ActiveCfg = Release|Any CPU
		{83D5765B-FCE4-4C52-B449-28F3A3BFF1F6}.Ad-Hoc|x86.Build.0 = Release|Any CPU
		{83D5765B-FCE4-4C52-B449-28F3A3BFF1F6}.AppStore|Any CPU.ActiveCfg = Release|Any CPU
		{83D5765B-FCE4-4C52-B449-28F3A3BFF1F6}.AppStore|Any CPU.Build.0 = Release|Any CPU
		{83D5765B-FCE4-4C52-B449-28F3A3BFF1F6}.AppStore|ARM.ActiveCfg = Release|Any CPU
		{83D5765B-FCE4-4C52-B449-28F3A3BFF1F6}.AppStore|ARM.Build.0 = Release|Any CPU
		{83D5765B-FCE4-4C52-B449-28F3A3BFF1F6}.AppStore|iPhone.ActiveCfg = Release|Any CPU
		{83D5765B-FCE4-4C52-B449-28F3A3BFF1F6}.AppStore|iPhone.Build.0 = Release|Any CPU
		{83D5765B-FCE4-4C52-B449-28F3A3BFF1F6}.AppStore|iPhoneSimulator.ActiveCfg = Release|Any CPU
		{83D5765B-FCE4-4C52-B449-28F3A3BFF1F6}.AppStore|iPhoneSimulator.Build.0 = Release|Any CPU
		{83D5765B-FCE4-4C52-B449-28F3A3BFF1F6}.AppStore|Mixed Platforms.ActiveCfg = Release|Any CPU
		{83D5765B-FCE4-4C52-B449-28F3A3BFF1F6}.AppStore|Mixed Platforms.Build.0 = Release|Any CPU
		{83D5765B-FCE4-4C52-B449-28F3A3BFF1F6}.AppStore|x64.ActiveCfg = Release|Any CPU
		{83D5765B-FCE4-4C52-B449-28F3A3BFF1F6}.AppStore|x64.Build.0 = Release|Any CPU
		{83D5765B-FCE4-4C52-B449-28F3A3BFF1F6}.AppStore|x86.ActiveCfg = Release|Any CPU
		{83D5765B-FCE4-4C52-B449-28F3A3BFF1F6}.AppStore|x86.Build.0 = Release|Any CPU
		{83D5765B-FCE4-4C52-B449-28F3A3BFF1F6}.Debug|Any CPU.ActiveCfg = Debug|Any CPU
		{83D5765B-FCE4-4C52-B449-28F3A3BFF1F6}.Debug|Any CPU.Build.0 = Debug|Any CPU
		{83D5765B-FCE4-4C52-B449-28F3A3BFF1F6}.Debug|ARM.ActiveCfg = Debug|Any CPU
		{83D5765B-FCE4-4C52-B449-28F3A3BFF1F6}.Debug|ARM.Build.0 = Debug|Any CPU
		{83D5765B-FCE4-4C52-B449-28F3A3BFF1F6}.Debug|iPhone.ActiveCfg = Debug|Any CPU
		{83D5765B-FCE4-4C52-B449-28F3A3BFF1F6}.Debug|iPhone.Build.0 = Debug|Any CPU
		{83D5765B-FCE4-4C52-B449-28F3A3BFF1F6}.Debug|iPhoneSimulator.ActiveCfg = Debug|Any CPU
		{83D5765B-FCE4-4C52-B449-28F3A3BFF1F6}.Debug|iPhoneSimulator.Build.0 = Debug|Any CPU
		{83D5765B-FCE4-4C52-B449-28F3A3BFF1F6}.Debug|Mixed Platforms.ActiveCfg = Debug|Any CPU
		{83D5765B-FCE4-4C52-B449-28F3A3BFF1F6}.Debug|Mixed Platforms.Build.0 = Debug|Any CPU
		{83D5765B-FCE4-4C52-B449-28F3A3BFF1F6}.Debug|x64.ActiveCfg = Debug|Any CPU
		{83D5765B-FCE4-4C52-B449-28F3A3BFF1F6}.Debug|x64.Build.0 = Debug|Any CPU
		{83D5765B-FCE4-4C52-B449-28F3A3BFF1F6}.Debug|x86.ActiveCfg = Debug|Any CPU
		{83D5765B-FCE4-4C52-B449-28F3A3BFF1F6}.Debug|x86.Build.0 = Debug|Any CPU
		{83D5765B-FCE4-4C52-B449-28F3A3BFF1F6}.Release|Any CPU.ActiveCfg = Release|Any CPU
		{83D5765B-FCE4-4C52-B449-28F3A3BFF1F6}.Release|Any CPU.Build.0 = Release|Any CPU
		{83D5765B-FCE4-4C52-B449-28F3A3BFF1F6}.Release|ARM.ActiveCfg = Release|Any CPU
		{83D5765B-FCE4-4C52-B449-28F3A3BFF1F6}.Release|ARM.Build.0 = Release|Any CPU
		{83D5765B-FCE4-4C52-B449-28F3A3BFF1F6}.Release|iPhone.ActiveCfg = Release|Any CPU
		{83D5765B-FCE4-4C52-B449-28F3A3BFF1F6}.Release|iPhone.Build.0 = Release|Any CPU
		{83D5765B-FCE4-4C52-B449-28F3A3BFF1F6}.Release|iPhoneSimulator.ActiveCfg = Release|Any CPU
		{83D5765B-FCE4-4C52-B449-28F3A3BFF1F6}.Release|iPhoneSimulator.Build.0 = Release|Any CPU
		{83D5765B-FCE4-4C52-B449-28F3A3BFF1F6}.Release|Mixed Platforms.ActiveCfg = Release|Any CPU
		{83D5765B-FCE4-4C52-B449-28F3A3BFF1F6}.Release|Mixed Platforms.Build.0 = Release|Any CPU
		{83D5765B-FCE4-4C52-B449-28F3A3BFF1F6}.Release|x64.ActiveCfg = Release|Any CPU
		{83D5765B-FCE4-4C52-B449-28F3A3BFF1F6}.Release|x64.Build.0 = Release|Any CPU
		{83D5765B-FCE4-4C52-B449-28F3A3BFF1F6}.Release|x86.ActiveCfg = Release|Any CPU
		{83D5765B-FCE4-4C52-B449-28F3A3BFF1F6}.Release|x86.Build.0 = Release|Any CPU
		{4C6B4247-169D-4144-AFC8-34B27C07450E}.Ad-Hoc|Any CPU.ActiveCfg = Debug|Any CPU
		{4C6B4247-169D-4144-AFC8-34B27C07450E}.Ad-Hoc|Any CPU.Build.0 = Debug|Any CPU
		{4C6B4247-169D-4144-AFC8-34B27C07450E}.Ad-Hoc|ARM.ActiveCfg = Debug|Any CPU
		{4C6B4247-169D-4144-AFC8-34B27C07450E}.Ad-Hoc|ARM.Build.0 = Debug|Any CPU
		{4C6B4247-169D-4144-AFC8-34B27C07450E}.Ad-Hoc|iPhone.ActiveCfg = Debug|Any CPU
		{4C6B4247-169D-4144-AFC8-34B27C07450E}.Ad-Hoc|iPhone.Build.0 = Debug|Any CPU
		{4C6B4247-169D-4144-AFC8-34B27C07450E}.Ad-Hoc|iPhoneSimulator.ActiveCfg = Debug|Any CPU
		{4C6B4247-169D-4144-AFC8-34B27C07450E}.Ad-Hoc|iPhoneSimulator.Build.0 = Debug|Any CPU
		{4C6B4247-169D-4144-AFC8-34B27C07450E}.Ad-Hoc|Mixed Platforms.ActiveCfg = Debug|Any CPU
		{4C6B4247-169D-4144-AFC8-34B27C07450E}.Ad-Hoc|Mixed Platforms.Build.0 = Debug|Any CPU
		{4C6B4247-169D-4144-AFC8-34B27C07450E}.Ad-Hoc|x64.ActiveCfg = Debug|Any CPU
		{4C6B4247-169D-4144-AFC8-34B27C07450E}.Ad-Hoc|x64.Build.0 = Debug|Any CPU
		{4C6B4247-169D-4144-AFC8-34B27C07450E}.Ad-Hoc|x86.ActiveCfg = Debug|Any CPU
		{4C6B4247-169D-4144-AFC8-34B27C07450E}.Ad-Hoc|x86.Build.0 = Debug|Any CPU
		{4C6B4247-169D-4144-AFC8-34B27C07450E}.AppStore|Any CPU.ActiveCfg = Debug|Any CPU
		{4C6B4247-169D-4144-AFC8-34B27C07450E}.AppStore|Any CPU.Build.0 = Debug|Any CPU
		{4C6B4247-169D-4144-AFC8-34B27C07450E}.AppStore|ARM.ActiveCfg = Debug|Any CPU
		{4C6B4247-169D-4144-AFC8-34B27C07450E}.AppStore|ARM.Build.0 = Debug|Any CPU
		{4C6B4247-169D-4144-AFC8-34B27C07450E}.AppStore|iPhone.ActiveCfg = Debug|Any CPU
		{4C6B4247-169D-4144-AFC8-34B27C07450E}.AppStore|iPhone.Build.0 = Debug|Any CPU
		{4C6B4247-169D-4144-AFC8-34B27C07450E}.AppStore|iPhoneSimulator.ActiveCfg = Debug|Any CPU
		{4C6B4247-169D-4144-AFC8-34B27C07450E}.AppStore|iPhoneSimulator.Build.0 = Debug|Any CPU
		{4C6B4247-169D-4144-AFC8-34B27C07450E}.AppStore|Mixed Platforms.ActiveCfg = Debug|Any CPU
		{4C6B4247-169D-4144-AFC8-34B27C07450E}.AppStore|Mixed Platforms.Build.0 = Debug|Any CPU
		{4C6B4247-169D-4144-AFC8-34B27C07450E}.AppStore|x64.ActiveCfg = Debug|Any CPU
		{4C6B4247-169D-4144-AFC8-34B27C07450E}.AppStore|x64.Build.0 = Debug|Any CPU
		{4C6B4247-169D-4144-AFC8-34B27C07450E}.AppStore|x86.ActiveCfg = Debug|Any CPU
		{4C6B4247-169D-4144-AFC8-34B27C07450E}.AppStore|x86.Build.0 = Debug|Any CPU
		{4C6B4247-169D-4144-AFC8-34B27C07450E}.Debug|Any CPU.ActiveCfg = Debug|Any CPU
		{4C6B4247-169D-4144-AFC8-34B27C07450E}.Debug|Any CPU.Build.0 = Debug|Any CPU
		{4C6B4247-169D-4144-AFC8-34B27C07450E}.Debug|ARM.ActiveCfg = Debug|Any CPU
		{4C6B4247-169D-4144-AFC8-34B27C07450E}.Debug|ARM.Build.0 = Debug|Any CPU
		{4C6B4247-169D-4144-AFC8-34B27C07450E}.Debug|iPhone.ActiveCfg = Debug|Any CPU
		{4C6B4247-169D-4144-AFC8-34B27C07450E}.Debug|iPhone.Build.0 = Debug|Any CPU
		{4C6B4247-169D-4144-AFC8-34B27C07450E}.Debug|iPhoneSimulator.ActiveCfg = Debug|Any CPU
		{4C6B4247-169D-4144-AFC8-34B27C07450E}.Debug|iPhoneSimulator.Build.0 = Debug|Any CPU
		{4C6B4247-169D-4144-AFC8-34B27C07450E}.Debug|Mixed Platforms.ActiveCfg = Debug|Any CPU
		{4C6B4247-169D-4144-AFC8-34B27C07450E}.Debug|Mixed Platforms.Build.0 = Debug|Any CPU
		{4C6B4247-169D-4144-AFC8-34B27C07450E}.Debug|x64.ActiveCfg = Debug|Any CPU
		{4C6B4247-169D-4144-AFC8-34B27C07450E}.Debug|x64.Build.0 = Debug|Any CPU
		{4C6B4247-169D-4144-AFC8-34B27C07450E}.Debug|x86.ActiveCfg = Debug|Any CPU
		{4C6B4247-169D-4144-AFC8-34B27C07450E}.Debug|x86.Build.0 = Debug|Any CPU
		{4C6B4247-169D-4144-AFC8-34B27C07450E}.Release|Any CPU.ActiveCfg = Release|Any CPU
		{4C6B4247-169D-4144-AFC8-34B27C07450E}.Release|Any CPU.Build.0 = Release|Any CPU
		{4C6B4247-169D-4144-AFC8-34B27C07450E}.Release|ARM.ActiveCfg = Release|Any CPU
		{4C6B4247-169D-4144-AFC8-34B27C07450E}.Release|ARM.Build.0 = Release|Any CPU
		{4C6B4247-169D-4144-AFC8-34B27C07450E}.Release|iPhone.ActiveCfg = Release|Any CPU
		{4C6B4247-169D-4144-AFC8-34B27C07450E}.Release|iPhone.Build.0 = Release|Any CPU
		{4C6B4247-169D-4144-AFC8-34B27C07450E}.Release|iPhoneSimulator.ActiveCfg = Release|Any CPU
		{4C6B4247-169D-4144-AFC8-34B27C07450E}.Release|iPhoneSimulator.Build.0 = Release|Any CPU
		{4C6B4247-169D-4144-AFC8-34B27C07450E}.Release|Mixed Platforms.ActiveCfg = Release|Any CPU
		{4C6B4247-169D-4144-AFC8-34B27C07450E}.Release|Mixed Platforms.Build.0 = Release|Any CPU
		{4C6B4247-169D-4144-AFC8-34B27C07450E}.Release|x64.ActiveCfg = Release|Any CPU
		{4C6B4247-169D-4144-AFC8-34B27C07450E}.Release|x64.Build.0 = Release|Any CPU
		{4C6B4247-169D-4144-AFC8-34B27C07450E}.Release|x86.ActiveCfg = Release|Any CPU
		{4C6B4247-169D-4144-AFC8-34B27C07450E}.Release|x86.Build.0 = Release|Any CPU
		{503C3C83-390A-48EF-845C-DF4C928CB4A9}.Ad-Hoc|Any CPU.ActiveCfg = Debug|Any CPU
		{503C3C83-390A-48EF-845C-DF4C928CB4A9}.Ad-Hoc|Any CPU.Build.0 = Debug|Any CPU
		{503C3C83-390A-48EF-845C-DF4C928CB4A9}.Ad-Hoc|ARM.ActiveCfg = Debug|Any CPU
		{503C3C83-390A-48EF-845C-DF4C928CB4A9}.Ad-Hoc|ARM.Build.0 = Debug|Any CPU
		{503C3C83-390A-48EF-845C-DF4C928CB4A9}.Ad-Hoc|iPhone.ActiveCfg = Debug|Any CPU
		{503C3C83-390A-48EF-845C-DF4C928CB4A9}.Ad-Hoc|iPhone.Build.0 = Debug|Any CPU
		{503C3C83-390A-48EF-845C-DF4C928CB4A9}.Ad-Hoc|iPhoneSimulator.ActiveCfg = Debug|Any CPU
		{503C3C83-390A-48EF-845C-DF4C928CB4A9}.Ad-Hoc|iPhoneSimulator.Build.0 = Debug|Any CPU
		{503C3C83-390A-48EF-845C-DF4C928CB4A9}.Ad-Hoc|Mixed Platforms.ActiveCfg = Debug|Any CPU
		{503C3C83-390A-48EF-845C-DF4C928CB4A9}.Ad-Hoc|Mixed Platforms.Build.0 = Debug|Any CPU
		{503C3C83-390A-48EF-845C-DF4C928CB4A9}.Ad-Hoc|x64.ActiveCfg = Debug|Any CPU
		{503C3C83-390A-48EF-845C-DF4C928CB4A9}.Ad-Hoc|x64.Build.0 = Debug|Any CPU
		{503C3C83-390A-48EF-845C-DF4C928CB4A9}.Ad-Hoc|x86.ActiveCfg = Debug|Any CPU
		{503C3C83-390A-48EF-845C-DF4C928CB4A9}.Ad-Hoc|x86.Build.0 = Debug|Any CPU
		{503C3C83-390A-48EF-845C-DF4C928CB4A9}.AppStore|Any CPU.ActiveCfg = Debug|Any CPU
		{503C3C83-390A-48EF-845C-DF4C928CB4A9}.AppStore|Any CPU.Build.0 = Debug|Any CPU
		{503C3C83-390A-48EF-845C-DF4C928CB4A9}.AppStore|ARM.ActiveCfg = Debug|Any CPU
		{503C3C83-390A-48EF-845C-DF4C928CB4A9}.AppStore|ARM.Build.0 = Debug|Any CPU
		{503C3C83-390A-48EF-845C-DF4C928CB4A9}.AppStore|iPhone.ActiveCfg = Debug|Any CPU
		{503C3C83-390A-48EF-845C-DF4C928CB4A9}.AppStore|iPhone.Build.0 = Debug|Any CPU
		{503C3C83-390A-48EF-845C-DF4C928CB4A9}.AppStore|iPhoneSimulator.ActiveCfg = Debug|Any CPU
		{503C3C83-390A-48EF-845C-DF4C928CB4A9}.AppStore|iPhoneSimulator.Build.0 = Debug|Any CPU
		{503C3C83-390A-48EF-845C-DF4C928CB4A9}.AppStore|Mixed Platforms.ActiveCfg = Debug|Any CPU
		{503C3C83-390A-48EF-845C-DF4C928CB4A9}.AppStore|Mixed Platforms.Build.0 = Debug|Any CPU
		{503C3C83-390A-48EF-845C-DF4C928CB4A9}.AppStore|x64.ActiveCfg = Debug|Any CPU
		{503C3C83-390A-48EF-845C-DF4C928CB4A9}.AppStore|x64.Build.0 = Debug|Any CPU
		{503C3C83-390A-48EF-845C-DF4C928CB4A9}.AppStore|x86.ActiveCfg = Debug|Any CPU
		{503C3C83-390A-48EF-845C-DF4C928CB4A9}.AppStore|x86.Build.0 = Debug|Any CPU
		{503C3C83-390A-48EF-845C-DF4C928CB4A9}.Debug|Any CPU.ActiveCfg = Debug|Any CPU
		{503C3C83-390A-48EF-845C-DF4C928CB4A9}.Debug|Any CPU.Build.0 = Debug|Any CPU
		{503C3C83-390A-48EF-845C-DF4C928CB4A9}.Debug|ARM.ActiveCfg = Debug|Any CPU
		{503C3C83-390A-48EF-845C-DF4C928CB4A9}.Debug|ARM.Build.0 = Debug|Any CPU
		{503C3C83-390A-48EF-845C-DF4C928CB4A9}.Debug|iPhone.ActiveCfg = Debug|Any CPU
		{503C3C83-390A-48EF-845C-DF4C928CB4A9}.Debug|iPhone.Build.0 = Debug|Any CPU
		{503C3C83-390A-48EF-845C-DF4C928CB4A9}.Debug|iPhoneSimulator.ActiveCfg = Debug|Any CPU
		{503C3C83-390A-48EF-845C-DF4C928CB4A9}.Debug|iPhoneSimulator.Build.0 = Debug|Any CPU
		{503C3C83-390A-48EF-845C-DF4C928CB4A9}.Debug|Mixed Platforms.ActiveCfg = Debug|Any CPU
		{503C3C83-390A-48EF-845C-DF4C928CB4A9}.Debug|Mixed Platforms.Build.0 = Debug|Any CPU
		{503C3C83-390A-48EF-845C-DF4C928CB4A9}.Debug|x64.ActiveCfg = Debug|Any CPU
		{503C3C83-390A-48EF-845C-DF4C928CB4A9}.Debug|x64.Build.0 = Debug|Any CPU
		{503C3C83-390A-48EF-845C-DF4C928CB4A9}.Debug|x86.ActiveCfg = Debug|Any CPU
		{503C3C83-390A-48EF-845C-DF4C928CB4A9}.Debug|x86.Build.0 = Debug|Any CPU
		{503C3C83-390A-48EF-845C-DF4C928CB4A9}.Release|Any CPU.ActiveCfg = Release|Any CPU
		{503C3C83-390A-48EF-845C-DF4C928CB4A9}.Release|Any CPU.Build.0 = Release|Any CPU
		{503C3C83-390A-48EF-845C-DF4C928CB4A9}.Release|ARM.ActiveCfg = Release|Any CPU
		{503C3C83-390A-48EF-845C-DF4C928CB4A9}.Release|ARM.Build.0 = Release|Any CPU
		{503C3C83-390A-48EF-845C-DF4C928CB4A9}.Release|iPhone.ActiveCfg = Release|Any CPU
		{503C3C83-390A-48EF-845C-DF4C928CB4A9}.Release|iPhone.Build.0 = Release|Any CPU
		{503C3C83-390A-48EF-845C-DF4C928CB4A9}.Release|iPhoneSimulator.ActiveCfg = Release|Any CPU
		{503C3C83-390A-48EF-845C-DF4C928CB4A9}.Release|iPhoneSimulator.Build.0 = Release|Any CPU
		{503C3C83-390A-48EF-845C-DF4C928CB4A9}.Release|Mixed Platforms.ActiveCfg = Release|Any CPU
		{503C3C83-390A-48EF-845C-DF4C928CB4A9}.Release|Mixed Platforms.Build.0 = Release|Any CPU
		{503C3C83-390A-48EF-845C-DF4C928CB4A9}.Release|x64.ActiveCfg = Release|Any CPU
		{503C3C83-390A-48EF-845C-DF4C928CB4A9}.Release|x64.Build.0 = Release|Any CPU
		{503C3C83-390A-48EF-845C-DF4C928CB4A9}.Release|x86.ActiveCfg = Release|Any CPU
		{503C3C83-390A-48EF-845C-DF4C928CB4A9}.Release|x86.Build.0 = Release|Any CPU
		{0D8B14E6-6ABB-4831-A5F2-2FAE6011CFC0}.Ad-Hoc|Any CPU.ActiveCfg = Release|x64
		{0D8B14E6-6ABB-4831-A5F2-2FAE6011CFC0}.Ad-Hoc|Any CPU.Build.0 = Release|x64
		{0D8B14E6-6ABB-4831-A5F2-2FAE6011CFC0}.Ad-Hoc|Any CPU.Deploy.0 = Release|x64
		{0D8B14E6-6ABB-4831-A5F2-2FAE6011CFC0}.Ad-Hoc|ARM.ActiveCfg = Release|ARM
		{0D8B14E6-6ABB-4831-A5F2-2FAE6011CFC0}.Ad-Hoc|ARM.Build.0 = Release|ARM
		{0D8B14E6-6ABB-4831-A5F2-2FAE6011CFC0}.Ad-Hoc|ARM.Deploy.0 = Release|ARM
		{0D8B14E6-6ABB-4831-A5F2-2FAE6011CFC0}.Ad-Hoc|iPhone.ActiveCfg = Release|x64
		{0D8B14E6-6ABB-4831-A5F2-2FAE6011CFC0}.Ad-Hoc|iPhone.Build.0 = Release|x64
		{0D8B14E6-6ABB-4831-A5F2-2FAE6011CFC0}.Ad-Hoc|iPhone.Deploy.0 = Release|x64
		{0D8B14E6-6ABB-4831-A5F2-2FAE6011CFC0}.Ad-Hoc|iPhoneSimulator.ActiveCfg = Release|x64
		{0D8B14E6-6ABB-4831-A5F2-2FAE6011CFC0}.Ad-Hoc|iPhoneSimulator.Build.0 = Release|x64
		{0D8B14E6-6ABB-4831-A5F2-2FAE6011CFC0}.Ad-Hoc|iPhoneSimulator.Deploy.0 = Release|x64
		{0D8B14E6-6ABB-4831-A5F2-2FAE6011CFC0}.Ad-Hoc|Mixed Platforms.ActiveCfg = Release|x86
		{0D8B14E6-6ABB-4831-A5F2-2FAE6011CFC0}.Ad-Hoc|Mixed Platforms.Build.0 = Release|x86
		{0D8B14E6-6ABB-4831-A5F2-2FAE6011CFC0}.Ad-Hoc|Mixed Platforms.Deploy.0 = Release|x86
		{0D8B14E6-6ABB-4831-A5F2-2FAE6011CFC0}.Ad-Hoc|x64.ActiveCfg = Release|x64
		{0D8B14E6-6ABB-4831-A5F2-2FAE6011CFC0}.Ad-Hoc|x64.Build.0 = Release|x64
		{0D8B14E6-6ABB-4831-A5F2-2FAE6011CFC0}.Ad-Hoc|x64.Deploy.0 = Release|x64
		{0D8B14E6-6ABB-4831-A5F2-2FAE6011CFC0}.Ad-Hoc|x86.ActiveCfg = Release|x86
		{0D8B14E6-6ABB-4831-A5F2-2FAE6011CFC0}.Ad-Hoc|x86.Build.0 = Release|x86
		{0D8B14E6-6ABB-4831-A5F2-2FAE6011CFC0}.Ad-Hoc|x86.Deploy.0 = Release|x86
		{0D8B14E6-6ABB-4831-A5F2-2FAE6011CFC0}.AppStore|Any CPU.ActiveCfg = Release|x64
		{0D8B14E6-6ABB-4831-A5F2-2FAE6011CFC0}.AppStore|Any CPU.Build.0 = Release|x64
		{0D8B14E6-6ABB-4831-A5F2-2FAE6011CFC0}.AppStore|Any CPU.Deploy.0 = Release|x64
		{0D8B14E6-6ABB-4831-A5F2-2FAE6011CFC0}.AppStore|ARM.ActiveCfg = Release|ARM
		{0D8B14E6-6ABB-4831-A5F2-2FAE6011CFC0}.AppStore|ARM.Build.0 = Release|ARM
		{0D8B14E6-6ABB-4831-A5F2-2FAE6011CFC0}.AppStore|ARM.Deploy.0 = Release|ARM
		{0D8B14E6-6ABB-4831-A5F2-2FAE6011CFC0}.AppStore|iPhone.ActiveCfg = Release|x64
		{0D8B14E6-6ABB-4831-A5F2-2FAE6011CFC0}.AppStore|iPhone.Build.0 = Release|x64
		{0D8B14E6-6ABB-4831-A5F2-2FAE6011CFC0}.AppStore|iPhone.Deploy.0 = Release|x64
		{0D8B14E6-6ABB-4831-A5F2-2FAE6011CFC0}.AppStore|iPhoneSimulator.ActiveCfg = Release|x64
		{0D8B14E6-6ABB-4831-A5F2-2FAE6011CFC0}.AppStore|iPhoneSimulator.Build.0 = Release|x64
		{0D8B14E6-6ABB-4831-A5F2-2FAE6011CFC0}.AppStore|iPhoneSimulator.Deploy.0 = Release|x64
		{0D8B14E6-6ABB-4831-A5F2-2FAE6011CFC0}.AppStore|Mixed Platforms.ActiveCfg = Release|x86
		{0D8B14E6-6ABB-4831-A5F2-2FAE6011CFC0}.AppStore|Mixed Platforms.Build.0 = Release|x86
		{0D8B14E6-6ABB-4831-A5F2-2FAE6011CFC0}.AppStore|Mixed Platforms.Deploy.0 = Release|x86
		{0D8B14E6-6ABB-4831-A5F2-2FAE6011CFC0}.AppStore|x64.ActiveCfg = Release|x64
		{0D8B14E6-6ABB-4831-A5F2-2FAE6011CFC0}.AppStore|x64.Build.0 = Release|x64
		{0D8B14E6-6ABB-4831-A5F2-2FAE6011CFC0}.AppStore|x64.Deploy.0 = Release|x64
		{0D8B14E6-6ABB-4831-A5F2-2FAE6011CFC0}.AppStore|x86.ActiveCfg = Release|x86
		{0D8B14E6-6ABB-4831-A5F2-2FAE6011CFC0}.AppStore|x86.Build.0 = Release|x86
		{0D8B14E6-6ABB-4831-A5F2-2FAE6011CFC0}.AppStore|x86.Deploy.0 = Release|x86
		{0D8B14E6-6ABB-4831-A5F2-2FAE6011CFC0}.Debug|Any CPU.ActiveCfg = Debug|x86
		{0D8B14E6-6ABB-4831-A5F2-2FAE6011CFC0}.Debug|Any CPU.Build.0 = Debug|x86
		{0D8B14E6-6ABB-4831-A5F2-2FAE6011CFC0}.Debug|Any CPU.Deploy.0 = Debug|x86
		{0D8B14E6-6ABB-4831-A5F2-2FAE6011CFC0}.Debug|ARM.ActiveCfg = Debug|ARM
		{0D8B14E6-6ABB-4831-A5F2-2FAE6011CFC0}.Debug|ARM.Build.0 = Debug|ARM
		{0D8B14E6-6ABB-4831-A5F2-2FAE6011CFC0}.Debug|ARM.Deploy.0 = Debug|ARM
		{0D8B14E6-6ABB-4831-A5F2-2FAE6011CFC0}.Debug|iPhone.ActiveCfg = Debug|x86
		{0D8B14E6-6ABB-4831-A5F2-2FAE6011CFC0}.Debug|iPhoneSimulator.ActiveCfg = Debug|x86
		{0D8B14E6-6ABB-4831-A5F2-2FAE6011CFC0}.Debug|Mixed Platforms.ActiveCfg = Debug|x86
		{0D8B14E6-6ABB-4831-A5F2-2FAE6011CFC0}.Debug|Mixed Platforms.Build.0 = Debug|x86
		{0D8B14E6-6ABB-4831-A5F2-2FAE6011CFC0}.Debug|Mixed Platforms.Deploy.0 = Debug|x86
		{0D8B14E6-6ABB-4831-A5F2-2FAE6011CFC0}.Debug|x64.ActiveCfg = Debug|x64
		{0D8B14E6-6ABB-4831-A5F2-2FAE6011CFC0}.Debug|x64.Build.0 = Debug|x64
		{0D8B14E6-6ABB-4831-A5F2-2FAE6011CFC0}.Debug|x64.Deploy.0 = Debug|x64
		{0D8B14E6-6ABB-4831-A5F2-2FAE6011CFC0}.Debug|x86.ActiveCfg = Debug|x86
		{0D8B14E6-6ABB-4831-A5F2-2FAE6011CFC0}.Debug|x86.Build.0 = Debug|x86
		{0D8B14E6-6ABB-4831-A5F2-2FAE6011CFC0}.Debug|x86.Deploy.0 = Debug|x86
		{0D8B14E6-6ABB-4831-A5F2-2FAE6011CFC0}.Release|Any CPU.ActiveCfg = Release|x86
		{0D8B14E6-6ABB-4831-A5F2-2FAE6011CFC0}.Release|ARM.ActiveCfg = Release|ARM
		{0D8B14E6-6ABB-4831-A5F2-2FAE6011CFC0}.Release|ARM.Build.0 = Release|ARM
		{0D8B14E6-6ABB-4831-A5F2-2FAE6011CFC0}.Release|ARM.Deploy.0 = Release|ARM
		{0D8B14E6-6ABB-4831-A5F2-2FAE6011CFC0}.Release|iPhone.ActiveCfg = Release|x86
		{0D8B14E6-6ABB-4831-A5F2-2FAE6011CFC0}.Release|iPhoneSimulator.ActiveCfg = Release|x86
		{0D8B14E6-6ABB-4831-A5F2-2FAE6011CFC0}.Release|Mixed Platforms.ActiveCfg = Release|x86
		{0D8B14E6-6ABB-4831-A5F2-2FAE6011CFC0}.Release|Mixed Platforms.Build.0 = Release|x86
		{0D8B14E6-6ABB-4831-A5F2-2FAE6011CFC0}.Release|Mixed Platforms.Deploy.0 = Release|x86
		{0D8B14E6-6ABB-4831-A5F2-2FAE6011CFC0}.Release|x64.ActiveCfg = Release|x64
		{0D8B14E6-6ABB-4831-A5F2-2FAE6011CFC0}.Release|x64.Build.0 = Release|x64
		{0D8B14E6-6ABB-4831-A5F2-2FAE6011CFC0}.Release|x64.Deploy.0 = Release|x64
		{0D8B14E6-6ABB-4831-A5F2-2FAE6011CFC0}.Release|x86.ActiveCfg = Release|x86
		{0D8B14E6-6ABB-4831-A5F2-2FAE6011CFC0}.Release|x86.Build.0 = Release|x86
		{0D8B14E6-6ABB-4831-A5F2-2FAE6011CFC0}.Release|x86.Deploy.0 = Release|x86
	EndGlobalSection
	GlobalSection(SolutionProperties) = preSolution
		HideSolutionNode = FALSE
	EndGlobalSection
	GlobalSection(NestedProjects) = preSolution
		{5A9DAEA7-AE79-4623-AE8C-D9744EAC2ACB} = {E853F1E7-AFE5-4CB6-8C00-B899B84B25F2}
		{5BF8DD60-9341-42B1-B55B-B04C48267688} = {E853F1E7-AFE5-4CB6-8C00-B899B84B25F2}
		{94C0596E-0531-428E-8850-B955879086CC} = {689A8AA0-A45A-4478-8987-5A17BE9DBB36}
		{4297ABDC-8D3E-4405-889C-E5C4BCAD13E0} = {689A8AA0-A45A-4478-8987-5A17BE9DBB36}
		{20669D8A-D8C2-4B05-9A99-98A1F07D41F1} = {689A8AA0-A45A-4478-8987-5A17BE9DBB36}
		{83D5765B-FCE4-4C52-B449-28F3A3BFF1F6} = {689A8AA0-A45A-4478-8987-5A17BE9DBB36}
		{0D8B14E6-6ABB-4831-A5F2-2FAE6011CFC0} = {689A8AA0-A45A-4478-8987-5A17BE9DBB36}
	EndGlobalSection
EndGlobal
