
Microsoft Visual Studio Solution File, Format Version 12.00
# Visual Studio 15
VisualStudioVersion = 15.0.27004.2009
MinimumVisualStudioVersion = 10.0.40219.1
Project("{FAE04EC0-301F-11D3-BF4B-00C04F79EFBC}") = "Connectivity.Plugin.iOS", "Connectivity.Plugin.iOS\Connectivity.Plugin.iOS.csproj", "{2882AEEB-D4CD-4EB9-8A6C-6653B33681F0}"
EndProject
Project("{FAE04EC0-301F-11D3-BF4B-00C04F79EFBC}") = "Connectivity.Plugin.Android", "Connectivity.Plugin.Android\Connectivity.Plugin.Android.csproj", "{56A56F17-7DE1-4CA1-9617-BF32E971AC84}"
EndProject
Project("{2150E333-8FDC-42A3-9474-1A3956D46DE8}") = "Solution Items", "Solution Items", "{3AD9C0E9-EEFA-4F86-89FB-BCFEF4D08E5E}"
	ProjectSection(SolutionItems) = preProject
		..\.editorconfig = ..\.editorconfig
		..\appveyor.yml = ..\appveyor.yml
		..\build.cake = ..\build.cake
		..\CHANGELOG.md = ..\CHANGELOG.md
		..\nuget\Plugin.nuspec = ..\nuget\Plugin.nuspec
		..\README.md = ..\README.md
	EndProjectSection
EndProject
Project("{FAE04EC0-301F-11D3-BF4B-00C04F79EFBC}") = "Connectivity.Plugin.UWP", "Connectivity.Plugin.UWP\Connectivity.Plugin.UWP.csproj", "{25A7B55B-93ED-4631-8587-276054F4A321}"
EndProject
Project("{FAE04EC0-301F-11D3-BF4B-00C04F79EFBC}") = "Connectivity.Plugin.Net45", "Connectivity.Plugin.Net45\Connectivity.Plugin.Net45.csproj", "{D45DEDF0-357D-455C-8189-E3DE0039CB4E}"
EndProject
Project("{FAE04EC0-301F-11D3-BF4B-00C04F79EFBC}") = "Connectivity.Plugin.Mac", "Connectivity.Plugin.Mac\Connectivity.Plugin.Mac.csproj", "{9AE7DCA3-296B-4338-930B-8FFEF78433F2}"
EndProject
Project("{FAE04EC0-301F-11D3-BF4B-00C04F79EFBC}") = "Connectivity.Plugin.tvOS", "Connectivity.Plugin.tvOS\Connectivity.Plugin.tvOS.csproj", "{44087DE8-D645-4F7B-A655-20EEA65EF209}"
EndProject
Project("{9A19103F-16F7-4668-BE54-9A1E7A4F7556}") = "Connectivity.Plugin", "Connectivity.Plugin\Connectivity.Plugin.csproj", "{03BD57BD-F8BB-4CE8-922D-18B4A0C55D97}"
EndProject
Project("{9A19103F-16F7-4668-BE54-9A1E7A4F7556}") = "Connectivity.Plugin.Abstractions", "Connectivity.Plugin.Abstractions\Connectivity.Plugin.Abstractions.csproj", "{3B973815-8CEB-49B1-81EA-E1DA53CD4197}"
EndProject
Project("{2150E333-8FDC-42A3-9474-1A3956D46DE8}") = "Shared", "Shared", "{E3D0F8BC-839C-4041-BD0A-124E887B30EA}"
EndProject
Project("{2150E333-8FDC-42A3-9474-1A3956D46DE8}") = "Apple", "Apple", "{C10AD1AD-62A7-46DB-87C8-A50459ABAB33}"
EndProject
Project("{D954291E-2A0B-460D-934E-DC6B0785DB48}") = "Connectivity.Plugin.Shared.Apple", "Connectivity.Plugin.Shared.Apple\Connectivity.Plugin.Shared.Apple.shproj", "{B302BD77-2E10-4889-876A-2589AA1BDB67}"
EndProject
Project("{2150E333-8FDC-42A3-9474-1A3956D46DE8}") = "Android", "Android", "{17E9ABF3-B3D1-478A-9342-B67591E5B61F}"
EndProject
Project("{2150E333-8FDC-42A3-9474-1A3956D46DE8}") = "Windows", "Windows", "{45EDC062-F956-4874-AF36-7C73B2E374D1}"
EndProject
Project("{9A19103F-16F7-4668-BE54-9A1E7A4F7556}") = "Connectivity.Plugin.NetCore", "Connectivity.Plugin.NetCore\Connectivity.Plugin.NetCore.csproj", "{01B3D7B0-9F6F-4859-961D-C00DA27A4123}"
EndProject
Project("{9A19103F-16F7-4668-BE54-9A1E7A4F7556}") = "Connectivity.Plugin.Tizen", "Connectivity.Plugin.Tizen\Connectivity.Plugin.Tizen.csproj", "{090D4620-B80B-4A6B-A518-80345AD68A41}"
EndProject
Project("{2150E333-8FDC-42A3-9474-1A3956D46DE8}") = "Tizen", "Tizen", "{3FAB994D-E91F-4C8E-8D31-F08A172D7E47}"
EndProject
Global
	GlobalSection(SharedMSBuildProjectFiles) = preSolution
		Connectivity.Plugin.Shared.Apple\Connectivity.Plugin.Shared.Apple.projitems*{2882aeeb-d4cd-4eb9-8a6c-6653b33681f0}*SharedItemsImports = 4
		Connectivity.Plugin.Shared.Apple\Connectivity.Plugin.Shared.Apple.projitems*{44087de8-d645-4f7b-a655-20eea65ef209}*SharedItemsImports = 4
		Connectivity.Plugin.Shared.Apple\Connectivity.Plugin.Shared.Apple.projitems*{9ae7dca3-296b-4338-930b-8ffef78433f2}*SharedItemsImports = 4
		Connectivity.Plugin.Shared.Apple\Connectivity.Plugin.Shared.Apple.projitems*{b302bd77-2e10-4889-876a-2589aa1bdb67}*SharedItemsImports = 13
	EndGlobalSection
	GlobalSection(SolutionConfigurationPlatforms) = preSolution
		Ad-Hoc|Any CPU = Ad-Hoc|Any CPU
		Ad-Hoc|ARM = Ad-Hoc|ARM
		Ad-Hoc|iPhone = Ad-Hoc|iPhone
		Ad-Hoc|iPhoneSimulator = Ad-Hoc|iPhoneSimulator
		Ad-Hoc|Mixed Platforms = Ad-Hoc|Mixed Platforms
		Ad-Hoc|x64 = Ad-Hoc|x64
		Ad-Hoc|x86 = Ad-Hoc|x86
		AppStore|Any CPU = AppStore|Any CPU
		AppStore|ARM = AppStore|ARM
		AppStore|iPhone = AppStore|iPhone
		AppStore|iPhoneSimulator = AppStore|iPhoneSimulator
		AppStore|Mixed Platforms = AppStore|Mixed Platforms
		AppStore|x64 = AppStore|x64
		AppStore|x86 = AppStore|x86
		Debug|Any CPU = Debug|Any CPU
		Debug|ARM = Debug|ARM
		Debug|iPhone = Debug|iPhone
		Debug|iPhoneSimulator = Debug|iPhoneSimulator
		Debug|Mixed Platforms = Debug|Mixed Platforms
		Debug|x64 = Debug|x64
		Debug|x86 = Debug|x86
		Release|Any CPU = Release|Any CPU
		Release|ARM = Release|ARM
		Release|iPhone = Release|iPhone
		Release|iPhoneSimulator = Release|iPhoneSimulator
		Release|Mixed Platforms = Release|Mixed Platforms
		Release|x64 = Release|x64
		Release|x86 = Release|x86
	EndGlobalSection
	GlobalSection(ProjectConfigurationPlatforms) = postSolution
		{2882AEEB-D4CD-4EB9-8A6C-6653B33681F0}.Ad-Hoc|Any CPU.ActiveCfg = Release|Any CPU
		{2882AEEB-D4CD-4EB9-8A6C-6653B33681F0}.Ad-Hoc|Any CPU.Build.0 = Release|Any CPU
		{2882AEEB-D4CD-4EB9-8A6C-6653B33681F0}.Ad-Hoc|ARM.ActiveCfg = Release|Any CPU
		{2882AEEB-D4CD-4EB9-8A6C-6653B33681F0}.Ad-Hoc|iPhone.ActiveCfg = Release|Any CPU
		{2882AEEB-D4CD-4EB9-8A6C-6653B33681F0}.Ad-Hoc|iPhoneSimulator.ActiveCfg = Release|Any CPU
		{2882AEEB-D4CD-4EB9-8A6C-6653B33681F0}.Ad-Hoc|Mixed Platforms.ActiveCfg = Release|Any CPU
		{2882AEEB-D4CD-4EB9-8A6C-6653B33681F0}.Ad-Hoc|Mixed Platforms.Build.0 = Release|Any CPU
		{2882AEEB-D4CD-4EB9-8A6C-6653B33681F0}.Ad-Hoc|x64.ActiveCfg = Release|Any CPU
		{2882AEEB-D4CD-4EB9-8A6C-6653B33681F0}.Ad-Hoc|x86.ActiveCfg = Release|Any CPU
		{2882AEEB-D4CD-4EB9-8A6C-6653B33681F0}.AppStore|Any CPU.ActiveCfg = Release|Any CPU
		{2882AEEB-D4CD-4EB9-8A6C-6653B33681F0}.AppStore|Any CPU.Build.0 = Release|Any CPU
		{2882AEEB-D4CD-4EB9-8A6C-6653B33681F0}.AppStore|ARM.ActiveCfg = Release|Any CPU
		{2882AEEB-D4CD-4EB9-8A6C-6653B33681F0}.AppStore|iPhone.ActiveCfg = Release|Any CPU
		{2882AEEB-D4CD-4EB9-8A6C-6653B33681F0}.AppStore|iPhoneSimulator.ActiveCfg = Release|Any CPU
		{2882AEEB-D4CD-4EB9-8A6C-6653B33681F0}.AppStore|Mixed Platforms.ActiveCfg = Release|Any CPU
		{2882AEEB-D4CD-4EB9-8A6C-6653B33681F0}.AppStore|Mixed Platforms.Build.0 = Release|Any CPU
		{2882AEEB-D4CD-4EB9-8A6C-6653B33681F0}.AppStore|x64.ActiveCfg = Release|Any CPU
		{2882AEEB-D4CD-4EB9-8A6C-6653B33681F0}.AppStore|x86.ActiveCfg = Release|Any CPU
		{2882AEEB-D4CD-4EB9-8A6C-6653B33681F0}.Debug|Any CPU.ActiveCfg = Debug|Any CPU
		{2882AEEB-D4CD-4EB9-8A6C-6653B33681F0}.Debug|Any CPU.Build.0 = Debug|Any CPU
		{2882AEEB-D4CD-4EB9-8A6C-6653B33681F0}.Debug|ARM.ActiveCfg = Debug|Any CPU
		{2882AEEB-D4CD-4EB9-8A6C-6653B33681F0}.Debug|iPhone.ActiveCfg = Debug|Any CPU
		{2882AEEB-D4CD-4EB9-8A6C-6653B33681F0}.Debug|iPhone.Build.0 = Debug|Any CPU
		{2882AEEB-D4CD-4EB9-8A6C-6653B33681F0}.Debug|iPhoneSimulator.ActiveCfg = Debug|Any CPU
		{2882AEEB-D4CD-4EB9-8A6C-6653B33681F0}.Debug|Mixed Platforms.ActiveCfg = Debug|Any CPU
		{2882AEEB-D4CD-4EB9-8A6C-6653B33681F0}.Debug|Mixed Platforms.Build.0 = Debug|Any CPU
		{2882AEEB-D4CD-4EB9-8A6C-6653B33681F0}.Debug|x64.ActiveCfg = Debug|Any CPU
		{2882AEEB-D4CD-4EB9-8A6C-6653B33681F0}.Debug|x86.ActiveCfg = Debug|Any CPU
		{2882AEEB-D4CD-4EB9-8A6C-6653B33681F0}.Debug|x86.Build.0 = Debug|Any CPU
		{2882AEEB-D4CD-4EB9-8A6C-6653B33681F0}.Release|Any CPU.ActiveCfg = Release|Any CPU
		{2882AEEB-D4CD-4EB9-8A6C-6653B33681F0}.Release|Any CPU.Build.0 = Release|Any CPU
		{2882AEEB-D4CD-4EB9-8A6C-6653B33681F0}.Release|ARM.ActiveCfg = Release|Any CPU
		{2882AEEB-D4CD-4EB9-8A6C-6653B33681F0}.Release|ARM.Build.0 = Release|Any CPU
		{2882AEEB-D4CD-4EB9-8A6C-6653B33681F0}.Release|iPhone.ActiveCfg = Release|Any CPU
		{2882AEEB-D4CD-4EB9-8A6C-6653B33681F0}.Release|iPhoneSimulator.ActiveCfg = Release|Any CPU
		{2882AEEB-D4CD-4EB9-8A6C-6653B33681F0}.Release|iPhoneSimulator.Build.0 = Release|Any CPU
		{2882AEEB-D4CD-4EB9-8A6C-6653B33681F0}.Release|Mixed Platforms.ActiveCfg = Release|Any CPU
		{2882AEEB-D4CD-4EB9-8A6C-6653B33681F0}.Release|Mixed Platforms.Build.0 = Release|Any CPU
		{2882AEEB-D4CD-4EB9-8A6C-6653B33681F0}.Release|x64.ActiveCfg = Release|Any CPU
		{2882AEEB-D4CD-4EB9-8A6C-6653B33681F0}.Release|x64.Build.0 = Release|Any CPU
		{2882AEEB-D4CD-4EB9-8A6C-6653B33681F0}.Release|x86.ActiveCfg = Release|Any CPU
		{2882AEEB-D4CD-4EB9-8A6C-6653B33681F0}.Release|x86.Build.0 = Release|Any CPU
		{56A56F17-7DE1-4CA1-9617-BF32E971AC84}.Ad-Hoc|Any CPU.ActiveCfg = Release|Any CPU
		{56A56F17-7DE1-4CA1-9617-BF32E971AC84}.Ad-Hoc|Any CPU.Build.0 = Release|Any CPU
		{56A56F17-7DE1-4CA1-9617-BF32E971AC84}.Ad-Hoc|ARM.ActiveCfg = Release|Any CPU
		{56A56F17-7DE1-4CA1-9617-BF32E971AC84}.Ad-Hoc|iPhone.ActiveCfg = Release|Any CPU
		{56A56F17-7DE1-4CA1-9617-BF32E971AC84}.Ad-Hoc|iPhoneSimulator.ActiveCfg = Release|Any CPU
		{56A56F17-7DE1-4CA1-9617-BF32E971AC84}.Ad-Hoc|Mixed Platforms.ActiveCfg = Release|Any CPU
		{56A56F17-7DE1-4CA1-9617-BF32E971AC84}.Ad-Hoc|Mixed Platforms.Build.0 = Release|Any CPU
		{56A56F17-7DE1-4CA1-9617-BF32E971AC84}.Ad-Hoc|x64.ActiveCfg = Release|Any CPU
		{56A56F17-7DE1-4CA1-9617-BF32E971AC84}.Ad-Hoc|x86.ActiveCfg = Release|Any CPU
		{56A56F17-7DE1-4CA1-9617-BF32E971AC84}.AppStore|Any CPU.ActiveCfg = Release|Any CPU
		{56A56F17-7DE1-4CA1-9617-BF32E971AC84}.AppStore|Any CPU.Build.0 = Release|Any CPU
		{56A56F17-7DE1-4CA1-9617-BF32E971AC84}.AppStore|ARM.ActiveCfg = Release|Any CPU
		{56A56F17-7DE1-4CA1-9617-BF32E971AC84}.AppStore|iPhone.ActiveCfg = Release|Any CPU
		{56A56F17-7DE1-4CA1-9617-BF32E971AC84}.AppStore|iPhoneSimulator.ActiveCfg = Release|Any CPU
		{56A56F17-7DE1-4CA1-9617-BF32E971AC84}.AppStore|Mixed Platforms.ActiveCfg = Release|Any CPU
		{56A56F17-7DE1-4CA1-9617-BF32E971AC84}.AppStore|Mixed Platforms.Build.0 = Release|Any CPU
		{56A56F17-7DE1-4CA1-9617-BF32E971AC84}.AppStore|x64.ActiveCfg = Release|Any CPU
		{56A56F17-7DE1-4CA1-9617-BF32E971AC84}.AppStore|x86.ActiveCfg = Release|Any CPU
		{56A56F17-7DE1-4CA1-9617-BF32E971AC84}.Debug|Any CPU.ActiveCfg = Debug|Any CPU
		{56A56F17-7DE1-4CA1-9617-BF32E971AC84}.Debug|Any CPU.Build.0 = Debug|Any CPU
		{56A56F17-7DE1-4CA1-9617-BF32E971AC84}.Debug|ARM.ActiveCfg = Debug|Any CPU
		{56A56F17-7DE1-4CA1-9617-BF32E971AC84}.Debug|iPhone.ActiveCfg = Debug|Any CPU
		{56A56F17-7DE1-4CA1-9617-BF32E971AC84}.Debug|iPhone.Build.0 = Debug|Any CPU
		{56A56F17-7DE1-4CA1-9617-BF32E971AC84}.Debug|iPhoneSimulator.ActiveCfg = Debug|Any CPU
		{56A56F17-7DE1-4CA1-9617-BF32E971AC84}.Debug|Mixed Platforms.ActiveCfg = Debug|Any CPU
		{56A56F17-7DE1-4CA1-9617-BF32E971AC84}.Debug|Mixed Platforms.Build.0 = Debug|Any CPU
		{56A56F17-7DE1-4CA1-9617-BF32E971AC84}.Debug|x64.ActiveCfg = Debug|Any CPU
		{56A56F17-7DE1-4CA1-9617-BF32E971AC84}.Debug|x86.ActiveCfg = Debug|Any CPU
		{56A56F17-7DE1-4CA1-9617-BF32E971AC84}.Debug|x86.Build.0 = Debug|Any CPU
		{56A56F17-7DE1-4CA1-9617-BF32E971AC84}.Release|Any CPU.ActiveCfg = Release|Any CPU
		{56A56F17-7DE1-4CA1-9617-BF32E971AC84}.Release|Any CPU.Build.0 = Release|Any CPU
		{56A56F17-7DE1-4CA1-9617-BF32E971AC84}.Release|ARM.ActiveCfg = Release|Any CPU
		{56A56F17-7DE1-4CA1-9617-BF32E971AC84}.Release|ARM.Build.0 = Release|Any CPU
		{56A56F17-7DE1-4CA1-9617-BF32E971AC84}.Release|iPhone.ActiveCfg = Release|Any CPU
		{56A56F17-7DE1-4CA1-9617-BF32E971AC84}.Release|iPhoneSimulator.ActiveCfg = Release|Any CPU
		{56A56F17-7DE1-4CA1-9617-BF32E971AC84}.Release|iPhoneSimulator.Build.0 = Release|Any CPU
		{56A56F17-7DE1-4CA1-9617-BF32E971AC84}.Release|Mixed Platforms.ActiveCfg = Release|Any CPU
		{56A56F17-7DE1-4CA1-9617-BF32E971AC84}.Release|Mixed Platforms.Build.0 = Release|Any CPU
		{56A56F17-7DE1-4CA1-9617-BF32E971AC84}.Release|x64.ActiveCfg = Release|Any CPU
		{56A56F17-7DE1-4CA1-9617-BF32E971AC84}.Release|x64.Build.0 = Release|Any CPU
		{56A56F17-7DE1-4CA1-9617-BF32E971AC84}.Release|x86.ActiveCfg = Release|Any CPU
		{56A56F17-7DE1-4CA1-9617-BF32E971AC84}.Release|x86.Build.0 = Release|Any CPU
		{25A7B55B-93ED-4631-8587-276054F4A321}.Ad-Hoc|Any CPU.ActiveCfg = Release|Any CPU
		{25A7B55B-93ED-4631-8587-276054F4A321}.Ad-Hoc|Any CPU.Build.0 = Release|Any CPU
		{25A7B55B-93ED-4631-8587-276054F4A321}.Ad-Hoc|ARM.ActiveCfg = Release|ARM
		{25A7B55B-93ED-4631-8587-276054F4A321}.Ad-Hoc|ARM.Build.0 = Release|ARM
		{25A7B55B-93ED-4631-8587-276054F4A321}.Ad-Hoc|iPhone.ActiveCfg = Release|Any CPU
		{25A7B55B-93ED-4631-8587-276054F4A321}.Ad-Hoc|iPhone.Build.0 = Release|Any CPU
		{25A7B55B-93ED-4631-8587-276054F4A321}.Ad-Hoc|iPhoneSimulator.ActiveCfg = Release|Any CPU
		{25A7B55B-93ED-4631-8587-276054F4A321}.Ad-Hoc|iPhoneSimulator.Build.0 = Release|Any CPU
		{25A7B55B-93ED-4631-8587-276054F4A321}.Ad-Hoc|Mixed Platforms.ActiveCfg = Release|x86
		{25A7B55B-93ED-4631-8587-276054F4A321}.Ad-Hoc|Mixed Platforms.Build.0 = Release|x86
		{25A7B55B-93ED-4631-8587-276054F4A321}.Ad-Hoc|x64.ActiveCfg = Release|x64
		{25A7B55B-93ED-4631-8587-276054F4A321}.Ad-Hoc|x64.Build.0 = Release|x64
		{25A7B55B-93ED-4631-8587-276054F4A321}.Ad-Hoc|x86.ActiveCfg = Release|x86
		{25A7B55B-93ED-4631-8587-276054F4A321}.Ad-Hoc|x86.Build.0 = Release|x86
		{25A7B55B-93ED-4631-8587-276054F4A321}.AppStore|Any CPU.ActiveCfg = Release|Any CPU
		{25A7B55B-93ED-4631-8587-276054F4A321}.AppStore|Any CPU.Build.0 = Release|Any CPU
		{25A7B55B-93ED-4631-8587-276054F4A321}.AppStore|ARM.ActiveCfg = Release|ARM
		{25A7B55B-93ED-4631-8587-276054F4A321}.AppStore|ARM.Build.0 = Release|ARM
		{25A7B55B-93ED-4631-8587-276054F4A321}.AppStore|iPhone.ActiveCfg = Release|Any CPU
		{25A7B55B-93ED-4631-8587-276054F4A321}.AppStore|iPhone.Build.0 = Release|Any CPU
		{25A7B55B-93ED-4631-8587-276054F4A321}.AppStore|iPhoneSimulator.ActiveCfg = Release|Any CPU
		{25A7B55B-93ED-4631-8587-276054F4A321}.AppStore|iPhoneSimulator.Build.0 = Release|Any CPU
		{25A7B55B-93ED-4631-8587-276054F4A321}.AppStore|Mixed Platforms.ActiveCfg = Release|x86
		{25A7B55B-93ED-4631-8587-276054F4A321}.AppStore|Mixed Platforms.Build.0 = Release|x86
		{25A7B55B-93ED-4631-8587-276054F4A321}.AppStore|x64.ActiveCfg = Release|x64
		{25A7B55B-93ED-4631-8587-276054F4A321}.AppStore|x64.Build.0 = Release|x64
		{25A7B55B-93ED-4631-8587-276054F4A321}.AppStore|x86.ActiveCfg = Release|x86
		{25A7B55B-93ED-4631-8587-276054F4A321}.AppStore|x86.Build.0 = Release|x86
		{25A7B55B-93ED-4631-8587-276054F4A321}.Debug|Any CPU.ActiveCfg = Debug|Any CPU
		{25A7B55B-93ED-4631-8587-276054F4A321}.Debug|Any CPU.Build.0 = Debug|Any CPU
		{25A7B55B-93ED-4631-8587-276054F4A321}.Debug|ARM.ActiveCfg = Debug|ARM
		{25A7B55B-93ED-4631-8587-276054F4A321}.Debug|ARM.Build.0 = Debug|ARM
		{25A7B55B-93ED-4631-8587-276054F4A321}.Debug|iPhone.ActiveCfg = Debug|Any CPU
		{25A7B55B-93ED-4631-8587-276054F4A321}.Debug|iPhone.Build.0 = Debug|Any CPU
		{25A7B55B-93ED-4631-8587-276054F4A321}.Debug|iPhoneSimulator.ActiveCfg = Debug|Any CPU
		{25A7B55B-93ED-4631-8587-276054F4A321}.Debug|iPhoneSimulator.Build.0 = Debug|Any CPU
		{25A7B55B-93ED-4631-8587-276054F4A321}.Debug|Mixed Platforms.ActiveCfg = Debug|x86
		{25A7B55B-93ED-4631-8587-276054F4A321}.Debug|Mixed Platforms.Build.0 = Debug|x86
		{25A7B55B-93ED-4631-8587-276054F4A321}.Debug|x64.ActiveCfg = Debug|x64
		{25A7B55B-93ED-4631-8587-276054F4A321}.Debug|x64.Build.0 = Debug|x64
		{25A7B55B-93ED-4631-8587-276054F4A321}.Debug|x86.ActiveCfg = Debug|x86
		{25A7B55B-93ED-4631-8587-276054F4A321}.Debug|x86.Build.0 = Debug|x86
		{25A7B55B-93ED-4631-8587-276054F4A321}.Release|Any CPU.ActiveCfg = Release|Any CPU
		{25A7B55B-93ED-4631-8587-276054F4A321}.Release|Any CPU.Build.0 = Release|Any CPU
		{25A7B55B-93ED-4631-8587-276054F4A321}.Release|ARM.ActiveCfg = Release|ARM
		{25A7B55B-93ED-4631-8587-276054F4A321}.Release|ARM.Build.0 = Release|ARM
		{25A7B55B-93ED-4631-8587-276054F4A321}.Release|iPhone.ActiveCfg = Release|Any CPU
		{25A7B55B-93ED-4631-8587-276054F4A321}.Release|iPhone.Build.0 = Release|Any CPU
		{25A7B55B-93ED-4631-8587-276054F4A321}.Release|iPhoneSimulator.ActiveCfg = Release|Any CPU
		{25A7B55B-93ED-4631-8587-276054F4A321}.Release|iPhoneSimulator.Build.0 = Release|Any CPU
		{25A7B55B-93ED-4631-8587-276054F4A321}.Release|Mixed Platforms.ActiveCfg = Release|x86
		{25A7B55B-93ED-4631-8587-276054F4A321}.Release|Mixed Platforms.Build.0 = Release|x86
		{25A7B55B-93ED-4631-8587-276054F4A321}.Release|x64.ActiveCfg = Release|x64
		{25A7B55B-93ED-4631-8587-276054F4A321}.Release|x64.Build.0 = Release|x64
		{25A7B55B-93ED-4631-8587-276054F4A321}.Release|x86.ActiveCfg = Release|x86
		{25A7B55B-93ED-4631-8587-276054F4A321}.Release|x86.Build.0 = Release|x86
		{D45DEDF0-357D-455C-8189-E3DE0039CB4E}.Ad-Hoc|Any CPU.ActiveCfg = Release|Any CPU
		{D45DEDF0-357D-455C-8189-E3DE0039CB4E}.Ad-Hoc|Any CPU.Build.0 = Release|Any CPU
		{D45DEDF0-357D-455C-8189-E3DE0039CB4E}.Ad-Hoc|ARM.ActiveCfg = Release|Any CPU
		{D45DEDF0-357D-455C-8189-E3DE0039CB4E}.Ad-Hoc|ARM.Build.0 = Release|Any CPU
		{D45DEDF0-357D-455C-8189-E3DE0039CB4E}.Ad-Hoc|iPhone.ActiveCfg = Release|Any CPU
		{D45DEDF0-357D-455C-8189-E3DE0039CB4E}.Ad-Hoc|iPhone.Build.0 = Release|Any CPU
		{D45DEDF0-357D-455C-8189-E3DE0039CB4E}.Ad-Hoc|iPhoneSimulator.ActiveCfg = Release|Any CPU
		{D45DEDF0-357D-455C-8189-E3DE0039CB4E}.Ad-Hoc|iPhoneSimulator.Build.0 = Release|Any CPU
		{D45DEDF0-357D-455C-8189-E3DE0039CB4E}.Ad-Hoc|Mixed Platforms.ActiveCfg = Release|Any CPU
		{D45DEDF0-357D-455C-8189-E3DE0039CB4E}.Ad-Hoc|Mixed Platforms.Build.0 = Release|Any CPU
		{D45DEDF0-357D-455C-8189-E3DE0039CB4E}.Ad-Hoc|x64.ActiveCfg = Release|Any CPU
		{D45DEDF0-357D-455C-8189-E3DE0039CB4E}.Ad-Hoc|x64.Build.0 = Release|Any CPU
		{D45DEDF0-357D-455C-8189-E3DE0039CB4E}.Ad-Hoc|x86.ActiveCfg = Release|Any CPU
		{D45DEDF0-357D-455C-8189-E3DE0039CB4E}.Ad-Hoc|x86.Build.0 = Release|Any CPU
		{D45DEDF0-357D-455C-8189-E3DE0039CB4E}.AppStore|Any CPU.ActiveCfg = Release|Any CPU
		{D45DEDF0-357D-455C-8189-E3DE0039CB4E}.AppStore|Any CPU.Build.0 = Release|Any CPU
		{D45DEDF0-357D-455C-8189-E3DE0039CB4E}.AppStore|ARM.ActiveCfg = Release|Any CPU
		{D45DEDF0-357D-455C-8189-E3DE0039CB4E}.AppStore|ARM.Build.0 = Release|Any CPU
		{D45DEDF0-357D-455C-8189-E3DE0039CB4E}.AppStore|iPhone.ActiveCfg = Release|Any CPU
		{D45DEDF0-357D-455C-8189-E3DE0039CB4E}.AppStore|iPhone.Build.0 = Release|Any CPU
		{D45DEDF0-357D-455C-8189-E3DE0039CB4E}.AppStore|iPhoneSimulator.ActiveCfg = Release|Any CPU
		{D45DEDF0-357D-455C-8189-E3DE0039CB4E}.AppStore|iPhoneSimulator.Build.0 = Release|Any CPU
		{D45DEDF0-357D-455C-8189-E3DE0039CB4E}.AppStore|Mixed Platforms.ActiveCfg = Release|Any CPU
		{D45DEDF0-357D-455C-8189-E3DE0039CB4E}.AppStore|Mixed Platforms.Build.0 = Release|Any CPU
		{D45DEDF0-357D-455C-8189-E3DE0039CB4E}.AppStore|x64.ActiveCfg = Release|Any CPU
		{D45DEDF0-357D-455C-8189-E3DE0039CB4E}.AppStore|x64.Build.0 = Release|Any CPU
		{D45DEDF0-357D-455C-8189-E3DE0039CB4E}.AppStore|x86.ActiveCfg = Release|Any CPU
		{D45DEDF0-357D-455C-8189-E3DE0039CB4E}.AppStore|x86.Build.0 = Release|Any CPU
		{D45DEDF0-357D-455C-8189-E3DE0039CB4E}.Debug|Any CPU.ActiveCfg = Debug|Any CPU
		{D45DEDF0-357D-455C-8189-E3DE0039CB4E}.Debug|Any CPU.Build.0 = Debug|Any CPU
		{D45DEDF0-357D-455C-8189-E3DE0039CB4E}.Debug|ARM.ActiveCfg = Debug|Any CPU
		{D45DEDF0-357D-455C-8189-E3DE0039CB4E}.Debug|ARM.Build.0 = Debug|Any CPU
		{D45DEDF0-357D-455C-8189-E3DE0039CB4E}.Debug|iPhone.ActiveCfg = Debug|Any CPU
		{D45DEDF0-357D-455C-8189-E3DE0039CB4E}.Debug|iPhone.Build.0 = Debug|Any CPU
		{D45DEDF0-357D-455C-8189-E3DE0039CB4E}.Debug|iPhoneSimulator.ActiveCfg = Debug|Any CPU
		{D45DEDF0-357D-455C-8189-E3DE0039CB4E}.Debug|iPhoneSimulator.Build.0 = Debug|Any CPU
		{D45DEDF0-357D-455C-8189-E3DE0039CB4E}.Debug|Mixed Platforms.ActiveCfg = Debug|Any CPU
		{D45DEDF0-357D-455C-8189-E3DE0039CB4E}.Debug|Mixed Platforms.Build.0 = Debug|Any CPU
		{D45DEDF0-357D-455C-8189-E3DE0039CB4E}.Debug|x64.ActiveCfg = Debug|Any CPU
		{D45DEDF0-357D-455C-8189-E3DE0039CB4E}.Debug|x64.Build.0 = Debug|Any CPU
		{D45DEDF0-357D-455C-8189-E3DE0039CB4E}.Debug|x86.ActiveCfg = Debug|Any CPU
		{D45DEDF0-357D-455C-8189-E3DE0039CB4E}.Debug|x86.Build.0 = Debug|Any CPU
		{D45DEDF0-357D-455C-8189-E3DE0039CB4E}.Release|Any CPU.ActiveCfg = Release|Any CPU
		{D45DEDF0-357D-455C-8189-E3DE0039CB4E}.Release|Any CPU.Build.0 = Release|Any CPU
		{D45DEDF0-357D-455C-8189-E3DE0039CB4E}.Release|ARM.ActiveCfg = Release|Any CPU
		{D45DEDF0-357D-455C-8189-E3DE0039CB4E}.Release|ARM.Build.0 = Release|Any CPU
		{D45DEDF0-357D-455C-8189-E3DE0039CB4E}.Release|iPhone.ActiveCfg = Release|Any CPU
		{D45DEDF0-357D-455C-8189-E3DE0039CB4E}.Release|iPhone.Build.0 = Release|Any CPU
		{D45DEDF0-357D-455C-8189-E3DE0039CB4E}.Release|iPhoneSimulator.ActiveCfg = Release|Any CPU
		{D45DEDF0-357D-455C-8189-E3DE0039CB4E}.Release|iPhoneSimulator.Build.0 = Release|Any CPU
		{D45DEDF0-357D-455C-8189-E3DE0039CB4E}.Release|Mixed Platforms.ActiveCfg = Release|Any CPU
		{D45DEDF0-357D-455C-8189-E3DE0039CB4E}.Release|Mixed Platforms.Build.0 = Release|Any CPU
		{D45DEDF0-357D-455C-8189-E3DE0039CB4E}.Release|x64.ActiveCfg = Release|Any CPU
		{D45DEDF0-357D-455C-8189-E3DE0039CB4E}.Release|x64.Build.0 = Release|Any CPU
		{D45DEDF0-357D-455C-8189-E3DE0039CB4E}.Release|x86.ActiveCfg = Release|Any CPU
		{D45DEDF0-357D-455C-8189-E3DE0039CB4E}.Release|x86.Build.0 = Release|Any CPU
		{9AE7DCA3-296B-4338-930B-8FFEF78433F2}.Ad-Hoc|Any CPU.ActiveCfg = Release|Any CPU
		{9AE7DCA3-296B-4338-930B-8FFEF78433F2}.Ad-Hoc|Any CPU.Build.0 = Release|Any CPU
		{9AE7DCA3-296B-4338-930B-8FFEF78433F2}.Ad-Hoc|ARM.ActiveCfg = Release|Any CPU
		{9AE7DCA3-296B-4338-930B-8FFEF78433F2}.Ad-Hoc|ARM.Build.0 = Release|Any CPU
		{9AE7DCA3-296B-4338-930B-8FFEF78433F2}.Ad-Hoc|iPhone.ActiveCfg = Release|Any CPU
		{9AE7DCA3-296B-4338-930B-8FFEF78433F2}.Ad-Hoc|iPhone.Build.0 = Release|Any CPU
		{9AE7DCA3-296B-4338-930B-8FFEF78433F2}.Ad-Hoc|iPhoneSimulator.ActiveCfg = Release|Any CPU
		{9AE7DCA3-296B-4338-930B-8FFEF78433F2}.Ad-Hoc|iPhoneSimulator.Build.0 = Release|Any CPU
		{9AE7DCA3-296B-4338-930B-8FFEF78433F2}.Ad-Hoc|Mixed Platforms.ActiveCfg = Release|Any CPU
		{9AE7DCA3-296B-4338-930B-8FFEF78433F2}.Ad-Hoc|Mixed Platforms.Build.0 = Release|Any CPU
		{9AE7DCA3-296B-4338-930B-8FFEF78433F2}.Ad-Hoc|x64.ActiveCfg = Release|Any CPU
		{9AE7DCA3-296B-4338-930B-8FFEF78433F2}.Ad-Hoc|x64.Build.0 = Release|Any CPU
		{9AE7DCA3-296B-4338-930B-8FFEF78433F2}.Ad-Hoc|x86.ActiveCfg = Release|Any CPU
		{9AE7DCA3-296B-4338-930B-8FFEF78433F2}.Ad-Hoc|x86.Build.0 = Release|Any CPU
		{9AE7DCA3-296B-4338-930B-8FFEF78433F2}.AppStore|Any CPU.ActiveCfg = Release|Any CPU
		{9AE7DCA3-296B-4338-930B-8FFEF78433F2}.AppStore|Any CPU.Build.0 = Release|Any CPU
		{9AE7DCA3-296B-4338-930B-8FFEF78433F2}.AppStore|ARM.ActiveCfg = Release|Any CPU
		{9AE7DCA3-296B-4338-930B-8FFEF78433F2}.AppStore|ARM.Build.0 = Release|Any CPU
		{9AE7DCA3-296B-4338-930B-8FFEF78433F2}.AppStore|iPhone.ActiveCfg = Release|Any CPU
		{9AE7DCA3-296B-4338-930B-8FFEF78433F2}.AppStore|iPhone.Build.0 = Release|Any CPU
		{9AE7DCA3-296B-4338-930B-8FFEF78433F2}.AppStore|iPhoneSimulator.ActiveCfg = Release|Any CPU
		{9AE7DCA3-296B-4338-930B-8FFEF78433F2}.AppStore|iPhoneSimulator.Build.0 = Release|Any CPU
		{9AE7DCA3-296B-4338-930B-8FFEF78433F2}.AppStore|Mixed Platforms.ActiveCfg = Release|Any CPU
		{9AE7DCA3-296B-4338-930B-8FFEF78433F2}.AppStore|Mixed Platforms.Build.0 = Release|Any CPU
		{9AE7DCA3-296B-4338-930B-8FFEF78433F2}.AppStore|x64.ActiveCfg = Release|Any CPU
		{9AE7DCA3-296B-4338-930B-8FFEF78433F2}.AppStore|x64.Build.0 = Release|Any CPU
		{9AE7DCA3-296B-4338-930B-8FFEF78433F2}.AppStore|x86.ActiveCfg = Release|Any CPU
		{9AE7DCA3-296B-4338-930B-8FFEF78433F2}.AppStore|x86.Build.0 = Release|Any CPU
		{9AE7DCA3-296B-4338-930B-8FFEF78433F2}.Debug|Any CPU.ActiveCfg = Debug|Any CPU
		{9AE7DCA3-296B-4338-930B-8FFEF78433F2}.Debug|Any CPU.Build.0 = Debug|Any CPU
		{9AE7DCA3-296B-4338-930B-8FFEF78433F2}.Debug|ARM.ActiveCfg = Debug|Any CPU
		{9AE7DCA3-296B-4338-930B-8FFEF78433F2}.Debug|ARM.Build.0 = Debug|Any CPU
		{9AE7DCA3-296B-4338-930B-8FFEF78433F2}.Debug|iPhone.ActiveCfg = Debug|Any CPU
		{9AE7DCA3-296B-4338-930B-8FFEF78433F2}.Debug|iPhone.Build.0 = Debug|Any CPU
		{9AE7DCA3-296B-4338-930B-8FFEF78433F2}.Debug|iPhoneSimulator.ActiveCfg = Debug|Any CPU
		{9AE7DCA3-296B-4338-930B-8FFEF78433F2}.Debug|iPhoneSimulator.Build.0 = Debug|Any CPU
		{9AE7DCA3-296B-4338-930B-8FFEF78433F2}.Debug|Mixed Platforms.ActiveCfg = Debug|Any CPU
		{9AE7DCA3-296B-4338-930B-8FFEF78433F2}.Debug|Mixed Platforms.Build.0 = Debug|Any CPU
		{9AE7DCA3-296B-4338-930B-8FFEF78433F2}.Debug|x64.ActiveCfg = Debug|Any CPU
		{9AE7DCA3-296B-4338-930B-8FFEF78433F2}.Debug|x64.Build.0 = Debug|Any CPU
		{9AE7DCA3-296B-4338-930B-8FFEF78433F2}.Debug|x86.ActiveCfg = Debug|Any CPU
		{9AE7DCA3-296B-4338-930B-8FFEF78433F2}.Debug|x86.Build.0 = Debug|Any CPU
		{9AE7DCA3-296B-4338-930B-8FFEF78433F2}.Release|Any CPU.ActiveCfg = Release|Any CPU
		{9AE7DCA3-296B-4338-930B-8FFEF78433F2}.Release|Any CPU.Build.0 = Release|Any CPU
		{9AE7DCA3-296B-4338-930B-8FFEF78433F2}.Release|ARM.ActiveCfg = Release|Any CPU
		{9AE7DCA3-296B-4338-930B-8FFEF78433F2}.Release|ARM.Build.0 = Release|Any CPU
		{9AE7DCA3-296B-4338-930B-8FFEF78433F2}.Release|iPhone.ActiveCfg = Release|Any CPU
		{9AE7DCA3-296B-4338-930B-8FFEF78433F2}.Release|iPhone.Build.0 = Release|Any CPU
		{9AE7DCA3-296B-4338-930B-8FFEF78433F2}.Release|iPhoneSimulator.ActiveCfg = Release|Any CPU
		{9AE7DCA3-296B-4338-930B-8FFEF78433F2}.Release|iPhoneSimulator.Build.0 = Release|Any CPU
		{9AE7DCA3-296B-4338-930B-8FFEF78433F2}.Release|Mixed Platforms.ActiveCfg = Release|Any CPU
		{9AE7DCA3-296B-4338-930B-8FFEF78433F2}.Release|Mixed Platforms.Build.0 = Release|Any CPU
		{9AE7DCA3-296B-4338-930B-8FFEF78433F2}.Release|x64.ActiveCfg = Release|Any CPU
		{9AE7DCA3-296B-4338-930B-8FFEF78433F2}.Release|x64.Build.0 = Release|Any CPU
		{9AE7DCA3-296B-4338-930B-8FFEF78433F2}.Release|x86.ActiveCfg = Release|Any CPU
		{9AE7DCA3-296B-4338-930B-8FFEF78433F2}.Release|x86.Build.0 = Release|Any CPU
		{44087DE8-D645-4F7B-A655-20EEA65EF209}.Ad-Hoc|Any CPU.ActiveCfg = Release|Any CPU
		{44087DE8-D645-4F7B-A655-20EEA65EF209}.Ad-Hoc|Any CPU.Build.0 = Release|Any CPU
		{44087DE8-D645-4F7B-A655-20EEA65EF209}.Ad-Hoc|ARM.ActiveCfg = Release|Any CPU
		{44087DE8-D645-4F7B-A655-20EEA65EF209}.Ad-Hoc|ARM.Build.0 = Release|Any CPU
		{44087DE8-D645-4F7B-A655-20EEA65EF209}.Ad-Hoc|iPhone.ActiveCfg = Release|Any CPU
		{44087DE8-D645-4F7B-A655-20EEA65EF209}.Ad-Hoc|iPhone.Build.0 = Release|Any CPU
		{44087DE8-D645-4F7B-A655-20EEA65EF209}.Ad-Hoc|iPhoneSimulator.ActiveCfg = Release|Any CPU
		{44087DE8-D645-4F7B-A655-20EEA65EF209}.Ad-Hoc|iPhoneSimulator.Build.0 = Release|Any CPU
		{44087DE8-D645-4F7B-A655-20EEA65EF209}.Ad-Hoc|Mixed Platforms.ActiveCfg = Release|Any CPU
		{44087DE8-D645-4F7B-A655-20EEA65EF209}.Ad-Hoc|Mixed Platforms.Build.0 = Release|Any CPU
		{44087DE8-D645-4F7B-A655-20EEA65EF209}.Ad-Hoc|x64.ActiveCfg = Release|Any CPU
		{44087DE8-D645-4F7B-A655-20EEA65EF209}.Ad-Hoc|x64.Build.0 = Release|Any CPU
		{44087DE8-D645-4F7B-A655-20EEA65EF209}.Ad-Hoc|x86.ActiveCfg = Release|Any CPU
		{44087DE8-D645-4F7B-A655-20EEA65EF209}.Ad-Hoc|x86.Build.0 = Release|Any CPU
		{44087DE8-D645-4F7B-A655-20EEA65EF209}.AppStore|Any CPU.ActiveCfg = Release|Any CPU
		{44087DE8-D645-4F7B-A655-20EEA65EF209}.AppStore|Any CPU.Build.0 = Release|Any CPU
		{44087DE8-D645-4F7B-A655-20EEA65EF209}.AppStore|ARM.ActiveCfg = Release|Any CPU
		{44087DE8-D645-4F7B-A655-20EEA65EF209}.AppStore|ARM.Build.0 = Release|Any CPU
		{44087DE8-D645-4F7B-A655-20EEA65EF209}.AppStore|iPhone.ActiveCfg = Release|Any CPU
		{44087DE8-D645-4F7B-A655-20EEA65EF209}.AppStore|iPhone.Build.0 = Release|Any CPU
		{44087DE8-D645-4F7B-A655-20EEA65EF209}.AppStore|iPhoneSimulator.ActiveCfg = Release|Any CPU
		{44087DE8-D645-4F7B-A655-20EEA65EF209}.AppStore|iPhoneSimulator.Build.0 = Release|Any CPU
		{44087DE8-D645-4F7B-A655-20EEA65EF209}.AppStore|Mixed Platforms.ActiveCfg = Release|Any CPU
		{44087DE8-D645-4F7B-A655-20EEA65EF209}.AppStore|Mixed Platforms.Build.0 = Release|Any CPU
		{44087DE8-D645-4F7B-A655-20EEA65EF209}.AppStore|x64.ActiveCfg = Release|Any CPU
		{44087DE8-D645-4F7B-A655-20EEA65EF209}.AppStore|x64.Build.0 = Release|Any CPU
		{44087DE8-D645-4F7B-A655-20EEA65EF209}.AppStore|x86.ActiveCfg = Release|Any CPU
		{44087DE8-D645-4F7B-A655-20EEA65EF209}.AppStore|x86.Build.0 = Release|Any CPU
		{44087DE8-D645-4F7B-A655-20EEA65EF209}.Debug|Any CPU.ActiveCfg = Debug|Any CPU
		{44087DE8-D645-4F7B-A655-20EEA65EF209}.Debug|Any CPU.Build.0 = Debug|Any CPU
		{44087DE8-D645-4F7B-A655-20EEA65EF209}.Debug|ARM.ActiveCfg = Debug|Any CPU
		{44087DE8-D645-4F7B-A655-20EEA65EF209}.Debug|ARM.Build.0 = Debug|Any CPU
		{44087DE8-D645-4F7B-A655-20EEA65EF209}.Debug|iPhone.ActiveCfg = Debug|Any CPU
		{44087DE8-D645-4F7B-A655-20EEA65EF209}.Debug|iPhone.Build.0 = Debug|Any CPU
		{44087DE8-D645-4F7B-A655-20EEA65EF209}.Debug|iPhoneSimulator.ActiveCfg = Debug|Any CPU
		{44087DE8-D645-4F7B-A655-20EEA65EF209}.Debug|iPhoneSimulator.Build.0 = Debug|Any CPU
		{44087DE8-D645-4F7B-A655-20EEA65EF209}.Debug|Mixed Platforms.ActiveCfg = Debug|Any CPU
		{44087DE8-D645-4F7B-A655-20EEA65EF209}.Debug|Mixed Platforms.Build.0 = Debug|Any CPU
		{44087DE8-D645-4F7B-A655-20EEA65EF209}.Debug|x64.ActiveCfg = Debug|Any CPU
		{44087DE8-D645-4F7B-A655-20EEA65EF209}.Debug|x64.Build.0 = Debug|Any CPU
		{44087DE8-D645-4F7B-A655-20EEA65EF209}.Debug|x86.ActiveCfg = Debug|Any CPU
		{44087DE8-D645-4F7B-A655-20EEA65EF209}.Debug|x86.Build.0 = Debug|Any CPU
		{44087DE8-D645-4F7B-A655-20EEA65EF209}.Release|Any CPU.ActiveCfg = Release|Any CPU
		{44087DE8-D645-4F7B-A655-20EEA65EF209}.Release|Any CPU.Build.0 = Release|Any CPU
		{44087DE8-D645-4F7B-A655-20EEA65EF209}.Release|ARM.ActiveCfg = Release|Any CPU
		{44087DE8-D645-4F7B-A655-20EEA65EF209}.Release|ARM.Build.0 = Release|Any CPU
		{44087DE8-D645-4F7B-A655-20EEA65EF209}.Release|iPhone.ActiveCfg = Release|Any CPU
		{44087DE8-D645-4F7B-A655-20EEA65EF209}.Release|iPhone.Build.0 = Release|Any CPU
		{44087DE8-D645-4F7B-A655-20EEA65EF209}.Release|iPhoneSimulator.ActiveCfg = Release|Any CPU
		{44087DE8-D645-4F7B-A655-20EEA65EF209}.Release|iPhoneSimulator.Build.0 = Release|Any CPU
		{44087DE8-D645-4F7B-A655-20EEA65EF209}.Release|Mixed Platforms.ActiveCfg = Release|Any CPU
		{44087DE8-D645-4F7B-A655-20EEA65EF209}.Release|Mixed Platforms.Build.0 = Release|Any CPU
		{44087DE8-D645-4F7B-A655-20EEA65EF209}.Release|x64.ActiveCfg = Release|Any CPU
		{44087DE8-D645-4F7B-A655-20EEA65EF209}.Release|x64.Build.0 = Release|Any CPU
		{44087DE8-D645-4F7B-A655-20EEA65EF209}.Release|x86.ActiveCfg = Release|Any CPU
		{44087DE8-D645-4F7B-A655-20EEA65EF209}.Release|x86.Build.0 = Release|Any CPU
		{03BD57BD-F8BB-4CE8-922D-18B4A0C55D97}.Ad-Hoc|Any CPU.ActiveCfg = Debug|Any CPU
		{03BD57BD-F8BB-4CE8-922D-18B4A0C55D97}.Ad-Hoc|Any CPU.Build.0 = Debug|Any CPU
		{03BD57BD-F8BB-4CE8-922D-18B4A0C55D97}.Ad-Hoc|ARM.ActiveCfg = Debug|Any CPU
		{03BD57BD-F8BB-4CE8-922D-18B4A0C55D97}.Ad-Hoc|ARM.Build.0 = Debug|Any CPU
		{03BD57BD-F8BB-4CE8-922D-18B4A0C55D97}.Ad-Hoc|iPhone.ActiveCfg = Debug|Any CPU
		{03BD57BD-F8BB-4CE8-922D-18B4A0C55D97}.Ad-Hoc|iPhone.Build.0 = Debug|Any CPU
		{03BD57BD-F8BB-4CE8-922D-18B4A0C55D97}.Ad-Hoc|iPhoneSimulator.ActiveCfg = Debug|Any CPU
		{03BD57BD-F8BB-4CE8-922D-18B4A0C55D97}.Ad-Hoc|iPhoneSimulator.Build.0 = Debug|Any CPU
		{03BD57BD-F8BB-4CE8-922D-18B4A0C55D97}.Ad-Hoc|Mixed Platforms.ActiveCfg = Debug|Any CPU
		{03BD57BD-F8BB-4CE8-922D-18B4A0C55D97}.Ad-Hoc|Mixed Platforms.Build.0 = Debug|Any CPU
		{03BD57BD-F8BB-4CE8-922D-18B4A0C55D97}.Ad-Hoc|x64.ActiveCfg = Debug|Any CPU
		{03BD57BD-F8BB-4CE8-922D-18B4A0C55D97}.Ad-Hoc|x64.Build.0 = Debug|Any CPU
		{03BD57BD-F8BB-4CE8-922D-18B4A0C55D97}.Ad-Hoc|x86.ActiveCfg = Debug|Any CPU
		{03BD57BD-F8BB-4CE8-922D-18B4A0C55D97}.Ad-Hoc|x86.Build.0 = Debug|Any CPU
		{03BD57BD-F8BB-4CE8-922D-18B4A0C55D97}.AppStore|Any CPU.ActiveCfg = Debug|Any CPU
		{03BD57BD-F8BB-4CE8-922D-18B4A0C55D97}.AppStore|Any CPU.Build.0 = Debug|Any CPU
		{03BD57BD-F8BB-4CE8-922D-18B4A0C55D97}.AppStore|ARM.ActiveCfg = Debug|Any CPU
		{03BD57BD-F8BB-4CE8-922D-18B4A0C55D97}.AppStore|ARM.Build.0 = Debug|Any CPU
		{03BD57BD-F8BB-4CE8-922D-18B4A0C55D97}.AppStore|iPhone.ActiveCfg = Debug|Any CPU
		{03BD57BD-F8BB-4CE8-922D-18B4A0C55D97}.AppStore|iPhone.Build.0 = Debug|Any CPU
		{03BD57BD-F8BB-4CE8-922D-18B4A0C55D97}.AppStore|iPhoneSimulator.ActiveCfg = Debug|Any CPU
		{03BD57BD-F8BB-4CE8-922D-18B4A0C55D97}.AppStore|iPhoneSimulator.Build.0 = Debug|Any CPU
		{03BD57BD-F8BB-4CE8-922D-18B4A0C55D97}.AppStore|Mixed Platforms.ActiveCfg = Debug|Any CPU
		{03BD57BD-F8BB-4CE8-922D-18B4A0C55D97}.AppStore|Mixed Platforms.Build.0 = Debug|Any CPU
		{03BD57BD-F8BB-4CE8-922D-18B4A0C55D97}.AppStore|x64.ActiveCfg = Debug|Any CPU
		{03BD57BD-F8BB-4CE8-922D-18B4A0C55D97}.AppStore|x64.Build.0 = Debug|Any CPU
		{03BD57BD-F8BB-4CE8-922D-18B4A0C55D97}.AppStore|x86.ActiveCfg = Debug|Any CPU
		{03BD57BD-F8BB-4CE8-922D-18B4A0C55D97}.AppStore|x86.Build.0 = Debug|Any CPU
		{03BD57BD-F8BB-4CE8-922D-18B4A0C55D97}.Debug|Any CPU.ActiveCfg = Debug|Any CPU
		{03BD57BD-F8BB-4CE8-922D-18B4A0C55D97}.Debug|Any CPU.Build.0 = Debug|Any CPU
		{03BD57BD-F8BB-4CE8-922D-18B4A0C55D97}.Debug|ARM.ActiveCfg = Debug|Any CPU
		{03BD57BD-F8BB-4CE8-922D-18B4A0C55D97}.Debug|ARM.Build.0 = Debug|Any CPU
		{03BD57BD-F8BB-4CE8-922D-18B4A0C55D97}.Debug|iPhone.ActiveCfg = Debug|Any CPU
		{03BD57BD-F8BB-4CE8-922D-18B4A0C55D97}.Debug|iPhone.Build.0 = Debug|Any CPU
		{03BD57BD-F8BB-4CE8-922D-18B4A0C55D97}.Debug|iPhoneSimulator.ActiveCfg = Debug|Any CPU
		{03BD57BD-F8BB-4CE8-922D-18B4A0C55D97}.Debug|iPhoneSimulator.Build.0 = Debug|Any CPU
		{03BD57BD-F8BB-4CE8-922D-18B4A0C55D97}.Debug|Mixed Platforms.ActiveCfg = Debug|Any CPU
		{03BD57BD-F8BB-4CE8-922D-18B4A0C55D97}.Debug|Mixed Platforms.Build.0 = Debug|Any CPU
		{03BD57BD-F8BB-4CE8-922D-18B4A0C55D97}.Debug|x64.ActiveCfg = Debug|Any CPU
		{03BD57BD-F8BB-4CE8-922D-18B4A0C55D97}.Debug|x64.Build.0 = Debug|Any CPU
		{03BD57BD-F8BB-4CE8-922D-18B4A0C55D97}.Debug|x86.ActiveCfg = Debug|Any CPU
		{03BD57BD-F8BB-4CE8-922D-18B4A0C55D97}.Debug|x86.Build.0 = Debug|Any CPU
		{03BD57BD-F8BB-4CE8-922D-18B4A0C55D97}.Release|Any CPU.ActiveCfg = Release|Any CPU
		{03BD57BD-F8BB-4CE8-922D-18B4A0C55D97}.Release|Any CPU.Build.0 = Release|Any CPU
		{03BD57BD-F8BB-4CE8-922D-18B4A0C55D97}.Release|ARM.ActiveCfg = Release|Any CPU
		{03BD57BD-F8BB-4CE8-922D-18B4A0C55D97}.Release|ARM.Build.0 = Release|Any CPU
		{03BD57BD-F8BB-4CE8-922D-18B4A0C55D97}.Release|iPhone.ActiveCfg = Release|Any CPU
		{03BD57BD-F8BB-4CE8-922D-18B4A0C55D97}.Release|iPhone.Build.0 = Release|Any CPU
		{03BD57BD-F8BB-4CE8-922D-18B4A0C55D97}.Release|iPhoneSimulator.ActiveCfg = Release|Any CPU
		{03BD57BD-F8BB-4CE8-922D-18B4A0C55D97}.Release|iPhoneSimulator.Build.0 = Release|Any CPU
		{03BD57BD-F8BB-4CE8-922D-18B4A0C55D97}.Release|Mixed Platforms.ActiveCfg = Release|Any CPU
		{03BD57BD-F8BB-4CE8-922D-18B4A0C55D97}.Release|Mixed Platforms.Build.0 = Release|Any CPU
		{03BD57BD-F8BB-4CE8-922D-18B4A0C55D97}.Release|x64.ActiveCfg = Release|Any CPU
		{03BD57BD-F8BB-4CE8-922D-18B4A0C55D97}.Release|x64.Build.0 = Release|Any CPU
		{03BD57BD-F8BB-4CE8-922D-18B4A0C55D97}.Release|x86.ActiveCfg = Release|Any CPU
		{03BD57BD-F8BB-4CE8-922D-18B4A0C55D97}.Release|x86.Build.0 = Release|Any CPU
		{3B973815-8CEB-49B1-81EA-E1DA53CD4197}.Ad-Hoc|Any CPU.ActiveCfg = Debug|Any CPU
		{3B973815-8CEB-49B1-81EA-E1DA53CD4197}.Ad-Hoc|Any CPU.Build.0 = Debug|Any CPU
		{3B973815-8CEB-49B1-81EA-E1DA53CD4197}.Ad-Hoc|ARM.ActiveCfg = Debug|Any CPU
		{3B973815-8CEB-49B1-81EA-E1DA53CD4197}.Ad-Hoc|ARM.Build.0 = Debug|Any CPU
		{3B973815-8CEB-49B1-81EA-E1DA53CD4197}.Ad-Hoc|iPhone.ActiveCfg = Debug|Any CPU
		{3B973815-8CEB-49B1-81EA-E1DA53CD4197}.Ad-Hoc|iPhone.Build.0 = Debug|Any CPU
		{3B973815-8CEB-49B1-81EA-E1DA53CD4197}.Ad-Hoc|iPhoneSimulator.ActiveCfg = Debug|Any CPU
		{3B973815-8CEB-49B1-81EA-E1DA53CD4197}.Ad-Hoc|iPhoneSimulator.Build.0 = Debug|Any CPU
		{3B973815-8CEB-49B1-81EA-E1DA53CD4197}.Ad-Hoc|Mixed Platforms.ActiveCfg = Debug|Any CPU
		{3B973815-8CEB-49B1-81EA-E1DA53CD4197}.Ad-Hoc|Mixed Platforms.Build.0 = Debug|Any CPU
		{3B973815-8CEB-49B1-81EA-E1DA53CD4197}.Ad-Hoc|x64.ActiveCfg = Debug|Any CPU
		{3B973815-8CEB-49B1-81EA-E1DA53CD4197}.Ad-Hoc|x64.Build.0 = Debug|Any CPU
		{3B973815-8CEB-49B1-81EA-E1DA53CD4197}.Ad-Hoc|x86.ActiveCfg = Debug|Any CPU
		{3B973815-8CEB-49B1-81EA-E1DA53CD4197}.Ad-Hoc|x86.Build.0 = Debug|Any CPU
		{3B973815-8CEB-49B1-81EA-E1DA53CD4197}.AppStore|Any CPU.ActiveCfg = Debug|Any CPU
		{3B973815-8CEB-49B1-81EA-E1DA53CD4197}.AppStore|Any CPU.Build.0 = Debug|Any CPU
		{3B973815-8CEB-49B1-81EA-E1DA53CD4197}.AppStore|ARM.ActiveCfg = Debug|Any CPU
		{3B973815-8CEB-49B1-81EA-E1DA53CD4197}.AppStore|ARM.Build.0 = Debug|Any CPU
		{3B973815-8CEB-49B1-81EA-E1DA53CD4197}.AppStore|iPhone.ActiveCfg = Debug|Any CPU
		{3B973815-8CEB-49B1-81EA-E1DA53CD4197}.AppStore|iPhone.Build.0 = Debug|Any CPU
		{3B973815-8CEB-49B1-81EA-E1DA53CD4197}.AppStore|iPhoneSimulator.ActiveCfg = Debug|Any CPU
		{3B973815-8CEB-49B1-81EA-E1DA53CD4197}.AppStore|iPhoneSimulator.Build.0 = Debug|Any CPU
		{3B973815-8CEB-49B1-81EA-E1DA53CD4197}.AppStore|Mixed Platforms.ActiveCfg = Debug|Any CPU
		{3B973815-8CEB-49B1-81EA-E1DA53CD4197}.AppStore|Mixed Platforms.Build.0 = Debug|Any CPU
		{3B973815-8CEB-49B1-81EA-E1DA53CD4197}.AppStore|x64.ActiveCfg = Debug|Any CPU
		{3B973815-8CEB-49B1-81EA-E1DA53CD4197}.AppStore|x64.Build.0 = Debug|Any CPU
		{3B973815-8CEB-49B1-81EA-E1DA53CD4197}.AppStore|x86.ActiveCfg = Debug|Any CPU
		{3B973815-8CEB-49B1-81EA-E1DA53CD4197}.AppStore|x86.Build.0 = Debug|Any CPU
		{3B973815-8CEB-49B1-81EA-E1DA53CD4197}.Debug|Any CPU.ActiveCfg = Debug|Any CPU
		{3B973815-8CEB-49B1-81EA-E1DA53CD4197}.Debug|Any CPU.Build.0 = Debug|Any CPU
		{3B973815-8CEB-49B1-81EA-E1DA53CD4197}.Debug|ARM.ActiveCfg = Debug|Any CPU
		{3B973815-8CEB-49B1-81EA-E1DA53CD4197}.Debug|ARM.Build.0 = Debug|Any CPU
		{3B973815-8CEB-49B1-81EA-E1DA53CD4197}.Debug|iPhone.ActiveCfg = Debug|Any CPU
		{3B973815-8CEB-49B1-81EA-E1DA53CD4197}.Debug|iPhone.Build.0 = Debug|Any CPU
		{3B973815-8CEB-49B1-81EA-E1DA53CD4197}.Debug|iPhoneSimulator.ActiveCfg = Debug|Any CPU
		{3B973815-8CEB-49B1-81EA-E1DA53CD4197}.Debug|iPhoneSimulator.Build.0 = Debug|Any CPU
		{3B973815-8CEB-49B1-81EA-E1DA53CD4197}.Debug|Mixed Platforms.ActiveCfg = Debug|Any CPU
		{3B973815-8CEB-49B1-81EA-E1DA53CD4197}.Debug|Mixed Platforms.Build.0 = Debug|Any CPU
		{3B973815-8CEB-49B1-81EA-E1DA53CD4197}.Debug|x64.ActiveCfg = Debug|Any CPU
		{3B973815-8CEB-49B1-81EA-E1DA53CD4197}.Debug|x64.Build.0 = Debug|Any CPU
		{3B973815-8CEB-49B1-81EA-E1DA53CD4197}.Debug|x86.ActiveCfg = Debug|Any CPU
		{3B973815-8CEB-49B1-81EA-E1DA53CD4197}.Debug|x86.Build.0 = Debug|Any CPU
		{3B973815-8CEB-49B1-81EA-E1DA53CD4197}.Release|Any CPU.ActiveCfg = Release|Any CPU
		{3B973815-8CEB-49B1-81EA-E1DA53CD4197}.Release|Any CPU.Build.0 = Release|Any CPU
		{3B973815-8CEB-49B1-81EA-E1DA53CD4197}.Release|ARM.ActiveCfg = Release|Any CPU
		{3B973815-8CEB-49B1-81EA-E1DA53CD4197}.Release|ARM.Build.0 = Release|Any CPU
		{3B973815-8CEB-49B1-81EA-E1DA53CD4197}.Release|iPhone.ActiveCfg = Release|Any CPU
		{3B973815-8CEB-49B1-81EA-E1DA53CD4197}.Release|iPhone.Build.0 = Release|Any CPU
		{3B973815-8CEB-49B1-81EA-E1DA53CD4197}.Release|iPhoneSimulator.ActiveCfg = Release|Any CPU
		{3B973815-8CEB-49B1-81EA-E1DA53CD4197}.Release|iPhoneSimulator.Build.0 = Release|Any CPU
		{3B973815-8CEB-49B1-81EA-E1DA53CD4197}.Release|Mixed Platforms.ActiveCfg = Release|Any CPU
		{3B973815-8CEB-49B1-81EA-E1DA53CD4197}.Release|Mixed Platforms.Build.0 = Release|Any CPU
		{3B973815-8CEB-49B1-81EA-E1DA53CD4197}.Release|x64.ActiveCfg = Release|Any CPU
		{3B973815-8CEB-49B1-81EA-E1DA53CD4197}.Release|x64.Build.0 = Release|Any CPU
		{3B973815-8CEB-49B1-81EA-E1DA53CD4197}.Release|x86.ActiveCfg = Release|Any CPU
		{3B973815-8CEB-49B1-81EA-E1DA53CD4197}.Release|x86.Build.0 = Release|Any CPU
		{01B3D7B0-9F6F-4859-961D-C00DA27A4123}.Ad-Hoc|Any CPU.ActiveCfg = Release|Any CPU
		{01B3D7B0-9F6F-4859-961D-C00DA27A4123}.Ad-Hoc|Any CPU.Build.0 = Release|Any CPU
		{01B3D7B0-9F6F-4859-961D-C00DA27A4123}.Ad-Hoc|ARM.ActiveCfg = Release|Any CPU
		{01B3D7B0-9F6F-4859-961D-C00DA27A4123}.Ad-Hoc|ARM.Build.0 = Release|Any CPU
		{01B3D7B0-9F6F-4859-961D-C00DA27A4123}.Ad-Hoc|iPhone.ActiveCfg = Release|Any CPU
		{01B3D7B0-9F6F-4859-961D-C00DA27A4123}.Ad-Hoc|iPhone.Build.0 = Release|Any CPU
		{01B3D7B0-9F6F-4859-961D-C00DA27A4123}.Ad-Hoc|iPhoneSimulator.ActiveCfg = Release|Any CPU
		{01B3D7B0-9F6F-4859-961D-C00DA27A4123}.Ad-Hoc|iPhoneSimulator.Build.0 = Release|Any CPU
		{01B3D7B0-9F6F-4859-961D-C00DA27A4123}.Ad-Hoc|Mixed Platforms.ActiveCfg = Release|Any CPU
		{01B3D7B0-9F6F-4859-961D-C00DA27A4123}.Ad-Hoc|Mixed Platforms.Build.0 = Release|Any CPU
		{01B3D7B0-9F6F-4859-961D-C00DA27A4123}.Ad-Hoc|x64.ActiveCfg = Release|Any CPU
		{01B3D7B0-9F6F-4859-961D-C00DA27A4123}.Ad-Hoc|x64.Build.0 = Release|Any CPU
		{01B3D7B0-9F6F-4859-961D-C00DA27A4123}.Ad-Hoc|x86.ActiveCfg = Release|Any CPU
		{01B3D7B0-9F6F-4859-961D-C00DA27A4123}.Ad-Hoc|x86.Build.0 = Release|Any CPU
		{01B3D7B0-9F6F-4859-961D-C00DA27A4123}.AppStore|Any CPU.ActiveCfg = Release|Any CPU
		{01B3D7B0-9F6F-4859-961D-C00DA27A4123}.AppStore|Any CPU.Build.0 = Release|Any CPU
		{01B3D7B0-9F6F-4859-961D-C00DA27A4123}.AppStore|ARM.ActiveCfg = Release|Any CPU
		{01B3D7B0-9F6F-4859-961D-C00DA27A4123}.AppStore|ARM.Build.0 = Release|Any CPU
		{01B3D7B0-9F6F-4859-961D-C00DA27A4123}.AppStore|iPhone.ActiveCfg = Release|Any CPU
		{01B3D7B0-9F6F-4859-961D-C00DA27A4123}.AppStore|iPhone.Build.0 = Release|Any CPU
		{01B3D7B0-9F6F-4859-961D-C00DA27A4123}.AppStore|iPhoneSimulator.ActiveCfg = Release|Any CPU
		{01B3D7B0-9F6F-4859-961D-C00DA27A4123}.AppStore|iPhoneSimulator.Build.0 = Release|Any CPU
		{01B3D7B0-9F6F-4859-961D-C00DA27A4123}.AppStore|Mixed Platforms.ActiveCfg = Release|Any CPU
		{01B3D7B0-9F6F-4859-961D-C00DA27A4123}.AppStore|Mixed Platforms.Build.0 = Release|Any CPU
		{01B3D7B0-9F6F-4859-961D-C00DA27A4123}.AppStore|x64.ActiveCfg = Release|Any CPU
		{01B3D7B0-9F6F-4859-961D-C00DA27A4123}.AppStore|x64.Build.0 = Release|Any CPU
		{01B3D7B0-9F6F-4859-961D-C00DA27A4123}.AppStore|x86.ActiveCfg = Release|Any CPU
		{01B3D7B0-9F6F-4859-961D-C00DA27A4123}.AppStore|x86.Build.0 = Release|Any CPU
		{01B3D7B0-9F6F-4859-961D-C00DA27A4123}.Debug|Any CPU.ActiveCfg = Debug|Any CPU
		{01B3D7B0-9F6F-4859-961D-C00DA27A4123}.Debug|Any CPU.Build.0 = Debug|Any CPU
		{01B3D7B0-9F6F-4859-961D-C00DA27A4123}.Debug|ARM.ActiveCfg = Debug|Any CPU
		{01B3D7B0-9F6F-4859-961D-C00DA27A4123}.Debug|ARM.Build.0 = Debug|Any CPU
		{01B3D7B0-9F6F-4859-961D-C00DA27A4123}.Debug|iPhone.ActiveCfg = Debug|Any CPU
		{01B3D7B0-9F6F-4859-961D-C00DA27A4123}.Debug|iPhone.Build.0 = Debug|Any CPU
		{01B3D7B0-9F6F-4859-961D-C00DA27A4123}.Debug|iPhoneSimulator.ActiveCfg = Debug|Any CPU
		{01B3D7B0-9F6F-4859-961D-C00DA27A4123}.Debug|iPhoneSimulator.Build.0 = Debug|Any CPU
		{01B3D7B0-9F6F-4859-961D-C00DA27A4123}.Debug|Mixed Platforms.ActiveCfg = Debug|Any CPU
		{01B3D7B0-9F6F-4859-961D-C00DA27A4123}.Debug|Mixed Platforms.Build.0 = Debug|Any CPU
		{01B3D7B0-9F6F-4859-961D-C00DA27A4123}.Debug|x64.ActiveCfg = Debug|Any CPU
		{01B3D7B0-9F6F-4859-961D-C00DA27A4123}.Debug|x64.Build.0 = Debug|Any CPU
		{01B3D7B0-9F6F-4859-961D-C00DA27A4123}.Debug|x86.ActiveCfg = Debug|Any CPU
		{01B3D7B0-9F6F-4859-961D-C00DA27A4123}.Debug|x86.Build.0 = Debug|Any CPU
		{01B3D7B0-9F6F-4859-961D-C00DA27A4123}.Release|Any CPU.ActiveCfg = Release|Any CPU
		{01B3D7B0-9F6F-4859-961D-C00DA27A4123}.Release|Any CPU.Build.0 = Release|Any CPU
		{01B3D7B0-9F6F-4859-961D-C00DA27A4123}.Release|ARM.ActiveCfg = Release|Any CPU
		{01B3D7B0-9F6F-4859-961D-C00DA27A4123}.Release|ARM.Build.0 = Release|Any CPU
		{01B3D7B0-9F6F-4859-961D-C00DA27A4123}.Release|iPhone.ActiveCfg = Release|Any CPU
		{01B3D7B0-9F6F-4859-961D-C00DA27A4123}.Release|iPhone.Build.0 = Release|Any CPU
		{01B3D7B0-9F6F-4859-961D-C00DA27A4123}.Release|iPhoneSimulator.ActiveCfg = Release|Any CPU
		{01B3D7B0-9F6F-4859-961D-C00DA27A4123}.Release|iPhoneSimulator.Build.0 = Release|Any CPU
		{01B3D7B0-9F6F-4859-961D-C00DA27A4123}.Release|Mixed Platforms.ActiveCfg = Release|Any CPU
		{01B3D7B0-9F6F-4859-961D-C00DA27A4123}.Release|Mixed Platforms.Build.0 = Release|Any CPU
		{01B3D7B0-9F6F-4859-961D-C00DA27A4123}.Release|x64.ActiveCfg = Release|Any CPU
		{01B3D7B0-9F6F-4859-961D-C00DA27A4123}.Release|x64.Build.0 = Release|Any CPU
		{01B3D7B0-9F6F-4859-961D-C00DA27A4123}.Release|x86.ActiveCfg = Release|Any CPU
		{01B3D7B0-9F6F-4859-961D-C00DA27A4123}.Release|x86.Build.0 = Release|Any CPU
		{090D4620-B80B-4A6B-A518-80345AD68A41}.Ad-Hoc|Any CPU.ActiveCfg = Release|Any CPU
		{090D4620-B80B-4A6B-A518-80345AD68A41}.Ad-Hoc|Any CPU.Build.0 = Release|Any CPU
		{090D4620-B80B-4A6B-A518-80345AD68A41}.Ad-Hoc|ARM.ActiveCfg = Release|Any CPU
		{090D4620-B80B-4A6B-A518-80345AD68A41}.Ad-Hoc|ARM.Build.0 = Release|Any CPU
		{090D4620-B80B-4A6B-A518-80345AD68A41}.Ad-Hoc|iPhone.ActiveCfg = Release|Any CPU
		{090D4620-B80B-4A6B-A518-80345AD68A41}.Ad-Hoc|iPhone.Build.0 = Release|Any CPU
		{090D4620-B80B-4A6B-A518-80345AD68A41}.Ad-Hoc|iPhoneSimulator.ActiveCfg = Release|Any CPU
		{090D4620-B80B-4A6B-A518-80345AD68A41}.Ad-Hoc|iPhoneSimulator.Build.0 = Release|Any CPU
		{090D4620-B80B-4A6B-A518-80345AD68A41}.Ad-Hoc|Mixed Platforms.ActiveCfg = Release|Any CPU
		{090D4620-B80B-4A6B-A518-80345AD68A41}.Ad-Hoc|Mixed Platforms.Build.0 = Release|Any CPU
		{090D4620-B80B-4A6B-A518-80345AD68A41}.Ad-Hoc|x64.ActiveCfg = Release|Any CPU
		{090D4620-B80B-4A6B-A518-80345AD68A41}.Ad-Hoc|x64.Build.0 = Release|Any CPU
		{090D4620-B80B-4A6B-A518-80345AD68A41}.Ad-Hoc|x86.ActiveCfg = Release|Any CPU
		{090D4620-B80B-4A6B-A518-80345AD68A41}.Ad-Hoc|x86.Build.0 = Release|Any CPU
		{090D4620-B80B-4A6B-A518-80345AD68A41}.AppStore|Any CPU.ActiveCfg = Release|Any CPU
		{090D4620-B80B-4A6B-A518-80345AD68A41}.AppStore|Any CPU.Build.0 = Release|Any CPU
		{090D4620-B80B-4A6B-A518-80345AD68A41}.AppStore|ARM.ActiveCfg = Release|Any CPU
		{090D4620-B80B-4A6B-A518-80345AD68A41}.AppStore|ARM.Build.0 = Release|Any CPU
		{090D4620-B80B-4A6B-A518-80345AD68A41}.AppStore|iPhone.ActiveCfg = Release|Any CPU
		{090D4620-B80B-4A6B-A518-80345AD68A41}.AppStore|iPhone.Build.0 = Release|Any CPU
		{090D4620-B80B-4A6B-A518-80345AD68A41}.AppStore|iPhoneSimulator.ActiveCfg = Release|Any CPU
		{090D4620-B80B-4A6B-A518-80345AD68A41}.AppStore|iPhoneSimulator.Build.0 = Release|Any CPU
		{090D4620-B80B-4A6B-A518-80345AD68A41}.AppStore|Mixed Platforms.ActiveCfg = Release|Any CPU
		{090D4620-B80B-4A6B-A518-80345AD68A41}.AppStore|Mixed Platforms.Build.0 = Release|Any CPU
		{090D4620-B80B-4A6B-A518-80345AD68A41}.AppStore|x64.ActiveCfg = Release|Any CPU
		{090D4620-B80B-4A6B-A518-80345AD68A41}.AppStore|x64.Build.0 = Release|Any CPU
		{090D4620-B80B-4A6B-A518-80345AD68A41}.AppStore|x86.ActiveCfg = Release|Any CPU
		{090D4620-B80B-4A6B-A518-80345AD68A41}.AppStore|x86.Build.0 = Release|Any CPU
		{090D4620-B80B-4A6B-A518-80345AD68A41}.Debug|Any CPU.ActiveCfg = Debug|Any CPU
		{090D4620-B80B-4A6B-A518-80345AD68A41}.Debug|Any CPU.Build.0 = Debug|Any CPU
		{090D4620-B80B-4A6B-A518-80345AD68A41}.Debug|ARM.ActiveCfg = Debug|Any CPU
		{090D4620-B80B-4A6B-A518-80345AD68A41}.Debug|ARM.Build.0 = Debug|Any CPU
		{090D4620-B80B-4A6B-A518-80345AD68A41}.Debug|iPhone.ActiveCfg = Debug|Any CPU
		{090D4620-B80B-4A6B-A518-80345AD68A41}.Debug|iPhone.Build.0 = Debug|Any CPU
		{090D4620-B80B-4A6B-A518-80345AD68A41}.Debug|iPhoneSimulator.ActiveCfg = Debug|Any CPU
		{090D4620-B80B-4A6B-A518-80345AD68A41}.Debug|iPhoneSimulator.Build.0 = Debug|Any CPU
		{090D4620-B80B-4A6B-A518-80345AD68A41}.Debug|Mixed Platforms.ActiveCfg = Debug|Any CPU
		{090D4620-B80B-4A6B-A518-80345AD68A41}.Debug|Mixed Platforms.Build.0 = Debug|Any CPU
		{090D4620-B80B-4A6B-A518-80345AD68A41}.Debug|x64.ActiveCfg = Debug|Any CPU
		{090D4620-B80B-4A6B-A518-80345AD68A41}.Debug|x64.Build.0 = Debug|Any CPU
		{090D4620-B80B-4A6B-A518-80345AD68A41}.Debug|x86.ActiveCfg = Debug|Any CPU
		{090D4620-B80B-4A6B-A518-80345AD68A41}.Debug|x86.Build.0 = Debug|Any CPU
		{090D4620-B80B-4A6B-A518-80345AD68A41}.Release|Any CPU.ActiveCfg = Release|Any CPU
		{090D4620-B80B-4A6B-A518-80345AD68A41}.Release|Any CPU.Build.0 = Release|Any CPU
		{090D4620-B80B-4A6B-A518-80345AD68A41}.Release|ARM.ActiveCfg = Release|Any CPU
		{090D4620-B80B-4A6B-A518-80345AD68A41}.Release|ARM.Build.0 = Release|Any CPU
		{090D4620-B80B-4A6B-A518-80345AD68A41}.Release|iPhone.ActiveCfg = Release|Any CPU
		{090D4620-B80B-4A6B-A518-80345AD68A41}.Release|iPhone.Build.0 = Release|Any CPU
		{090D4620-B80B-4A6B-A518-80345AD68A41}.Release|iPhoneSimulator.ActiveCfg = Release|Any CPU
		{090D4620-B80B-4A6B-A518-80345AD68A41}.Release|iPhoneSimulator.Build.0 = Release|Any CPU
		{090D4620-B80B-4A6B-A518-80345AD68A41}.Release|Mixed Platforms.ActiveCfg = Release|Any CPU
		{090D4620-B80B-4A6B-A518-80345AD68A41}.Release|Mixed Platforms.Build.0 = Release|Any CPU
		{090D4620-B80B-4A6B-A518-80345AD68A41}.Release|x64.ActiveCfg = Release|Any CPU
		{090D4620-B80B-4A6B-A518-80345AD68A41}.Release|x64.Build.0 = Release|Any CPU
		{090D4620-B80B-4A6B-A518-80345AD68A41}.Release|x86.ActiveCfg = Release|Any CPU
		{090D4620-B80B-4A6B-A518-80345AD68A41}.Release|x86.Build.0 = Release|Any CPU
	EndGlobalSection
	GlobalSection(SolutionProperties) = preSolution
		HideSolutionNode = FALSE
	EndGlobalSection
	GlobalSection(NestedProjects) = preSolution
		{2882AEEB-D4CD-4EB9-8A6C-6653B33681F0} = {C10AD1AD-62A7-46DB-87C8-A50459ABAB33}
		{56A56F17-7DE1-4CA1-9617-BF32E971AC84} = {17E9ABF3-B3D1-478A-9342-B67591E5B61F}
		{25A7B55B-93ED-4631-8587-276054F4A321} = {45EDC062-F956-4874-AF36-7C73B2E374D1}
		{D45DEDF0-357D-455C-8189-E3DE0039CB4E} = {45EDC062-F956-4874-AF36-7C73B2E374D1}
		{9AE7DCA3-296B-4338-930B-8FFEF78433F2} = {C10AD1AD-62A7-46DB-87C8-A50459ABAB33}
		{44087DE8-D645-4F7B-A655-20EEA65EF209} = {C10AD1AD-62A7-46DB-87C8-A50459ABAB33}
		{03BD57BD-F8BB-4CE8-922D-18B4A0C55D97} = {E3D0F8BC-839C-4041-BD0A-124E887B30EA}
		{3B973815-8CEB-49B1-81EA-E1DA53CD4197} = {E3D0F8BC-839C-4041-BD0A-124E887B30EA}
		{B302BD77-2E10-4889-876A-2589AA1BDB67} = {C10AD1AD-62A7-46DB-87C8-A50459ABAB33}
		{01B3D7B0-9F6F-4859-961D-C00DA27A4123} = {45EDC062-F956-4874-AF36-7C73B2E374D1}
		{090D4620-B80B-4A6B-A518-80345AD68A41} = {3FAB994D-E91F-4C8E-8D31-F08A172D7E47}
	EndGlobalSection
	GlobalSection(ExtensibilityGlobals) = postSolution
		SolutionGuid = {9A8B13BA-18DA-452C-94A7-B3C3F6492988}
	EndGlobalSection
EndGlobal
