
Microsoft Visual Studio Solution File, Format Version 12.00
# Visual Studio Version 16
VisualStudioVersion = 16.0.29324.140
MinimumVisualStudioVersion = 10.0.40219.1
Project("{2150E333-8FDC-42A3-9474-1A3956D46DE8}") = "Solution Items", "Solution Items", "{3AD9C0E9-EEFA-4F86-89FB-BCFEF4D08E5E}"
	ProjectSection(SolutionItems) = preProject
		..\.editorconfig = ..\.editorconfig
		..\CHANGELOG.md = ..\CHANGELOG.md
		..\nuget\Plugin.nuspec = ..\nuget\Plugin.nuspec
		..\README.md = ..\README.md
	EndProjectSection
EndProject
Project("{FAE04EC0-301F-11D3-BF4B-00C04F79EFBC}") = "Connectivity", "Connectivity\Connectivity.csproj", "{8EEAB557-F067-4387-9F65-89F4F5D63CC7}"
EndProject
Global
	GlobalSection(SolutionConfigurationPlatforms) = preSolution
		Ad-Hoc|Any CPU = Ad-Hoc|Any CPU
		Ad-Hoc|ARM = Ad-Hoc|ARM
		Ad-Hoc|iPhone = Ad-Hoc|iPhone
		Ad-Hoc|iPhoneSimulator = Ad-Hoc|iPhoneSimulator
		Ad-Hoc|Mixed Platforms = Ad-Hoc|Mixed Platforms
		Ad-Hoc|x64 = Ad-Hoc|x64
		Ad-Hoc|x86 = Ad-Hoc|x86
		AppStore|Any CPU = AppStore|Any CPU
		AppStore|ARM = AppStore|ARM
		AppStore|iPhone = AppStore|iPhone
		AppStore|iPhoneSimulator = AppStore|iPhoneSimulator
		AppStore|Mixed Platforms = AppStore|Mixed Platforms
		AppStore|x64 = AppStore|x64
		AppStore|x86 = AppStore|x86
		Debug|Any CPU = Debug|Any CPU
		Debug|ARM = Debug|ARM
		Debug|iPhone = Debug|iPhone
		Debug|iPhoneSimulator = Debug|iPhoneSimulator
		Debug|Mixed Platforms = Debug|Mixed Platforms
		Debug|x64 = Debug|x64
		Debug|x86 = Debug|x86
		Release|Any CPU = Release|Any CPU
		Release|ARM = Release|ARM
		Release|iPhone = Release|iPhone
		Release|iPhoneSimulator = Release|iPhoneSimulator
		Release|Mixed Platforms = Release|Mixed Platforms
		Release|x64 = Release|x64
		Release|x86 = Release|x86
	EndGlobalSection
	GlobalSection(ProjectConfigurationPlatforms) = postSolution
		{8EEAB557-F067-4387-9F65-89F4F5D63CC7}.Ad-Hoc|Any CPU.ActiveCfg = Debug|Any CPU
		{8EEAB557-F067-4387-9F65-89F4F5D63CC7}.Ad-Hoc|Any CPU.Build.0 = Debug|Any CPU
		{8EEAB557-F067-4387-9F65-89F4F5D63CC7}.Ad-Hoc|ARM.ActiveCfg = Debug|Any CPU
		{8EEAB557-F067-4387-9F65-89F4F5D63CC7}.Ad-Hoc|ARM.Build.0 = Debug|Any CPU
		{8EEAB557-F067-4387-9F65-89F4F5D63CC7}.Ad-Hoc|iPhone.ActiveCfg = Debug|Any CPU
		{8EEAB557-F067-4387-9F65-89F4F5D63CC7}.Ad-Hoc|iPhone.Build.0 = Debug|Any CPU
		{8EEAB557-F067-4387-9F65-89F4F5D63CC7}.Ad-Hoc|iPhoneSimulator.ActiveCfg = Debug|Any CPU
		{8EEAB557-F067-4387-9F65-89F4F5D63CC7}.Ad-Hoc|iPhoneSimulator.Build.0 = Debug|Any CPU
		{8EEAB557-F067-4387-9F65-89F4F5D63CC7}.Ad-Hoc|Mixed Platforms.ActiveCfg = Debug|Any CPU
		{8EEAB557-F067-4387-9F65-89F4F5D63CC7}.Ad-Hoc|Mixed Platforms.Build.0 = Debug|Any CPU
		{8EEAB557-F067-4387-9F65-89F4F5D63CC7}.Ad-Hoc|x64.ActiveCfg = Debug|Any CPU
		{8EEAB557-F067-4387-9F65-89F4F5D63CC7}.Ad-Hoc|x64.Build.0 = Debug|Any CPU
		{8EEAB557-F067-4387-9F65-89F4F5D63CC7}.Ad-Hoc|x86.ActiveCfg = Debug|Any CPU
		{8EEAB557-F067-4387-9F65-89F4F5D63CC7}.Ad-Hoc|x86.Build.0 = Debug|Any CPU
		{8EEAB557-F067-4387-9F65-89F4F5D63CC7}.AppStore|Any CPU.ActiveCfg = Debug|Any CPU
		{8EEAB557-F067-4387-9F65-89F4F5D63CC7}.AppStore|Any CPU.Build.0 = Debug|Any CPU
		{8EEAB557-F067-4387-9F65-89F4F5D63CC7}.AppStore|ARM.ActiveCfg = Debug|Any CPU
		{8EEAB557-F067-4387-9F65-89F4F5D63CC7}.AppStore|ARM.Build.0 = Debug|Any CPU
		{8EEAB557-F067-4387-9F65-89F4F5D63CC7}.AppStore|iPhone.ActiveCfg = Debug|Any CPU
		{8EEAB557-F067-4387-9F65-89F4F5D63CC7}.AppStore|iPhone.Build.0 = Debug|Any CPU
		{8EEAB557-F067-4387-9F65-89F4F5D63CC7}.AppStore|iPhoneSimulator.ActiveCfg = Debug|Any CPU
		{8EEAB557-F067-4387-9F65-89F4F5D63CC7}.AppStore|iPhoneSimulator.Build.0 = Debug|Any CPU
		{8EEAB557-F067-4387-9F65-89F4F5D63CC7}.AppStore|Mixed Platforms.ActiveCfg = Debug|Any CPU
		{8EEAB557-F067-4387-9F65-89F4F5D63CC7}.AppStore|Mixed Platforms.Build.0 = Debug|Any CPU
		{8EEAB557-F067-4387-9F65-89F4F5D63CC7}.AppStore|x64.ActiveCfg = Debug|Any CPU
		{8EEAB557-F067-4387-9F65-89F4F5D63CC7}.AppStore|x64.Build.0 = Debug|Any CPU
		{8EEAB557-F067-4387-9F65-89F4F5D63CC7}.AppStore|x86.ActiveCfg = Debug|Any CPU
		{8EEAB557-F067-4387-9F65-89F4F5D63CC7}.AppStore|x86.Build.0 = Debug|Any CPU
		{8EEAB557-F067-4387-9F65-89F4F5D63CC7}.Debug|Any CPU.ActiveCfg = Debug|Any CPU
		{8EEAB557-F067-4387-9F65-89F4F5D63CC7}.Debug|Any CPU.Build.0 = Debug|Any CPU
		{8EEAB557-F067-4387-9F65-89F4F5D63CC7}.Debug|ARM.ActiveCfg = Debug|Any CPU
		{8EEAB557-F067-4387-9F65-89F4F5D63CC7}.Debug|ARM.Build.0 = Debug|Any CPU
		{8EEAB557-F067-4387-9F65-89F4F5D63CC7}.Debug|iPhone.ActiveCfg = Debug|Any CPU
		{8EEAB557-F067-4387-9F65-89F4F5D63CC7}.Debug|iPhone.Build.0 = Debug|Any CPU
		{8EEAB557-F067-4387-9F65-89F4F5D63CC7}.Debug|iPhoneSimulator.ActiveCfg = Debug|Any CPU
		{8EEAB557-F067-4387-9F65-89F4F5D63CC7}.Debug|iPhoneSimulator.Build.0 = Debug|Any CPU
		{8EEAB557-F067-4387-9F65-89F4F5D63CC7}.Debug|Mixed Platforms.ActiveCfg = Debug|Any CPU
		{8EEAB557-F067-4387-9F65-89F4F5D63CC7}.Debug|Mixed Platforms.Build.0 = Debug|Any CPU
		{8EEAB557-F067-4387-9F65-89F4F5D63CC7}.Debug|x64.ActiveCfg = Debug|Any CPU
		{8EEAB557-F067-4387-9F65-89F4F5D63CC7}.Debug|x64.Build.0 = Debug|Any CPU
		{8EEAB557-F067-4387-9F65-89F4F5D63CC7}.Debug|x86.ActiveCfg = Debug|Any CPU
		{8EEAB557-F067-4387-9F65-89F4F5D63CC7}.Debug|x86.Build.0 = Debug|Any CPU
		{8EEAB557-F067-4387-9F65-89F4F5D63CC7}.Release|Any CPU.ActiveCfg = Release|Any CPU
		{8EEAB557-F067-4387-9F65-89F4F5D63CC7}.Release|Any CPU.Build.0 = Release|Any CPU
		{8EEAB557-F067-4387-9F65-89F4F5D63CC7}.Release|ARM.ActiveCfg = Release|Any CPU
		{8EEAB557-F067-4387-9F65-89F4F5D63CC7}.Release|ARM.Build.0 = Release|Any CPU
		{8EEAB557-F067-4387-9F65-89F4F5D63CC7}.Release|iPhone.ActiveCfg = Release|Any CPU
		{8EEAB557-F067-4387-9F65-89F4F5D63CC7}.Release|iPhone.Build.0 = Release|Any CPU
		{8EEAB557-F067-4387-9F65-89F4F5D63CC7}.Release|iPhoneSimulator.ActiveCfg = Release|Any CPU
		{8EEAB557-F067-4387-9F65-89F4F5D63CC7}.Release|iPhoneSimulator.Build.0 = Release|Any CPU
		{8EEAB557-F067-4387-9F65-89F4F5D63CC7}.Release|Mixed Platforms.ActiveCfg = Release|Any CPU
		{8EEAB557-F067-4387-9F65-89F4F5D63CC7}.Release|Mixed Platforms.Build.0 = Release|Any CPU
		{8EEAB557-F067-4387-9F65-89F4F5D63CC7}.Release|x64.ActiveCfg = Release|Any CPU
		{8EEAB557-F067-4387-9F65-89F4F5D63CC7}.Release|x64.Build.0 = Release|Any CPU
		{8EEAB557-F067-4387-9F65-89F4F5D63CC7}.Release|x86.ActiveCfg = Release|Any CPU
		{8EEAB557-F067-4387-9F65-89F4F5D63CC7}.Release|x86.Build.0 = Release|Any CPU
	EndGlobalSection
	GlobalSection(SolutionProperties) = preSolution
		HideSolutionNode = FALSE
	EndGlobalSection
	GlobalSection(ExtensibilityGlobals) = postSolution
		SolutionGuid = {9A8B13BA-18DA-452C-94A7-B3C3F6492988}
	EndGlobalSection
EndGlobal
